
Microsoft Visual Studio Solution File, Format Version 12.00
# Visual Studio Version 17
VisualStudioVersion = 17.0.31903.59
MinimumVisualStudioVersion = 10.0.40219.1
Project("{2150E333-8FDC-42A3-9474-1A3956D46DE8}") = "General", "General", "{F62A1F54-8B3F-A229-359C-38C30772E0B0}"
EndProject
Project("{FAE04EC0-301F-11D3-BF4B-00C04F79EFBC}") = "Plan", "General\Plan\Plan.csproj", "{171BAE47-88F2-418F-974C-4DEBCF355F12}"
EndProject
Project("{2150E333-8FDC-42A3-9474-1A3956D46DE8}") = "2. Entity Framework Introduction", "2. Entity Framework Introduction", "{79AA2288-50AE-37F1-EBDE-D0C3C226B8A0}"
EndProject
Project("{FAE04EC0-301F-11D3-BF4B-00C04F79EFBC}") = "SoftUni", "2. Entity Framework Introduction\SoftUniDatabase\SoftUni.csproj", "{DEA5A8A7-492F-4D88-BF95-365FCD9BD6CA}"
EndProject
Project("{2150E333-8FDC-42A3-9474-1A3956D46DE8}") = "3. Entity Relations", "3. Entity Relations", "{D2E76749-7969-09D8-FA22-74FF8C3C6F75}"
EndProject
Project("{2150E333-8FDC-42A3-9474-1A3956D46DE8}") = "FootballBookmakerSystem", "FootballBookmakerSystem", "{0597E8B7-200C-053B-451D-F71C7691098C}"
EndProject
Project("{FAE04EC0-301F-11D3-BF4B-00C04F79EFBC}") = "P02_FootballBetting", "3. Entity Relations\FootballBookmakerSystem\P02_FootballBetting\P02_FootballBetting.csproj", "{89EAD990-E720-4B1F-B363-44B5CB96B689}"
EndProject
Project("{FAE04EC0-301F-11D3-BF4B-00C04F79EFBC}") = "P02_FootballBetting.Data", "3. Entity Relations\FootballBookmakerSystem\P02_FootballBetting.Data\P02_FootballBetting.Data.csproj", "{1DCBD91B-D52D-43BA-B106-70B851F90740}"
EndProject
Project("{FAE04EC0-301F-11D3-BF4B-00C04F79EFBC}") = "P02_FootballBetting.Data.Models", "3. Entity Relations\FootballBookmakerSystem\P02_FootballBetting.Data.Models\P02_FootballBetting.Data.Models.csproj", "{F84918D2-C1D5-46ED-A9AF-830BDF665585}"
EndProject
Project("{2150E333-8FDC-42A3-9474-1A3956D46DE8}") = "StudentSystem", "StudentSystem", "{AA59A80A-226B-79B0-E69D-DCA7CC496BA6}"
EndProject
Project("{FAE04EC0-301F-11D3-BF4B-00C04F79EFBC}") = "P01_StudentSystem", "3. Entity Relations\StudentSystem\P01_StudentSystem\P01_StudentSystem.csproj", "{22FB220B-D5B5-4A59-8160-44BFF2C68205}"
EndProject
Project("{FAE04EC0-301F-11D3-BF4B-00C04F79EFBC}") = "P01_StudentSystem.Data", "3. Entity Relations\StudentSystem\P01_StudentSystem.Data\P01_StudentSystem.Data.csproj", "{9A634FEF-6064-434D-A2D5-627254D3A621}"
EndProject
Project("{FAE04EC0-301F-11D3-BF4B-00C04F79EFBC}") = "P01_StudentSystem.Data.Models", "3. Entity Relations\StudentSystem\P01_StudentSystem.Data.Models\P01_StudentSystem.Data.Models.csproj", "{50395987-EF67-46D7-9F2F-12ED4385B202}"
EndProject
Project("{2150E333-8FDC-42A3-9474-1A3956D46DE8}") = "4. LINQ", "4. LINQ", "{856AC029-B4EB-E75F-7F1A-1B8FAB4EAFF6}"
EndProject
Project("{FAE04EC0-301F-11D3-BF4B-00C04F79EFBC}") = "MusicHub", "4. LINQ\MusicHub\MusicHub.csproj", "{8ED138AD-CDD4-4E9A-8900-7578B861E059}"
EndProject
Project("{2150E333-8FDC-42A3-9474-1A3956D46DE8}") = "5. Advanced Querying", "5. Advanced Querying", "{19B22927-18E6-D336-B191-A51566BF58AE}"
EndProject
Project("{FAE04EC0-301F-11D3-BF4B-00C04F79EFBC}") = "BookShop", "5. Advanced Querying\BookShop\BookShop.csproj", "{FD56F117-3072-4B92-A66C-EE7E8B5DE211}"
EndProject
Project("{FAE04EC0-301F-11D3-BF4B-00C04F79EFBC}") = "BookShop.Data", "5. Advanced Querying\BookShop.Data\BookShop.Data.csproj", "{254D5635-9F1D-4560-9707-807AE921E1C6}"
EndProject
Project("{FAE04EC0-301F-11D3-BF4B-00C04F79EFBC}") = "BookShop.Models", "5. Advanced Querying\BookShop.Models\BookShop.Models.csproj", "{F6FD63D3-C87E-47CF-AD95-E729396461B5}"
EndProject
Project("{FAE04EC0-301F-11D3-BF4B-00C04F79EFBC}") = "BookShop.Initializer", "5. Advanced Querying\BookShop.Initializer\BookShop.Initializer.csproj", "{CF93219B-4437-4B5E-957E-6E251AE6DC2A}"
EndProject
Project("{2150E333-8FDC-42A3-9474-1A3956D46DE8}") = "7. JSON Processing", "7. JSON Processing", "{0BCC4E5E-338A-BF9B-FB08-85CC846BF8EC}"
EndProject
Project("{FAE04EC0-301F-11D3-BF4B-00C04F79EFBC}") = "ProductShop", "7. JSON Processing\ProductShop\ProductShop.csproj", "{43C8A4C7-E2E2-479A-8138-92AA01777556}"
EndProject
Project("{FAE04EC0-301F-11D3-BF4B-00C04F79EFBC}") = "CarDealer", "7. JSON Processing\CarDealer\CarDealer.csproj", "{F3F60F60-AEBA-4DBF-A674-C5BA15A4D0A7}"
EndProject
Global
	GlobalSection(SolutionConfigurationPlatforms) = preSolution
		Debug|Any CPU = Debug|Any CPU
		Debug|x64 = Debug|x64
		Debug|x86 = Debug|x86
		Release|Any CPU = Release|Any CPU
		Release|x64 = Release|x64
		Release|x86 = Release|x86
	EndGlobalSection
	GlobalSection(ProjectConfigurationPlatforms) = postSolution
		{171BAE47-88F2-418F-974C-4DEBCF355F12}.Debug|Any CPU.ActiveCfg = Debug|Any CPU
		{171BAE47-88F2-418F-974C-4DEBCF355F12}.Debug|Any CPU.Build.0 = Debug|Any CPU
		{171BAE47-88F2-418F-974C-4DEBCF355F12}.Debug|x64.ActiveCfg = Debug|Any CPU
		{171BAE47-88F2-418F-974C-4DEBCF355F12}.Debug|x64.Build.0 = Debug|Any CPU
		{171BAE47-88F2-418F-974C-4DEBCF355F12}.Debug|x86.ActiveCfg = Debug|Any CPU
		{171BAE47-88F2-418F-974C-4DEBCF355F12}.Debug|x86.Build.0 = Debug|Any CPU
		{171BAE47-88F2-418F-974C-4DEBCF355F12}.Release|Any CPU.ActiveCfg = Release|Any CPU
		{171BAE47-88F2-418F-974C-4DEBCF355F12}.Release|Any CPU.Build.0 = Release|Any CPU
		{171BAE47-88F2-418F-974C-4DEBCF355F12}.Release|x64.ActiveCfg = Release|Any CPU
		{171BAE47-88F2-418F-974C-4DEBCF355F12}.Release|x64.Build.0 = Release|Any CPU
		{171BAE47-88F2-418F-974C-4DEBCF355F12}.Release|x86.ActiveCfg = Release|Any CPU
		{171BAE47-88F2-418F-974C-4DEBCF355F12}.Release|x86.Build.0 = Release|Any CPU
		{DEA5A8A7-492F-4D88-BF95-365FCD9BD6CA}.Debug|Any CPU.ActiveCfg = Debug|Any CPU
		{DEA5A8A7-492F-4D88-BF95-365FCD9BD6CA}.Debug|Any CPU.Build.0 = Debug|Any CPU
		{DEA5A8A7-492F-4D88-BF95-365FCD9BD6CA}.Debug|x64.ActiveCfg = Debug|Any CPU
		{DEA5A8A7-492F-4D88-BF95-365FCD9BD6CA}.Debug|x64.Build.0 = Debug|Any CPU
		{DEA5A8A7-492F-4D88-BF95-365FCD9BD6CA}.Debug|x86.ActiveCfg = Debug|Any CPU
		{DEA5A8A7-492F-4D88-BF95-365FCD9BD6CA}.Debug|x86.Build.0 = Debug|Any CPU
		{DEA5A8A7-492F-4D88-BF95-365FCD9BD6CA}.Release|Any CPU.ActiveCfg = Release|Any CPU
		{DEA5A8A7-492F-4D88-BF95-365FCD9BD6CA}.Release|Any CPU.Build.0 = Release|Any CPU
		{DEA5A8A7-492F-4D88-BF95-365FCD9BD6CA}.Release|x64.ActiveCfg = Release|Any CPU
		{DEA5A8A7-492F-4D88-BF95-365FCD9BD6CA}.Release|x64.Build.0 = Release|Any CPU
		{DEA5A8A7-492F-4D88-BF95-365FCD9BD6CA}.Release|x86.ActiveCfg = Release|Any CPU
		{DEA5A8A7-492F-4D88-BF95-365FCD9BD6CA}.Release|x86.Build.0 = Release|Any CPU
		{89EAD990-E720-4B1F-B363-44B5CB96B689}.Debug|Any CPU.ActiveCfg = Debug|Any CPU
		{89EAD990-E720-4B1F-B363-44B5CB96B689}.Debug|Any CPU.Build.0 = Debug|Any CPU
		{89EAD990-E720-4B1F-B363-44B5CB96B689}.Debug|x64.ActiveCfg = Debug|Any CPU
		{89EAD990-E720-4B1F-B363-44B5CB96B689}.Debug|x64.Build.0 = Debug|Any CPU
		{89EAD990-E720-4B1F-B363-44B5CB96B689}.Debug|x86.ActiveCfg = Debug|Any CPU
		{89EAD990-E720-4B1F-B363-44B5CB96B689}.Debug|x86.Build.0 = Debug|Any CPU
		{89EAD990-E720-4B1F-B363-44B5CB96B689}.Release|Any CPU.ActiveCfg = Release|Any CPU
		{89EAD990-E720-4B1F-B363-44B5CB96B689}.Release|Any CPU.Build.0 = Release|Any CPU
		{89EAD990-E720-4B1F-B363-44B5CB96B689}.Release|x64.ActiveCfg = Release|Any CPU
		{89EAD990-E720-4B1F-B363-44B5CB96B689}.Release|x64.Build.0 = Release|Any CPU
		{89EAD990-E720-4B1F-B363-44B5CB96B689}.Release|x86.ActiveCfg = Release|Any CPU
		{89EAD990-E720-4B1F-B363-44B5CB96B689}.Release|x86.Build.0 = Release|Any CPU
		{1DCBD91B-D52D-43BA-B106-70B851F90740}.Debug|Any CPU.ActiveCfg = Debug|Any CPU
		{1DCBD91B-D52D-43BA-B106-70B851F90740}.Debug|Any CPU.Build.0 = Debug|Any CPU
		{1DCBD91B-D52D-43BA-B106-70B851F90740}.Debug|x64.ActiveCfg = Debug|Any CPU
		{1DCBD91B-D52D-43BA-B106-70B851F90740}.Debug|x64.Build.0 = Debug|Any CPU
		{1DCBD91B-D52D-43BA-B106-70B851F90740}.Debug|x86.ActiveCfg = Debug|Any CPU
		{1DCBD91B-D52D-43BA-B106-70B851F90740}.Debug|x86.Build.0 = Debug|Any CPU
		{1DCBD91B-D52D-43BA-B106-70B851F90740}.Release|Any CPU.ActiveCfg = Release|Any CPU
		{1DCBD91B-D52D-43BA-B106-70B851F90740}.Release|Any CPU.Build.0 = Release|Any CPU
		{1DCBD91B-D52D-43BA-B106-70B851F90740}.Release|x64.ActiveCfg = Release|Any CPU
		{1DCBD91B-D52D-43BA-B106-70B851F90740}.Release|x64.Build.0 = Release|Any CPU
		{1DCBD91B-D52D-43BA-B106-70B851F90740}.Release|x86.ActiveCfg = Release|Any CPU
		{1DCBD91B-D52D-43BA-B106-70B851F90740}.Release|x86.Build.0 = Release|Any CPU
		{F84918D2-C1D5-46ED-A9AF-830BDF665585}.Debug|Any CPU.ActiveCfg = Debug|Any CPU
		{F84918D2-C1D5-46ED-A9AF-830BDF665585}.Debug|Any CPU.Build.0 = Debug|Any CPU
		{F84918D2-C1D5-46ED-A9AF-830BDF665585}.Debug|x64.ActiveCfg = Debug|Any CPU
		{F84918D2-C1D5-46ED-A9AF-830BDF665585}.Debug|x64.Build.0 = Debug|Any CPU
		{F84918D2-C1D5-46ED-A9AF-830BDF665585}.Debug|x86.ActiveCfg = Debug|Any CPU
		{F84918D2-C1D5-46ED-A9AF-830BDF665585}.Debug|x86.Build.0 = Debug|Any CPU
		{F84918D2-C1D5-46ED-A9AF-830BDF665585}.Release|Any CPU.ActiveCfg = Release|Any CPU
		{F84918D2-C1D5-46ED-A9AF-830BDF665585}.Release|Any CPU.Build.0 = Release|Any CPU
		{F84918D2-C1D5-46ED-A9AF-830BDF665585}.Release|x64.ActiveCfg = Release|Any CPU
		{F84918D2-C1D5-46ED-A9AF-830BDF665585}.Release|x64.Build.0 = Release|Any CPU
		{F84918D2-C1D5-46ED-A9AF-830BDF665585}.Release|x86.ActiveCfg = Release|Any CPU
		{F84918D2-C1D5-46ED-A9AF-830BDF665585}.Release|x86.Build.0 = Release|Any CPU
		{22FB220B-D5B5-4A59-8160-44BFF2C68205}.Debug|Any CPU.ActiveCfg = Debug|Any CPU
		{22FB220B-D5B5-4A59-8160-44BFF2C68205}.Debug|Any CPU.Build.0 = Debug|Any CPU
		{22FB220B-D5B5-4A59-8160-44BFF2C68205}.Debug|x64.ActiveCfg = Debug|Any CPU
		{22FB220B-D5B5-4A59-8160-44BFF2C68205}.Debug|x64.Build.0 = Debug|Any CPU
		{22FB220B-D5B5-4A59-8160-44BFF2C68205}.Debug|x86.ActiveCfg = Debug|Any CPU
		{22FB220B-D5B5-4A59-8160-44BFF2C68205}.Debug|x86.Build.0 = Debug|Any CPU
		{22FB220B-D5B5-4A59-8160-44BFF2C68205}.Release|Any CPU.ActiveCfg = Release|Any CPU
		{22FB220B-D5B5-4A59-8160-44BFF2C68205}.Release|Any CPU.Build.0 = Release|Any CPU
		{22FB220B-D5B5-4A59-8160-44BFF2C68205}.Release|x64.ActiveCfg = Release|Any CPU
		{22FB220B-D5B5-4A59-8160-44BFF2C68205}.Release|x64.Build.0 = Release|Any CPU
		{22FB220B-D5B5-4A59-8160-44BFF2C68205}.Release|x86.ActiveCfg = Release|Any CPU
		{22FB220B-D5B5-4A59-8160-44BFF2C68205}.Release|x86.Build.0 = Release|Any CPU
		{9A634FEF-6064-434D-A2D5-627254D3A621}.Debug|Any CPU.ActiveCfg = Debug|Any CPU
		{9A634FEF-6064-434D-A2D5-627254D3A621}.Debug|Any CPU.Build.0 = Debug|Any CPU
		{9A634FEF-6064-434D-A2D5-627254D3A621}.Debug|x64.ActiveCfg = Debug|Any CPU
		{9A634FEF-6064-434D-A2D5-627254D3A621}.Debug|x64.Build.0 = Debug|Any CPU
		{9A634FEF-6064-434D-A2D5-627254D3A621}.Debug|x86.ActiveCfg = Debug|Any CPU
		{9A634FEF-6064-434D-A2D5-627254D3A621}.Debug|x86.Build.0 = Debug|Any CPU
		{9A634FEF-6064-434D-A2D5-627254D3A621}.Release|Any CPU.ActiveCfg = Release|Any CPU
		{9A634FEF-6064-434D-A2D5-627254D3A621}.Release|Any CPU.Build.0 = Release|Any CPU
		{9A634FEF-6064-434D-A2D5-627254D3A621}.Release|x64.ActiveCfg = Release|Any CPU
		{9A634FEF-6064-434D-A2D5-627254D3A621}.Release|x64.Build.0 = Release|Any CPU
		{9A634FEF-6064-434D-A2D5-627254D3A621}.Release|x86.ActiveCfg = Release|Any CPU
		{9A634FEF-6064-434D-A2D5-627254D3A621}.Release|x86.Build.0 = Release|Any CPU
		{50395987-EF67-46D7-9F2F-12ED4385B202}.Debug|Any CPU.ActiveCfg = Debug|Any CPU
		{50395987-EF67-46D7-9F2F-12ED4385B202}.Debug|Any CPU.Build.0 = Debug|Any CPU
		{50395987-EF67-46D7-9F2F-12ED4385B202}.Debug|x64.ActiveCfg = Debug|Any CPU
		{50395987-EF67-46D7-9F2F-12ED4385B202}.Debug|x64.Build.0 = Debug|Any CPU
		{50395987-EF67-46D7-9F2F-12ED4385B202}.Debug|x86.ActiveCfg = Debug|Any CPU
		{50395987-EF67-46D7-9F2F-12ED4385B202}.Debug|x86.Build.0 = Debug|Any CPU
		{50395987-EF67-46D7-9F2F-12ED4385B202}.Release|Any CPU.ActiveCfg = Release|Any CPU
		{50395987-EF67-46D7-9F2F-12ED4385B202}.Release|Any CPU.Build.0 = Release|Any CPU
		{50395987-EF67-46D7-9F2F-12ED4385B202}.Release|x64.ActiveCfg = Release|Any CPU
		{50395987-EF67-46D7-9F2F-12ED4385B202}.Release|x64.Build.0 = Release|Any CPU
		{50395987-EF67-46D7-9F2F-12ED4385B202}.Release|x86.ActiveCfg = Release|Any CPU
		{50395987-EF67-46D7-9F2F-12ED4385B202}.Release|x86.Build.0 = Release|Any CPU
		{8ED138AD-CDD4-4E9A-8900-7578B861E059}.Debug|Any CPU.ActiveCfg = Debug|Any CPU
		{8ED138AD-CDD4-4E9A-8900-7578B861E059}.Debug|Any CPU.Build.0 = Debug|Any CPU
		{8ED138AD-CDD4-4E9A-8900-7578B861E059}.Debug|x64.ActiveCfg = Debug|Any CPU
		{8ED138AD-CDD4-4E9A-8900-7578B861E059}.Debug|x64.Build.0 = Debug|Any CPU
		{8ED138AD-CDD4-4E9A-8900-7578B861E059}.Debug|x86.ActiveCfg = Debug|Any CPU
		{8ED138AD-CDD4-4E9A-8900-7578B861E059}.Debug|x86.Build.0 = Debug|Any CPU
		{8ED138AD-CDD4-4E9A-8900-7578B861E059}.Release|Any CPU.ActiveCfg = Release|Any CPU
		{8ED138AD-CDD4-4E9A-8900-7578B861E059}.Release|Any CPU.Build.0 = Release|Any CPU
		{8ED138AD-CDD4-4E9A-8900-7578B861E059}.Release|x64.ActiveCfg = Release|Any CPU
		{8ED138AD-CDD4-4E9A-8900-7578B861E059}.Release|x64.Build.0 = Release|Any CPU
		{8ED138AD-CDD4-4E9A-8900-7578B861E059}.Release|x86.ActiveCfg = Release|Any CPU
		{8ED138AD-CDD4-4E9A-8900-7578B861E059}.Release|x86.Build.0 = Release|Any CPU
		{FD56F117-3072-4B92-A66C-EE7E8B5DE211}.Debug|Any CPU.ActiveCfg = Debug|Any CPU
		{FD56F117-3072-4B92-A66C-EE7E8B5DE211}.Debug|Any CPU.Build.0 = Debug|Any CPU
		{FD56F117-3072-4B92-A66C-EE7E8B5DE211}.Debug|x64.ActiveCfg = Debug|Any CPU
		{FD56F117-3072-4B92-A66C-EE7E8B5DE211}.Debug|x64.Build.0 = Debug|Any CPU
		{FD56F117-3072-4B92-A66C-EE7E8B5DE211}.Debug|x86.ActiveCfg = Debug|Any CPU
		{FD56F117-3072-4B92-A66C-EE7E8B5DE211}.Debug|x86.Build.0 = Debug|Any CPU
		{FD56F117-3072-4B92-A66C-EE7E8B5DE211}.Release|Any CPU.ActiveCfg = Release|Any CPU
		{FD56F117-3072-4B92-A66C-EE7E8B5DE211}.Release|Any CPU.Build.0 = Release|Any CPU
		{FD56F117-3072-4B92-A66C-EE7E8B5DE211}.Release|x64.ActiveCfg = Release|Any CPU
		{FD56F117-3072-4B92-A66C-EE7E8B5DE211}.Release|x64.Build.0 = Release|Any CPU
		{FD56F117-3072-4B92-A66C-EE7E8B5DE211}.Release|x86.ActiveCfg = Release|Any CPU
		{FD56F117-3072-4B92-A66C-EE7E8B5DE211}.Release|x86.Build.0 = Release|Any CPU
		{254D5635-9F1D-4560-9707-807AE921E1C6}.Debug|Any CPU.ActiveCfg = Debug|Any CPU
		{254D5635-9F1D-4560-9707-807AE921E1C6}.Debug|Any CPU.Build.0 = Debug|Any CPU
		{254D5635-9F1D-4560-9707-807AE921E1C6}.Debug|x64.ActiveCfg = Debug|Any CPU
		{254D5635-9F1D-4560-9707-807AE921E1C6}.Debug|x64.Build.0 = Debug|Any CPU
		{254D5635-9F1D-4560-9707-807AE921E1C6}.Debug|x86.ActiveCfg = Debug|Any CPU
		{254D5635-9F1D-4560-9707-807AE921E1C6}.Debug|x86.Build.0 = Debug|Any CPU
		{254D5635-9F1D-4560-9707-807AE921E1C6}.Release|Any CPU.ActiveCfg = Release|Any CPU
		{254D5635-9F1D-4560-9707-807AE921E1C6}.Release|Any CPU.Build.0 = Release|Any CPU
		{254D5635-9F1D-4560-9707-807AE921E1C6}.Release|x64.ActiveCfg = Release|Any CPU
		{254D5635-9F1D-4560-9707-807AE921E1C6}.Release|x64.Build.0 = Release|Any CPU
		{254D5635-9F1D-4560-9707-807AE921E1C6}.Release|x86.ActiveCfg = Release|Any CPU
		{254D5635-9F1D-4560-9707-807AE921E1C6}.Release|x86.Build.0 = Release|Any CPU
		{F6FD63D3-C87E-47CF-AD95-E729396461B5}.Debug|Any CPU.ActiveCfg = Debug|Any CPU
		{F6FD63D3-C87E-47CF-AD95-E729396461B5}.Debug|Any CPU.Build.0 = Debug|Any CPU
		{F6FD63D3-C87E-47CF-AD95-E729396461B5}.Debug|x64.ActiveCfg = Debug|Any CPU
		{F6FD63D3-C87E-47CF-AD95-E729396461B5}.Debug|x64.Build.0 = Debug|Any CPU
		{F6FD63D3-C87E-47CF-AD95-E729396461B5}.Debug|x86.ActiveCfg = Debug|Any CPU
		{F6FD63D3-C87E-47CF-AD95-E729396461B5}.Debug|x86.Build.0 = Debug|Any CPU
		{F6FD63D3-C87E-47CF-AD95-E729396461B5}.Release|Any CPU.ActiveCfg = Release|Any CPU
		{F6FD63D3-C87E-47CF-AD95-E729396461B5}.Release|Any CPU.Build.0 = Release|Any CPU
		{F6FD63D3-C87E-47CF-AD95-E729396461B5}.Release|x64.ActiveCfg = Release|Any CPU
		{F6FD63D3-C87E-47CF-AD95-E729396461B5}.Release|x64.Build.0 = Release|Any CPU
		{F6FD63D3-C87E-47CF-AD95-E729396461B5}.Release|x86.ActiveCfg = Release|Any CPU
		{F6FD63D3-C87E-47CF-AD95-E729396461B5}.Release|x86.Build.0 = Release|Any CPU
		{CF93219B-4437-4B5E-957E-6E251AE6DC2A}.Debug|Any CPU.ActiveCfg = Debug|Any CPU
		{CF93219B-4437-4B5E-957E-6E251AE6DC2A}.Debug|Any CPU.Build.0 = Debug|Any CPU
		{CF93219B-4437-4B5E-957E-6E251AE6DC2A}.Debug|x64.ActiveCfg = Debug|Any CPU
		{CF93219B-4437-4B5E-957E-6E251AE6DC2A}.Debug|x64.Build.0 = Debug|Any CPU
		{CF93219B-4437-4B5E-957E-6E251AE6DC2A}.Debug|x86.ActiveCfg = Debug|Any CPU
		{CF93219B-4437-4B5E-957E-6E251AE6DC2A}.Debug|x86.Build.0 = Debug|Any CPU
		{CF93219B-4437-4B5E-957E-6E251AE6DC2A}.Release|Any CPU.ActiveCfg = Release|Any CPU
		{CF93219B-4437-4B5E-957E-6E251AE6DC2A}.Release|Any CPU.Build.0 = Release|Any CPU
		{CF93219B-4437-4B5E-957E-6E251AE6DC2A}.Release|x64.ActiveCfg = Release|Any CPU
		{CF93219B-4437-4B5E-957E-6E251AE6DC2A}.Release|x64.Build.0 = Release|Any CPU
		{CF93219B-4437-4B5E-957E-6E251AE6DC2A}.Release|x86.ActiveCfg = Release|Any CPU
		{CF93219B-4437-4B5E-957E-6E251AE6DC2A}.Release|x86.Build.0 = Release|Any CPU
		{43C8A4C7-E2E2-479A-8138-92AA01777556}.Debug|Any CPU.ActiveCfg = Debug|Any CPU
		{43C8A4C7-E2E2-479A-8138-92AA01777556}.Debug|Any CPU.Build.0 = Debug|Any CPU
		{43C8A4C7-E2E2-479A-8138-92AA01777556}.Debug|x64.ActiveCfg = Debug|Any CPU
		{43C8A4C7-E2E2-479A-8138-92AA01777556}.Debug|x64.Build.0 = Debug|Any CPU
		{43C8A4C7-E2E2-479A-8138-92AA01777556}.Debug|x86.ActiveCfg = Debug|Any CPU
		{43C8A4C7-E2E2-479A-8138-92AA01777556}.Debug|x86.Build.0 = Debug|Any CPU
		{43C8A4C7-E2E2-479A-8138-92AA01777556}.Release|Any CPU.ActiveCfg = Release|Any CPU
		{43C8A4C7-E2E2-479A-8138-92AA01777556}.Release|Any CPU.Build.0 = Release|Any CPU
		{43C8A4C7-E2E2-479A-8138-92AA01777556}.Release|x64.ActiveCfg = Release|Any CPU
		{43C8A4C7-E2E2-479A-8138-92AA01777556}.Release|x64.Build.0 = Release|Any CPU
		{43C8A4C7-E2E2-479A-8138-92AA01777556}.Release|x86.ActiveCfg = Release|Any CPU
		{43C8A4C7-E2E2-479A-8138-92AA01777556}.Release|x86.Build.0 = Release|Any CPU
		{F3F60F60-AEBA-4DBF-A674-C5BA15A4D0A7}.Debug|Any CPU.ActiveCfg = Debug|Any CPU
		{F3F60F60-AEBA-4DBF-A674-C5BA15A4D0A7}.Debug|Any CPU.Build.0 = Debug|Any CPU
		{F3F60F60-AEBA-4DBF-A674-C5BA15A4D0A7}.Debug|x64.ActiveCfg = Debug|Any CPU
		{F3F60F60-AEBA-4DBF-A674-C5BA15A4D0A7}.Debug|x64.Build.0 = Debug|Any CPU
		{F3F60F60-AEBA-4DBF-A674-C5BA15A4D0A7}.Debug|x86.ActiveCfg = Debug|Any CPU
		{F3F60F60-AEBA-4DBF-A674-C5BA15A4D0A7}.Debug|x86.Build.0 = Debug|Any CPU
		{F3F60F60-AEBA-4DBF-A674-C5BA15A4D0A7}.Release|Any CPU.ActiveCfg = Release|Any CPU
		{F3F60F60-AEBA-4DBF-A674-C5BA15A4D0A7}.Release|Any CPU.Build.0 = Release|Any CPU
		{F3F60F60-AEBA-4DBF-A674-C5BA15A4D0A7}.Release|x64.ActiveCfg = Release|Any CPU
		{F3F60F60-AEBA-4DBF-A674-C5BA15A4D0A7}.Release|x64.Build.0 = Release|Any CPU
		{F3F60F60-AEBA-4DBF-A674-C5BA15A4D0A7}.Release|x86.ActiveCfg = Release|Any CPU
		{F3F60F60-AEBA-4DBF-A674-C5BA15A4D0A7}.Release|x86.Build.0 = Release|Any CPU
	EndGlobalSection
	GlobalSection(SolutionProperties) = preSolution
		HideSolutionNode = FALSE
	EndGlobalSection
	GlobalSection(NestedProjects) = preSolution
		{171BAE47-88F2-418F-974C-4DEBCF355F12} = {F62A1F54-8B3F-A229-359C-38C30772E0B0}
		{DEA5A8A7-492F-4D88-BF95-365FCD9BD6CA} = {79AA2288-50AE-37F1-EBDE-D0C3C226B8A0}
		{0597E8B7-200C-053B-451D-F71C7691098C} = {D2E76749-7969-09D8-FA22-74FF8C3C6F75}
		{89EAD990-E720-4B1F-B363-44B5CB96B689} = {0597E8B7-200C-053B-451D-F71C7691098C}
		{1DCBD91B-D52D-43BA-B106-70B851F90740} = {0597E8B7-200C-053B-451D-F71C7691098C}
		{F84918D2-C1D5-46ED-A9AF-830BDF665585} = {0597E8B7-200C-053B-451D-F71C7691098C}
		{AA59A80A-226B-79B0-E69D-DCA7CC496BA6} = {D2E76749-7969-09D8-FA22-74FF8C3C6F75}
		{22FB220B-D5B5-4A59-8160-44BFF2C68205} = {AA59A80A-226B-79B0-E69D-DCA7CC496BA6}
		{9A634FEF-6064-434D-A2D5-627254D3A621} = {AA59A80A-226B-79B0-E69D-DCA7CC496BA6}
		{50395987-EF67-46D7-9F2F-12ED4385B202} = {AA59A80A-226B-79B0-E69D-DCA7CC496BA6}
		{8ED138AD-CDD4-4E9A-8900-7578B861E059} = {856AC029-B4EB-E75F-7F1A-1B8FAB4EAFF6}
		{FD56F117-3072-4B92-A66C-EE7E8B5DE211} = {19B22927-18E6-D336-B191-A51566BF58AE}
		{254D5635-9F1D-4560-9707-807AE921E1C6} = {19B22927-18E6-D336-B191-A51566BF58AE}
		{F6FD63D3-C87E-47CF-AD95-E729396461B5} = {19B22927-18E6-D336-B191-A51566BF58AE}
		{CF93219B-4437-4B5E-957E-6E251AE6DC2A} = {19B22927-18E6-D336-B191-A51566BF58AE}
		{43C8A4C7-E2E2-479A-8138-92AA01777556} = {0BCC4E5E-338A-BF9B-FB08-85CC846BF8EC}
		{F3F60F60-AEBA-4DBF-A674-C5BA15A4D0A7} = {0BCC4E5E-338A-BF9B-FB08-85CC846BF8EC}
	EndGlobalSection
EndGlobal
