
Microsoft Visual Studio Solution File, Format Version 12.00
# Visual Studio Version 17
VisualStudioVersion = 17.0.31903.59
MinimumVisualStudioVersion = 10.0.40219.1
Project("{2150E333-8FDC-42A3-9474-1A3956D46DE8}") = "General", "General", "{F62A1F54-8B3F-A229-359C-38C30772E0B0}"
EndProject
Project("{FAE04EC0-301F-11D3-BF4B-00C04F79EFBC}") = "Plan", "General\Plan\Plan.csproj", "{171BAE47-88F2-418F-974C-4DEBCF355F12}"
EndProject
Project("{2150E333-8FDC-42A3-9474-1A3956D46DE8}") = "1. Entity Framework Introduction", "1. Entity Framework Introduction", "{2AE2C1BF-5DF1-2453-A21D-F383CECA9C8F}"
EndProject
Project("{FAE04EC0-301F-11D3-BF4B-00C04F79EFBC}") = "SoftUni", "1. Entity Framework Introduction\SoftUniDatabase\SoftUni.csproj", "{DEA5A8A7-492F-4D88-BF95-365FCD9BD6CA}"
EndProject
Project("{2150E333-8FDC-42A3-9474-1A3956D46DE8}") = "2. Entity Relations", "2. Entity Relations", "{BDA99A44-596C-25B6-0C43-49BCA454E078}"
EndProject
Project("{2150E333-8FDC-42A3-9474-1A3956D46DE8}") = "FootballBookmakerSystem", "FootballBookmakerSystem", "{0597E8B7-200C-053B-451D-F71C7691098C}"
EndProject
Project("{FAE04EC0-301F-11D3-BF4B-00C04F79EFBC}") = "P02_FootballBetting", "2. Entity Relations\FootballBookmakerSystem\P02_FootballBetting\P02_FootballBetting.csproj", "{89EAD990-E720-4B1F-B363-44B5CB96B689}"
EndProject
Project("{FAE04EC0-301F-11D3-BF4B-00C04F79EFBC}") = "P02_FootballBetting.Data", "2. Entity Relations\FootballBookmakerSystem\P02_FootballBetting.Data\P02_FootballBetting.Data.csproj", "{1DCBD91B-D52D-43BA-B106-70B851F90740}"
EndProject
Project("{FAE04EC0-301F-11D3-BF4B-00C04F79EFBC}") = "P02_FootballBetting.Data.Models", "2. Entity Relations\FootballBookmakerSystem\P02_FootballBetting.Data.Models\P02_FootballBetting.Data.Models.csproj", "{F84918D2-C1D5-46ED-A9AF-830BDF665585}"
EndProject
Project("{2150E333-8FDC-42A3-9474-1A3956D46DE8}") = "StudentSystem", "StudentSystem", "{AA59A80A-226B-79B0-E69D-DCA7CC496BA6}"
EndProject
Project("{FAE04EC0-301F-11D3-BF4B-00C04F79EFBC}") = "P01_StudentSystem", "2. Entity Relations\StudentSystem\P01_StudentSystem\P01_StudentSystem.csproj", "{22FB220B-D5B5-4A59-8160-44BFF2C68205}"
EndProject
Project("{FAE04EC0-301F-11D3-BF4B-00C04F79EFBC}") = "P01_StudentSystem.Data", "2. Entity Relations\StudentSystem\P01_StudentSystem.Data\P01_StudentSystem.Data.csproj", "{9A634FEF-6064-434D-A2D5-627254D3A621}"
EndProject
Project("{FAE04EC0-301F-11D3-BF4B-00C04F79EFBC}") = "P01_StudentSystem.Data.Models", "2. Entity Relations\StudentSystem\P01_StudentSystem.Data.Models\P01_StudentSystem.Data.Models.csproj", "{50395987-EF67-46D7-9F2F-12ED4385B202}"
EndProject
Project("{2150E333-8FDC-42A3-9474-1A3956D46DE8}") = "3. LINQ", "3. LINQ", "{A66A91F3-22A3-8B91-044B-DF31BAC0C7EF}"
EndProject
Project("{FAE04EC0-301F-11D3-BF4B-00C04F79EFBC}") = "MusicHub", "3. LINQ\MusicHub\MusicHub.csproj", "{8ED138AD-CDD4-4E9A-8900-7578B861E059}"
EndProject
Global
	GlobalSection(SolutionConfigurationPlatforms) = preSolution
		Debug|Any CPU = Debug|Any CPU
		Debug|x64 = Debug|x64
		Debug|x86 = Debug|x86
		Release|Any CPU = Release|Any CPU
		Release|x64 = Release|x64
		Release|x86 = Release|x86
	EndGlobalSection
	GlobalSection(ProjectConfigurationPlatforms) = postSolution
		{171BAE47-88F2-418F-974C-4DEBCF355F12}.Debug|Any CPU.ActiveCfg = Debug|Any CPU
		{171BAE47-88F2-418F-974C-4DEBCF355F12}.Debug|Any CPU.Build.0 = Debug|Any CPU
		{171BAE47-88F2-418F-974C-4DEBCF355F12}.Debug|x64.ActiveCfg = Debug|Any CPU
		{171BAE47-88F2-418F-974C-4DEBCF355F12}.Debug|x64.Build.0 = Debug|Any CPU
		{171BAE47-88F2-418F-974C-4DEBCF355F12}.Debug|x86.ActiveCfg = Debug|Any CPU
		{171BAE47-88F2-418F-974C-4DEBCF355F12}.Debug|x86.Build.0 = Debug|Any CPU
		{171BAE47-88F2-418F-974C-4DEBCF355F12}.Release|Any CPU.ActiveCfg = Release|Any CPU
		{171BAE47-88F2-418F-974C-4DEBCF355F12}.Release|Any CPU.Build.0 = Release|Any CPU
		{171BAE47-88F2-418F-974C-4DEBCF355F12}.Release|x64.ActiveCfg = Release|Any CPU
		{171BAE47-88F2-418F-974C-4DEBCF355F12}.Release|x64.Build.0 = Release|Any CPU
		{171BAE47-88F2-418F-974C-4DEBCF355F12}.Release|x86.ActiveCfg = Release|Any CPU
		{171BAE47-88F2-418F-974C-4DEBCF355F12}.Release|x86.Build.0 = Release|Any CPU
		{DEA5A8A7-492F-4D88-BF95-365FCD9BD6CA}.Debug|Any CPU.ActiveCfg = Debug|Any CPU
		{DEA5A8A7-492F-4D88-BF95-365FCD9BD6CA}.Debug|Any CPU.Build.0 = Debug|Any CPU
		{DEA5A8A7-492F-4D88-BF95-365FCD9BD6CA}.Debug|x64.ActiveCfg = Debug|Any CPU
		{DEA5A8A7-492F-4D88-BF95-365FCD9BD6CA}.Debug|x64.Build.0 = Debug|Any CPU
		{DEA5A8A7-492F-4D88-BF95-365FCD9BD6CA}.Debug|x86.ActiveCfg = Debug|Any CPU
		{DEA5A8A7-492F-4D88-BF95-365FCD9BD6CA}.Debug|x86.Build.0 = Debug|Any CPU
		{DEA5A8A7-492F-4D88-BF95-365FCD9BD6CA}.Release|Any CPU.ActiveCfg = Release|Any CPU
		{DEA5A8A7-492F-4D88-BF95-365FCD9BD6CA}.Release|Any CPU.Build.0 = Release|Any CPU
		{DEA5A8A7-492F-4D88-BF95-365FCD9BD6CA}.Release|x64.ActiveCfg = Release|Any CPU
		{DEA5A8A7-492F-4D88-BF95-365FCD9BD6CA}.Release|x64.Build.0 = Release|Any CPU
		{DEA5A8A7-492F-4D88-BF95-365FCD9BD6CA}.Release|x86.ActiveCfg = Release|Any CPU
		{DEA5A8A7-492F-4D88-BF95-365FCD9BD6CA}.Release|x86.Build.0 = Release|Any CPU
		{89EAD990-E720-4B1F-B363-44B5CB96B689}.Debug|Any CPU.ActiveCfg = Debug|Any CPU
		{89EAD990-E720-4B1F-B363-44B5CB96B689}.Debug|Any CPU.Build.0 = Debug|Any CPU
		{89EAD990-E720-4B1F-B363-44B5CB96B689}.Debug|x64.ActiveCfg = Debug|Any CPU
		{89EAD990-E720-4B1F-B363-44B5CB96B689}.Debug|x64.Build.0 = Debug|Any CPU
		{89EAD990-E720-4B1F-B363-44B5CB96B689}.Debug|x86.ActiveCfg = Debug|Any CPU
		{89EAD990-E720-4B1F-B363-44B5CB96B689}.Debug|x86.Build.0 = Debug|Any CPU
		{89EAD990-E720-4B1F-B363-44B5CB96B689}.Release|Any CPU.ActiveCfg = Release|Any CPU
		{89EAD990-E720-4B1F-B363-44B5CB96B689}.Release|Any CPU.Build.0 = Release|Any CPU
		{89EAD990-E720-4B1F-B363-44B5CB96B689}.Release|x64.ActiveCfg = Release|Any CPU
		{89EAD990-E720-4B1F-B363-44B5CB96B689}.Release|x64.Build.0 = Release|Any CPU
		{89EAD990-E720-4B1F-B363-44B5CB96B689}.Release|x86.ActiveCfg = Release|Any CPU
		{89EAD990-E720-4B1F-B363-44B5CB96B689}.Release|x86.Build.0 = Release|Any CPU
		{1DCBD91B-D52D-43BA-B106-70B851F90740}.Debug|Any CPU.ActiveCfg = Debug|Any CPU
		{1DCBD91B-D52D-43BA-B106-70B851F90740}.Debug|Any CPU.Build.0 = Debug|Any CPU
		{1DCBD91B-D52D-43BA-B106-70B851F90740}.Debug|x64.ActiveCfg = Debug|Any CPU
		{1DCBD91B-D52D-43BA-B106-70B851F90740}.Debug|x64.Build.0 = Debug|Any CPU
		{1DCBD91B-D52D-43BA-B106-70B851F90740}.Debug|x86.ActiveCfg = Debug|Any CPU
		{1DCBD91B-D52D-43BA-B106-70B851F90740}.Debug|x86.Build.0 = Debug|Any CPU
		{1DCBD91B-D52D-43BA-B106-70B851F90740}.Release|Any CPU.ActiveCfg = Release|Any CPU
		{1DCBD91B-D52D-43BA-B106-70B851F90740}.Release|Any CPU.Build.0 = Release|Any CPU
		{1DCBD91B-D52D-43BA-B106-70B851F90740}.Release|x64.ActiveCfg = Release|Any CPU
		{1DCBD91B-D52D-43BA-B106-70B851F90740}.Release|x64.Build.0 = Release|Any CPU
		{1DCBD91B-D52D-43BA-B106-70B851F90740}.Release|x86.ActiveCfg = Release|Any CPU
		{1DCBD91B-D52D-43BA-B106-70B851F90740}.Release|x86.Build.0 = Release|Any CPU
		{F84918D2-C1D5-46ED-A9AF-830BDF665585}.Debug|Any CPU.ActiveCfg = Debug|Any CPU
		{F84918D2-C1D5-46ED-A9AF-830BDF665585}.Debug|Any CPU.Build.0 = Debug|Any CPU
		{F84918D2-C1D5-46ED-A9AF-830BDF665585}.Debug|x64.ActiveCfg = Debug|Any CPU
		{F84918D2-C1D5-46ED-A9AF-830BDF665585}.Debug|x64.Build.0 = Debug|Any CPU
		{F84918D2-C1D5-46ED-A9AF-830BDF665585}.Debug|x86.ActiveCfg = Debug|Any CPU
		{F84918D2-C1D5-46ED-A9AF-830BDF665585}.Debug|x86.Build.0 = Debug|Any CPU
		{F84918D2-C1D5-46ED-A9AF-830BDF665585}.Release|Any CPU.ActiveCfg = Release|Any CPU
		{F84918D2-C1D5-46ED-A9AF-830BDF665585}.Release|Any CPU.Build.0 = Release|Any CPU
		{F84918D2-C1D5-46ED-A9AF-830BDF665585}.Release|x64.ActiveCfg = Release|Any CPU
		{F84918D2-C1D5-46ED-A9AF-830BDF665585}.Release|x64.Build.0 = Release|Any CPU
		{F84918D2-C1D5-46ED-A9AF-830BDF665585}.Release|x86.ActiveCfg = Release|Any CPU
		{F84918D2-C1D5-46ED-A9AF-830BDF665585}.Release|x86.Build.0 = Release|Any CPU
		{22FB220B-D5B5-4A59-8160-44BFF2C68205}.Debug|Any CPU.ActiveCfg = Debug|Any CPU
		{22FB220B-D5B5-4A59-8160-44BFF2C68205}.Debug|Any CPU.Build.0 = Debug|Any CPU
		{22FB220B-D5B5-4A59-8160-44BFF2C68205}.Debug|x64.ActiveCfg = Debug|Any CPU
		{22FB220B-D5B5-4A59-8160-44BFF2C68205}.Debug|x64.Build.0 = Debug|Any CPU
		{22FB220B-D5B5-4A59-8160-44BFF2C68205}.Debug|x86.ActiveCfg = Debug|Any CPU
		{22FB220B-D5B5-4A59-8160-44BFF2C68205}.Debug|x86.Build.0 = Debug|Any CPU
		{22FB220B-D5B5-4A59-8160-44BFF2C68205}.Release|Any CPU.ActiveCfg = Release|Any CPU
		{22FB220B-D5B5-4A59-8160-44BFF2C68205}.Release|Any CPU.Build.0 = Release|Any CPU
		{22FB220B-D5B5-4A59-8160-44BFF2C68205}.Release|x64.ActiveCfg = Release|Any CPU
		{22FB220B-D5B5-4A59-8160-44BFF2C68205}.Release|x64.Build.0 = Release|Any CPU
		{22FB220B-D5B5-4A59-8160-44BFF2C68205}.Release|x86.ActiveCfg = Release|Any CPU
		{22FB220B-D5B5-4A59-8160-44BFF2C68205}.Release|x86.Build.0 = Release|Any CPU
		{9A634FEF-6064-434D-A2D5-627254D3A621}.Debug|Any CPU.ActiveCfg = Debug|Any CPU
		{9A634FEF-6064-434D-A2D5-627254D3A621}.Debug|Any CPU.Build.0 = Debug|Any CPU
		{9A634FEF-6064-434D-A2D5-627254D3A621}.Debug|x64.ActiveCfg = Debug|Any CPU
		{9A634FEF-6064-434D-A2D5-627254D3A621}.Debug|x64.Build.0 = Debug|Any CPU
		{9A634FEF-6064-434D-A2D5-627254D3A621}.Debug|x86.ActiveCfg = Debug|Any CPU
		{9A634FEF-6064-434D-A2D5-627254D3A621}.Debug|x86.Build.0 = Debug|Any CPU
		{9A634FEF-6064-434D-A2D5-627254D3A621}.Release|Any CPU.ActiveCfg = Release|Any CPU
		{9A634FEF-6064-434D-A2D5-627254D3A621}.Release|Any CPU.Build.0 = Release|Any CPU
		{9A634FEF-6064-434D-A2D5-627254D3A621}.Release|x64.ActiveCfg = Release|Any CPU
		{9A634FEF-6064-434D-A2D5-627254D3A621}.Release|x64.Build.0 = Release|Any CPU
		{9A634FEF-6064-434D-A2D5-627254D3A621}.Release|x86.ActiveCfg = Release|Any CPU
		{9A634FEF-6064-434D-A2D5-627254D3A621}.Release|x86.Build.0 = Release|Any CPU
		{50395987-EF67-46D7-9F2F-12ED4385B202}.Debug|Any CPU.ActiveCfg = Debug|Any CPU
		{50395987-EF67-46D7-9F2F-12ED4385B202}.Debug|Any CPU.Build.0 = Debug|Any CPU
		{50395987-EF67-46D7-9F2F-12ED4385B202}.Debug|x64.ActiveCfg = Debug|Any CPU
		{50395987-EF67-46D7-9F2F-12ED4385B202}.Debug|x64.Build.0 = Debug|Any CPU
		{50395987-EF67-46D7-9F2F-12ED4385B202}.Debug|x86.ActiveCfg = Debug|Any CPU
		{50395987-EF67-46D7-9F2F-12ED4385B202}.Debug|x86.Build.0 = Debug|Any CPU
		{50395987-EF67-46D7-9F2F-12ED4385B202}.Release|Any CPU.ActiveCfg = Release|Any CPU
		{50395987-EF67-46D7-9F2F-12ED4385B202}.Release|Any CPU.Build.0 = Release|Any CPU
		{50395987-EF67-46D7-9F2F-12ED4385B202}.Release|x64.ActiveCfg = Release|Any CPU
		{50395987-EF67-46D7-9F2F-12ED4385B202}.Release|x64.Build.0 = Release|Any CPU
		{50395987-EF67-46D7-9F2F-12ED4385B202}.Release|x86.ActiveCfg = Release|Any CPU
		{50395987-EF67-46D7-9F2F-12ED4385B202}.Release|x86.Build.0 = Release|Any CPU
		{8ED138AD-CDD4-4E9A-8900-7578B861E059}.Debug|Any CPU.ActiveCfg = Debug|Any CPU
		{8ED138AD-CDD4-4E9A-8900-7578B861E059}.Debug|Any CPU.Build.0 = Debug|Any CPU
		{8ED138AD-CDD4-4E9A-8900-7578B861E059}.Debug|x64.ActiveCfg = Debug|Any CPU
		{8ED138AD-CDD4-4E9A-8900-7578B861E059}.Debug|x64.Build.0 = Debug|Any CPU
		{8ED138AD-CDD4-4E9A-8900-7578B861E059}.Debug|x86.ActiveCfg = Debug|Any CPU
		{8ED138AD-CDD4-4E9A-8900-7578B861E059}.Debug|x86.Build.0 = Debug|Any CPU
		{8ED138AD-CDD4-4E9A-8900-7578B861E059}.Release|Any CPU.ActiveCfg = Release|Any CPU
		{8ED138AD-CDD4-4E9A-8900-7578B861E059}.Release|Any CPU.Build.0 = Release|Any CPU
		{8ED138AD-CDD4-4E9A-8900-7578B861E059}.Release|x64.ActiveCfg = Release|Any CPU
		{8ED138AD-CDD4-4E9A-8900-7578B861E059}.Release|x64.Build.0 = Release|Any CPU
		{8ED138AD-CDD4-4E9A-8900-7578B861E059}.Release|x86.ActiveCfg = Release|Any CPU
		{8ED138AD-CDD4-4E9A-8900-7578B861E059}.Release|x86.Build.0 = Release|Any CPU
	EndGlobalSection
	GlobalSection(SolutionProperties) = preSolution
		HideSolutionNode = FALSE
	EndGlobalSection
	GlobalSection(NestedProjects) = preSolution
		{171BAE47-88F2-418F-974C-4DEBCF355F12} = {F62A1F54-8B3F-A229-359C-38C30772E0B0}
		{DEA5A8A7-492F-4D88-BF95-365FCD9BD6CA} = {2AE2C1BF-5DF1-2453-A21D-F383CECA9C8F}
		{0597E8B7-200C-053B-451D-F71C7691098C} = {BDA99A44-596C-25B6-0C43-49BCA454E078}
		{89EAD990-E720-4B1F-B363-44B5CB96B689} = {0597E8B7-200C-053B-451D-F71C7691098C}
		{1DCBD91B-D52D-43BA-B106-70B851F90740} = {0597E8B7-200C-053B-451D-F71C7691098C}
		{F84918D2-C1D5-46ED-A9AF-830BDF665585} = {0597E8B7-200C-053B-451D-F71C7691098C}
		{AA59A80A-226B-79B0-E69D-DCA7CC496BA6} = {BDA99A44-596C-25B6-0C43-49BCA454E078}
		{22FB220B-D5B5-4A59-8160-44BFF2C68205} = {AA59A80A-226B-79B0-E69D-DCA7CC496BA6}
		{9A634FEF-6064-434D-A2D5-627254D3A621} = {AA59A80A-226B-79B0-E69D-DCA7CC496BA6}
		{50395987-EF67-46D7-9F2F-12ED4385B202} = {AA59A80A-226B-79B0-E69D-DCA7CC496BA6}
		{8ED138AD-CDD4-4E9A-8900-7578B861E059} = {A66A91F3-22A3-8B91-044B-DF31BAC0C7EF}
	EndGlobalSection
EndGlobal
