
Microsoft Visual Studio Solution File, Format Version 12.00
# Visual Studio Version 17
VisualStudioVersion = 17.0.31903.59
MinimumVisualStudioVersion = 10.0.40219.1
Project("{2150E333-8FDC-42A3-9474-1A3956D46DE8}") = "1.1 Stacks and Queues - Lab", "1.1 Stacks and Queues - Lab", "{543E4676-3231-EAAD-11CE-A1B56AC10241}"
EndProject
Project("{FAE04EC0-301F-11D3-BF4B-00C04F79EFBC}") = "01. Reverse a String", "1.1 Stacks and Queues - Lab\01. Reverse a String\01. Reverse a String.csproj", "{20F2A115-B8B2-466F-9FD4-9BAB5574EAA2}"
EndProject
Project("{2150E333-8FDC-42A3-9474-1A3956D46DE8}") = "General", "General", "{F62A1F54-8B3F-A229-359C-38C30772E0B0}"
EndProject
Project("{FAE04EC0-301F-11D3-BF4B-00C04F79EFBC}") = "Test Field", "General\Test Field\Test Field.csproj", "{928CD683-DCBA-45E9-AAC6-87C2572FD90F}"
EndProject
Project("{FAE04EC0-301F-11D3-BF4B-00C04F79EFBC}") = "Plan", "General\Plan\Plan.csproj", "{BD23A3AC-EA3F-4360-AE45-993E171AC837}"
EndProject
Project("{FAE04EC0-301F-11D3-BF4B-00C04F79EFBC}") = "02. Stack Sum", "1.1 Stacks and Queues - Lab\02. Stack Sum\02. Stack Sum.csproj", "{B57623B0-FAFE-4B20-A02B-247F997E62D3}"
EndProject
Project("{FAE04EC0-301F-11D3-BF4B-00C04F79EFBC}") = "03. Simple Calculator", "1.1 Stacks and Queues - Lab\03. Simple Calculator\03. Simple Calculator.csproj", "{B1ADC83D-3448-42D5-BA96-5717171ACCC0}"
EndProject
Project("{FAE04EC0-301F-11D3-BF4B-00C04F79EFBC}") = "04. Matching Brackets", "1.1 Stacks and Queues - Lab\04. Matching Brackets\04. Matching Brackets.csproj", "{C499807E-E8F2-4173-B957-0964512AD1D9}"
EndProject
Project("{FAE04EC0-301F-11D3-BF4B-00C04F79EFBC}") = "05. Print Even Numbers", "1.1 Stacks and Queues - Lab\05. Print Even Numbers\05. Print Even Numbers.csproj", "{CC1CC668-94C6-4710-9E8E-277E88D2494C}"
EndProject
Project("{FAE04EC0-301F-11D3-BF4B-00C04F79EFBC}") = "06. Supermarket", "1.1 Stacks and Queues - Lab\06. Supermarket\06. Supermarket.csproj", "{F1E17415-4AE4-4690-983C-320155826ECC}"
EndProject
Project("{FAE04EC0-301F-11D3-BF4B-00C04F79EFBC}") = "07. Hot Potato", "1.1 Stacks and Queues - Lab\07. Hot Potato\07. Hot Potato.csproj", "{9A79A152-C362-4FE9-B08C-421415F000FC}"
EndProject
Project("{FAE04EC0-301F-11D3-BF4B-00C04F79EFBC}") = "08. Traffic Jam", "1.1 Stacks and Queues - Lab\08. Traffic Jam\08. Traffic Jam.csproj", "{67133137-BC5C-45D5-8039-317C8976584C}"
EndProject
Project("{2150E333-8FDC-42A3-9474-1A3956D46DE8}") = "1.2 Stacks and Queues - Exercise", "1.2 Stacks and Queues - Exercise", "{C66E96C2-EFD5-CB4D-61F5-1442FEF23538}"
EndProject
Project("{FAE04EC0-301F-11D3-BF4B-00C04F79EFBC}") = "01. Basic Stack Operations", "1.2 Stacks and Queues - Exercise\01. Basic Stack Operations\01. Basic Stack Operations.csproj", "{09DD5478-8C2C-4355-9EF8-218E7E72D122}"
EndProject
Project("{FAE04EC0-301F-11D3-BF4B-00C04F79EFBC}") = "02. Basic Queue Operations", "1.2 Stacks and Queues - Exercise\02. Basic Queue Operations\02. Basic Queue Operations.csproj", "{0F2B5998-1B64-4157-9605-6118883EF52A}"
EndProject
Project("{FAE04EC0-301F-11D3-BF4B-00C04F79EFBC}") = "03. Maximum and Minimum Element", "1.2 Stacks and Queues - Exercise\03. Maximum and Minimum Element\03. Maximum and Minimum Element.csproj", "{45ED4817-98AC-452C-8951-458025F29F22}"
EndProject
Project("{FAE04EC0-301F-11D3-BF4B-00C04F79EFBC}") = "04. Fast Food", "1.2 Stacks and Queues - Exercise\04. Fast Food\04. Fast Food.csproj", "{8DD8B412-14A6-44E8-B37D-2F31DA46E219}"
EndProject
Project("{FAE04EC0-301F-11D3-BF4B-00C04F79EFBC}") = "05. Fashion Boutique", "1.2 Stacks and Queues - Exercise\05. Fashion Boutique\05. Fashion Boutique.csproj", "{7EE62BF5-B1F5-4F16-8BBE-1D05CD5A2074}"
EndProject
Project("{FAE04EC0-301F-11D3-BF4B-00C04F79EFBC}") = "06. Songs Queue", "1.2 Stacks and Queues - Exercise\06. Songs Queue\06. Songs Queue.csproj", "{83FB9B26-14BE-47D5-8C57-4F383ADE0B0E}"
EndProject
Project("{FAE04EC0-301F-11D3-BF4B-00C04F79EFBC}") = "07. Truck Tour", "1.2 Stacks and Queues - Exercise\07. Truck Tour\07. Truck Tour.csproj", "{2C4905B7-53CF-4425-8695-F971A64F7CFC}"
EndProject
Project("{FAE04EC0-301F-11D3-BF4B-00C04F79EFBC}") = "08. Balanced Parenthesis", "1.2 Stacks and Queues - Exercise\08. Balanced Parenthesis\08. Balanced Parenthesis.csproj", "{E5976FA8-FF97-4251-80CF-005302D62B89}"
EndProject
Project("{FAE04EC0-301F-11D3-BF4B-00C04F79EFBC}") = "09. Simple Text Editor", "1.2 Stacks and Queues - Exercise\09. Simple Text Editor\09. Simple Text Editor.csproj", "{06BAE8F7-B018-4C27-9F45-C463AD1475D2}"
EndProject
Project("{FAE04EC0-301F-11D3-BF4B-00C04F79EFBC}") = "10. Crossroads", "1.2 Stacks and Queues - Exercise\10. Crossroads\10. Crossroads.csproj", "{82745936-4356-4496-B9AC-67EF37174C10}"
EndProject
Project("{2150E333-8FDC-42A3-9474-1A3956D46DE8}") = "2.1 Multidimensional Arrays - Lab", "2.1 Multidimensional Arrays - Lab", "{6F5D12AD-5251-5429-7CB6-3876FCE1BDD5}"
EndProject
Project("{FAE04EC0-301F-11D3-BF4B-00C04F79EFBC}") = "01. Sum Matrix Elements", "2.1 Multidimensional Arrays - Lab\01. Sum Matrix Elements\01. Sum Matrix Elements.csproj", "{C60647A5-2D2D-4666-B3B8-C7C502A65827}"
EndProject
Project("{FAE04EC0-301F-11D3-BF4B-00C04F79EFBC}") = "02. Sum Matrix Columns", "2.1 Multidimensional Arrays - Lab\02. Sum Matrix Columns\02. Sum Matrix Columns.csproj", "{71619A9C-4434-4AB4-8214-4D70AF57CA08}"
EndProject
Project("{FAE04EC0-301F-11D3-BF4B-00C04F79EFBC}") = "03. Primary Diagonal", "2.1 Multidimensional Arrays - Lab\03. Primary Diagonal\03. Primary Diagonal.csproj", "{606E2C3D-F1D6-4F47-B242-530FB3332009}"
EndProject
Project("{FAE04EC0-301F-11D3-BF4B-00C04F79EFBC}") = "04. Symbol in Matrix", "2.1 Multidimensional Arrays - Lab\04. Symbol in Matrix\04. Symbol in Matrix.csproj", "{759A1ACA-708D-4D0F-A243-7B53FA6E4F70}"
EndProject
Project("{FAE04EC0-301F-11D3-BF4B-00C04F79EFBC}") = "05. Square With Maximum Sum", "2.1 Multidimensional Arrays - Lab\05. Square With Maximum Sum\05. Square With Maximum Sum.csproj", "{9E4782BD-54ED-48BA-B384-6EC925245BF0}"
EndProject
Project("{FAE04EC0-301F-11D3-BF4B-00C04F79EFBC}") = "06. Jagged-Array Modification", "2.1 Multidimensional Arrays - Lab\06. Jagged-Array Modification\06. Jagged-Array Modification.csproj", "{BCE4286B-CE26-4142-9D50-E0B4B8176B85}"
EndProject
Project("{FAE04EC0-301F-11D3-BF4B-00C04F79EFBC}") = "07. Pascal Triangle", "2.1 Multidimensional Arrays - Lab\07. Pascal Triangle\07. Pascal Triangle.csproj", "{D076E176-3069-4F73-8AF7-490CFC1B9067}"
EndProject
Project("{2150E333-8FDC-42A3-9474-1A3956D46DE8}") = "3.1 Sets and Dictionaries Advanced - Lab", "3.1 Sets and Dictionaries Advanced - Lab", "{9275D56D-CC20-6275-06DC-56B39649701A}"
EndProject
Project("{FAE04EC0-301F-11D3-BF4B-00C04F79EFBC}") = "01. Count Same Values in Array", "3.1 Sets and Dictionaries Advanced - Lab\01. Count Same Values in Array\01. Count Same Values in Array.csproj", "{625AB833-0874-4DB5-A8FE-3C4A2B20C944}"
EndProject
Project("{FAE04EC0-301F-11D3-BF4B-00C04F79EFBC}") = "02. Average Student Grades", "3.1 Sets and Dictionaries Advanced - Lab\02. Average Student Grades\02. Average Student Grades.csproj", "{4A767CF1-4414-46AB-BA03-9A6497598CE9}"
EndProject
Project("{FAE04EC0-301F-11D3-BF4B-00C04F79EFBC}") = "03. Largest 3 Numbers", "3.1 Sets and Dictionaries Advanced - Lab\03. Largest 3 Numbers\03. Largest 3 Numbers.csproj", "{9EC90436-5E83-4AA4-9D0B-7607A42FCD93}"
EndProject
Project("{FAE04EC0-301F-11D3-BF4B-00C04F79EFBC}") = "04. Product Shop", "3.1 Sets and Dictionaries Advanced - Lab\04. Product Shop\04. Product Shop.csproj", "{3489856B-7F81-4544-9AD9-39D8FBFC2BE1}"
EndProject
Project("{FAE04EC0-301F-11D3-BF4B-00C04F79EFBC}") = "05. Cities by Continent and Country", "3.1 Sets and Dictionaries Advanced - Lab\05. Cities by Continent and Country\05. Cities by Continent and Country.csproj", "{157CCC1A-11BF-4667-899E-3AE2A0A456CB}"
EndProject
Project("{FAE04EC0-301F-11D3-BF4B-00C04F79EFBC}") = "06. Record Unique Names", "3.1 Sets and Dictionaries Advanced - Lab\06. Record Unique Names\06. Record Unique Names.csproj", "{66F0EB9F-32E3-45B9-993B-1487BA9FD55D}"
EndProject
Project("{FAE04EC0-301F-11D3-BF4B-00C04F79EFBC}") = "07. Parking Lot", "3.1 Sets and Dictionaries Advanced - Lab\07. Parking Lot\07. Parking Lot.csproj", "{13A7A7BD-E9E8-41BA-8B3C-55C4F2F858D3}"
EndProject
Project("{FAE04EC0-301F-11D3-BF4B-00C04F79EFBC}") = "08. SoftUni Party", "3.1 Sets and Dictionaries Advanced - Lab\08. SoftUni Party\08. SoftUni Party.csproj", "{280FFDA9-FF18-4158-BFF5-10E2BB1008B1}"
EndProject
Project("{2150E333-8FDC-42A3-9474-1A3956D46DE8}") = "4.1 Streams, Files and Directories - Lab", "4.1 Streams, Files and Directories - Lab", "{07C6950B-5B0C-92E4-C08B-B7D3115CDBA2}"
EndProject
Project("{FAE04EC0-301F-11D3-BF4B-00C04F79EFBC}") = "01. Odd Lines", "4.1 Streams, Files and Directories - Lab\01. Odd Lines\01. Odd Lines.csproj", "{E8533B96-4A73-4C80-A3CC-F1A3AE09AF8B}"
EndProject
Project("{FAE04EC0-301F-11D3-BF4B-00C04F79EFBC}") = "02. Line Numbers", "4.1 Streams, Files and Directories - Lab\02. Line Numbers\02. Line Numbers.csproj", "{2E3888D4-0A64-405F-BE74-712AB2FAE833}"
EndProject
Project("{FAE04EC0-301F-11D3-BF4B-00C04F79EFBC}") = "03. Word Count", "4.1 Streams, Files and Directories - Lab\03. Word Count\03. Word Count.csproj", "{21824138-9176-44C9-829A-0D830AEBD780}"
EndProject
Project("{2150E333-8FDC-42A3-9474-1A3956D46DE8}") = "5.1 Functional Programming - Lab", "5.1 Functional Programming - Lab", "{8E6BB7DB-6E82-1339-B488-31C02A920D3D}"
EndProject
Project("{FAE04EC0-301F-11D3-BF4B-00C04F79EFBC}") = "01. Sort Even Numbers", "5.1 Functional Programming - Lab\01. Sort Even Numbers\01. Sort Even Numbers.csproj", "{8EFF1F73-8505-49BC-BDFB-0445A83A7EB4}"
EndProject
Project("{FAE04EC0-301F-11D3-BF4B-00C04F79EFBC}") = "02. Sum Numbers", "5.1 Functional Programming - Lab\02. Sum Numbers\02. Sum Numbers.csproj", "{F5A7221D-6AD8-47D0-B8ED-5B6482F3C271}"
EndProject
Project("{2150E333-8FDC-42A3-9474-1A3956D46DE8}") = "6.1 Defining Classes - Lab", "6.1 Defining Classes - Lab", "{7E6A43CB-AA76-7C1D-D7E1-F662B6564074}"
EndProject
Project("{FAE04EC0-301F-11D3-BF4B-00C04F79EFBC}") = "CarManufacturer", "6.1 Defining Classes - Lab\CarManufacturer\CarManufacturer.csproj", "{3E23C564-7D09-4825-9393-A2B11D642412}"
EndProject
Project("{FAE04EC0-301F-11D3-BF4B-00C04F79EFBC}") = "03. Count Uppercase Words", "5.1 Functional Programming - Lab\03. Count Uppercase Words\03. Count Uppercase Words.csproj", "{D2510272-943C-4475-BBA1-CF09BBDF4535}"
EndProject
Project("{FAE04EC0-301F-11D3-BF4B-00C04F79EFBC}") = "04. Add VAT", "5.1 Functional Programming - Lab\04. Add VAT\04. Add VAT.csproj", "{8DA1B86A-E8FF-4E89-B884-3D66E0434414}"
EndProject
Project("{FAE04EC0-301F-11D3-BF4B-00C04F79EFBC}") = "05. Filter By Age", "5.1 Functional Programming - Lab\05. Filter By Age\05. Filter By Age.csproj", "{4211FC5A-F41E-4D74-8AEB-8909196E7132}"
EndProject
Project("{2150E333-8FDC-42A3-9474-1A3956D46DE8}") = "2.2 Multidimensional Arrays - Exercise", "2.2 Multidimensional Arrays - Exercise", "{44C5BF0B-BD0E-9CDD-2CCE-9BBB58008D22}"
EndProject
Project("{FAE04EC0-301F-11D3-BF4B-00C04F79EFBC}") = "01. Diagonal Difference", "2.2 Multidimensional Arrays - Exercise\01. Diagonal Difference\01. Diagonal Difference.csproj", "{008EC7ED-C9DB-42E1-B3AE-9FEF1DE1086A}"
EndProject
Project("{FAE04EC0-301F-11D3-BF4B-00C04F79EFBC}") = "02. Squares in Matrix", "2.2 Multidimensional Arrays - Exercise\02. Squares in Matrix\02. Squares in Matrix.csproj", "{2D60C1FE-5BC3-46FE-B263-2F33844A69A1}"
EndProject
Project("{FAE04EC0-301F-11D3-BF4B-00C04F79EFBC}") = "03. Maximal Sum", "2.2 Multidimensional Arrays - Exercise\03. Maximal Sum\03. Maximal Sum.csproj", "{E742F1B8-20B5-499C-9E3D-431DBD55D85C}"
EndProject
Global
	GlobalSection(SolutionConfigurationPlatforms) = preSolution
		Debug|Any CPU = Debug|Any CPU
		Debug|x64 = Debug|x64
		Debug|x86 = Debug|x86
		Release|Any CPU = Release|Any CPU
		Release|x64 = Release|x64
		Release|x86 = Release|x86
	EndGlobalSection
	GlobalSection(ProjectConfigurationPlatforms) = postSolution
		{20F2A115-B8B2-466F-9FD4-9BAB5574EAA2}.Debug|Any CPU.ActiveCfg = Debug|Any CPU
		{20F2A115-B8B2-466F-9FD4-9BAB5574EAA2}.Debug|Any CPU.Build.0 = Debug|Any CPU
		{20F2A115-B8B2-466F-9FD4-9BAB5574EAA2}.Debug|x64.ActiveCfg = Debug|Any CPU
		{20F2A115-B8B2-466F-9FD4-9BAB5574EAA2}.Debug|x64.Build.0 = Debug|Any CPU
		{20F2A115-B8B2-466F-9FD4-9BAB5574EAA2}.Debug|x86.ActiveCfg = Debug|Any CPU
		{20F2A115-B8B2-466F-9FD4-9BAB5574EAA2}.Debug|x86.Build.0 = Debug|Any CPU
		{20F2A115-B8B2-466F-9FD4-9BAB5574EAA2}.Release|Any CPU.ActiveCfg = Release|Any CPU
		{20F2A115-B8B2-466F-9FD4-9BAB5574EAA2}.Release|Any CPU.Build.0 = Release|Any CPU
		{20F2A115-B8B2-466F-9FD4-9BAB5574EAA2}.Release|x64.ActiveCfg = Release|Any CPU
		{20F2A115-B8B2-466F-9FD4-9BAB5574EAA2}.Release|x64.Build.0 = Release|Any CPU
		{20F2A115-B8B2-466F-9FD4-9BAB5574EAA2}.Release|x86.ActiveCfg = Release|Any CPU
		{20F2A115-B8B2-466F-9FD4-9BAB5574EAA2}.Release|x86.Build.0 = Release|Any CPU
		{928CD683-DCBA-45E9-AAC6-87C2572FD90F}.Debug|Any CPU.ActiveCfg = Debug|Any CPU
		{928CD683-DCBA-45E9-AAC6-87C2572FD90F}.Debug|Any CPU.Build.0 = Debug|Any CPU
		{928CD683-DCBA-45E9-AAC6-87C2572FD90F}.Debug|x64.ActiveCfg = Debug|Any CPU
		{928CD683-DCBA-45E9-AAC6-87C2572FD90F}.Debug|x64.Build.0 = Debug|Any CPU
		{928CD683-DCBA-45E9-AAC6-87C2572FD90F}.Debug|x86.ActiveCfg = Debug|Any CPU
		{928CD683-DCBA-45E9-AAC6-87C2572FD90F}.Debug|x86.Build.0 = Debug|Any CPU
		{928CD683-DCBA-45E9-AAC6-87C2572FD90F}.Release|Any CPU.ActiveCfg = Release|Any CPU
		{928CD683-DCBA-45E9-AAC6-87C2572FD90F}.Release|Any CPU.Build.0 = Release|Any CPU
		{928CD683-DCBA-45E9-AAC6-87C2572FD90F}.Release|x64.ActiveCfg = Release|Any CPU
		{928CD683-DCBA-45E9-AAC6-87C2572FD90F}.Release|x64.Build.0 = Release|Any CPU
		{928CD683-DCBA-45E9-AAC6-87C2572FD90F}.Release|x86.ActiveCfg = Release|Any CPU
		{928CD683-DCBA-45E9-AAC6-87C2572FD90F}.Release|x86.Build.0 = Release|Any CPU
		{BD23A3AC-EA3F-4360-AE45-993E171AC837}.Debug|Any CPU.ActiveCfg = Debug|Any CPU
		{BD23A3AC-EA3F-4360-AE45-993E171AC837}.Debug|Any CPU.Build.0 = Debug|Any CPU
		{BD23A3AC-EA3F-4360-AE45-993E171AC837}.Debug|x64.ActiveCfg = Debug|Any CPU
		{BD23A3AC-EA3F-4360-AE45-993E171AC837}.Debug|x64.Build.0 = Debug|Any CPU
		{BD23A3AC-EA3F-4360-AE45-993E171AC837}.Debug|x86.ActiveCfg = Debug|Any CPU
		{BD23A3AC-EA3F-4360-AE45-993E171AC837}.Debug|x86.Build.0 = Debug|Any CPU
		{BD23A3AC-EA3F-4360-AE45-993E171AC837}.Release|Any CPU.ActiveCfg = Release|Any CPU
		{BD23A3AC-EA3F-4360-AE45-993E171AC837}.Release|Any CPU.Build.0 = Release|Any CPU
		{BD23A3AC-EA3F-4360-AE45-993E171AC837}.Release|x64.ActiveCfg = Release|Any CPU
		{BD23A3AC-EA3F-4360-AE45-993E171AC837}.Release|x64.Build.0 = Release|Any CPU
		{BD23A3AC-EA3F-4360-AE45-993E171AC837}.Release|x86.ActiveCfg = Release|Any CPU
		{BD23A3AC-EA3F-4360-AE45-993E171AC837}.Release|x86.Build.0 = Release|Any CPU
		{B57623B0-FAFE-4B20-A02B-247F997E62D3}.Debug|Any CPU.ActiveCfg = Debug|Any CPU
		{B57623B0-FAFE-4B20-A02B-247F997E62D3}.Debug|Any CPU.Build.0 = Debug|Any CPU
		{B57623B0-FAFE-4B20-A02B-247F997E62D3}.Debug|x64.ActiveCfg = Debug|Any CPU
		{B57623B0-FAFE-4B20-A02B-247F997E62D3}.Debug|x64.Build.0 = Debug|Any CPU
		{B57623B0-FAFE-4B20-A02B-247F997E62D3}.Debug|x86.ActiveCfg = Debug|Any CPU
		{B57623B0-FAFE-4B20-A02B-247F997E62D3}.Debug|x86.Build.0 = Debug|Any CPU
		{B57623B0-FAFE-4B20-A02B-247F997E62D3}.Release|Any CPU.ActiveCfg = Release|Any CPU
		{B57623B0-FAFE-4B20-A02B-247F997E62D3}.Release|Any CPU.Build.0 = Release|Any CPU
		{B57623B0-FAFE-4B20-A02B-247F997E62D3}.Release|x64.ActiveCfg = Release|Any CPU
		{B57623B0-FAFE-4B20-A02B-247F997E62D3}.Release|x64.Build.0 = Release|Any CPU
		{B57623B0-FAFE-4B20-A02B-247F997E62D3}.Release|x86.ActiveCfg = Release|Any CPU
		{B57623B0-FAFE-4B20-A02B-247F997E62D3}.Release|x86.Build.0 = Release|Any CPU
		{B1ADC83D-3448-42D5-BA96-5717171ACCC0}.Debug|Any CPU.ActiveCfg = Debug|Any CPU
		{B1ADC83D-3448-42D5-BA96-5717171ACCC0}.Debug|Any CPU.Build.0 = Debug|Any CPU
		{B1ADC83D-3448-42D5-BA96-5717171ACCC0}.Debug|x64.ActiveCfg = Debug|Any CPU
		{B1ADC83D-3448-42D5-BA96-5717171ACCC0}.Debug|x64.Build.0 = Debug|Any CPU
		{B1ADC83D-3448-42D5-BA96-5717171ACCC0}.Debug|x86.ActiveCfg = Debug|Any CPU
		{B1ADC83D-3448-42D5-BA96-5717171ACCC0}.Debug|x86.Build.0 = Debug|Any CPU
		{B1ADC83D-3448-42D5-BA96-5717171ACCC0}.Release|Any CPU.ActiveCfg = Release|Any CPU
		{B1ADC83D-3448-42D5-BA96-5717171ACCC0}.Release|Any CPU.Build.0 = Release|Any CPU
		{B1ADC83D-3448-42D5-BA96-5717171ACCC0}.Release|x64.ActiveCfg = Release|Any CPU
		{B1ADC83D-3448-42D5-BA96-5717171ACCC0}.Release|x64.Build.0 = Release|Any CPU
		{B1ADC83D-3448-42D5-BA96-5717171ACCC0}.Release|x86.ActiveCfg = Release|Any CPU
		{B1ADC83D-3448-42D5-BA96-5717171ACCC0}.Release|x86.Build.0 = Release|Any CPU
		{C499807E-E8F2-4173-B957-0964512AD1D9}.Debug|Any CPU.ActiveCfg = Debug|Any CPU
		{C499807E-E8F2-4173-B957-0964512AD1D9}.Debug|Any CPU.Build.0 = Debug|Any CPU
		{C499807E-E8F2-4173-B957-0964512AD1D9}.Debug|x64.ActiveCfg = Debug|Any CPU
		{C499807E-E8F2-4173-B957-0964512AD1D9}.Debug|x64.Build.0 = Debug|Any CPU
		{C499807E-E8F2-4173-B957-0964512AD1D9}.Debug|x86.ActiveCfg = Debug|Any CPU
		{C499807E-E8F2-4173-B957-0964512AD1D9}.Debug|x86.Build.0 = Debug|Any CPU
		{C499807E-E8F2-4173-B957-0964512AD1D9}.Release|Any CPU.ActiveCfg = Release|Any CPU
		{C499807E-E8F2-4173-B957-0964512AD1D9}.Release|Any CPU.Build.0 = Release|Any CPU
		{C499807E-E8F2-4173-B957-0964512AD1D9}.Release|x64.ActiveCfg = Release|Any CPU
		{C499807E-E8F2-4173-B957-0964512AD1D9}.Release|x64.Build.0 = Release|Any CPU
		{C499807E-E8F2-4173-B957-0964512AD1D9}.Release|x86.ActiveCfg = Release|Any CPU
		{C499807E-E8F2-4173-B957-0964512AD1D9}.Release|x86.Build.0 = Release|Any CPU
		{CC1CC668-94C6-4710-9E8E-277E88D2494C}.Debug|Any CPU.ActiveCfg = Debug|Any CPU
		{CC1CC668-94C6-4710-9E8E-277E88D2494C}.Debug|Any CPU.Build.0 = Debug|Any CPU
		{CC1CC668-94C6-4710-9E8E-277E88D2494C}.Debug|x64.ActiveCfg = Debug|Any CPU
		{CC1CC668-94C6-4710-9E8E-277E88D2494C}.Debug|x64.Build.0 = Debug|Any CPU
		{CC1CC668-94C6-4710-9E8E-277E88D2494C}.Debug|x86.ActiveCfg = Debug|Any CPU
		{CC1CC668-94C6-4710-9E8E-277E88D2494C}.Debug|x86.Build.0 = Debug|Any CPU
		{CC1CC668-94C6-4710-9E8E-277E88D2494C}.Release|Any CPU.ActiveCfg = Release|Any CPU
		{CC1CC668-94C6-4710-9E8E-277E88D2494C}.Release|Any CPU.Build.0 = Release|Any CPU
		{CC1CC668-94C6-4710-9E8E-277E88D2494C}.Release|x64.ActiveCfg = Release|Any CPU
		{CC1CC668-94C6-4710-9E8E-277E88D2494C}.Release|x64.Build.0 = Release|Any CPU
		{CC1CC668-94C6-4710-9E8E-277E88D2494C}.Release|x86.ActiveCfg = Release|Any CPU
		{CC1CC668-94C6-4710-9E8E-277E88D2494C}.Release|x86.Build.0 = Release|Any CPU
		{F1E17415-4AE4-4690-983C-320155826ECC}.Debug|Any CPU.ActiveCfg = Debug|Any CPU
		{F1E17415-4AE4-4690-983C-320155826ECC}.Debug|Any CPU.Build.0 = Debug|Any CPU
		{F1E17415-4AE4-4690-983C-320155826ECC}.Debug|x64.ActiveCfg = Debug|Any CPU
		{F1E17415-4AE4-4690-983C-320155826ECC}.Debug|x64.Build.0 = Debug|Any CPU
		{F1E17415-4AE4-4690-983C-320155826ECC}.Debug|x86.ActiveCfg = Debug|Any CPU
		{F1E17415-4AE4-4690-983C-320155826ECC}.Debug|x86.Build.0 = Debug|Any CPU
		{F1E17415-4AE4-4690-983C-320155826ECC}.Release|Any CPU.ActiveCfg = Release|Any CPU
		{F1E17415-4AE4-4690-983C-320155826ECC}.Release|Any CPU.Build.0 = Release|Any CPU
		{F1E17415-4AE4-4690-983C-320155826ECC}.Release|x64.ActiveCfg = Release|Any CPU
		{F1E17415-4AE4-4690-983C-320155826ECC}.Release|x64.Build.0 = Release|Any CPU
		{F1E17415-4AE4-4690-983C-320155826ECC}.Release|x86.ActiveCfg = Release|Any CPU
		{F1E17415-4AE4-4690-983C-320155826ECC}.Release|x86.Build.0 = Release|Any CPU
		{9A79A152-C362-4FE9-B08C-421415F000FC}.Debug|Any CPU.ActiveCfg = Debug|Any CPU
		{9A79A152-C362-4FE9-B08C-421415F000FC}.Debug|Any CPU.Build.0 = Debug|Any CPU
		{9A79A152-C362-4FE9-B08C-421415F000FC}.Debug|x64.ActiveCfg = Debug|Any CPU
		{9A79A152-C362-4FE9-B08C-421415F000FC}.Debug|x64.Build.0 = Debug|Any CPU
		{9A79A152-C362-4FE9-B08C-421415F000FC}.Debug|x86.ActiveCfg = Debug|Any CPU
		{9A79A152-C362-4FE9-B08C-421415F000FC}.Debug|x86.Build.0 = Debug|Any CPU
		{9A79A152-C362-4FE9-B08C-421415F000FC}.Release|Any CPU.ActiveCfg = Release|Any CPU
		{9A79A152-C362-4FE9-B08C-421415F000FC}.Release|Any CPU.Build.0 = Release|Any CPU
		{9A79A152-C362-4FE9-B08C-421415F000FC}.Release|x64.ActiveCfg = Release|Any CPU
		{9A79A152-C362-4FE9-B08C-421415F000FC}.Release|x64.Build.0 = Release|Any CPU
		{9A79A152-C362-4FE9-B08C-421415F000FC}.Release|x86.ActiveCfg = Release|Any CPU
		{9A79A152-C362-4FE9-B08C-421415F000FC}.Release|x86.Build.0 = Release|Any CPU
		{67133137-BC5C-45D5-8039-317C8976584C}.Debug|Any CPU.ActiveCfg = Debug|Any CPU
		{67133137-BC5C-45D5-8039-317C8976584C}.Debug|Any CPU.Build.0 = Debug|Any CPU
		{67133137-BC5C-45D5-8039-317C8976584C}.Debug|x64.ActiveCfg = Debug|Any CPU
		{67133137-BC5C-45D5-8039-317C8976584C}.Debug|x64.Build.0 = Debug|Any CPU
		{67133137-BC5C-45D5-8039-317C8976584C}.Debug|x86.ActiveCfg = Debug|Any CPU
		{67133137-BC5C-45D5-8039-317C8976584C}.Debug|x86.Build.0 = Debug|Any CPU
		{67133137-BC5C-45D5-8039-317C8976584C}.Release|Any CPU.ActiveCfg = Release|Any CPU
		{67133137-BC5C-45D5-8039-317C8976584C}.Release|Any CPU.Build.0 = Release|Any CPU
		{67133137-BC5C-45D5-8039-317C8976584C}.Release|x64.ActiveCfg = Release|Any CPU
		{67133137-BC5C-45D5-8039-317C8976584C}.Release|x64.Build.0 = Release|Any CPU
		{67133137-BC5C-45D5-8039-317C8976584C}.Release|x86.ActiveCfg = Release|Any CPU
		{67133137-BC5C-45D5-8039-317C8976584C}.Release|x86.Build.0 = Release|Any CPU
		{09DD5478-8C2C-4355-9EF8-218E7E72D122}.Debug|Any CPU.ActiveCfg = Debug|Any CPU
		{09DD5478-8C2C-4355-9EF8-218E7E72D122}.Debug|Any CPU.Build.0 = Debug|Any CPU
		{09DD5478-8C2C-4355-9EF8-218E7E72D122}.Debug|x64.ActiveCfg = Debug|Any CPU
		{09DD5478-8C2C-4355-9EF8-218E7E72D122}.Debug|x64.Build.0 = Debug|Any CPU
		{09DD5478-8C2C-4355-9EF8-218E7E72D122}.Debug|x86.ActiveCfg = Debug|Any CPU
		{09DD5478-8C2C-4355-9EF8-218E7E72D122}.Debug|x86.Build.0 = Debug|Any CPU
		{09DD5478-8C2C-4355-9EF8-218E7E72D122}.Release|Any CPU.ActiveCfg = Release|Any CPU
		{09DD5478-8C2C-4355-9EF8-218E7E72D122}.Release|Any CPU.Build.0 = Release|Any CPU
		{09DD5478-8C2C-4355-9EF8-218E7E72D122}.Release|x64.ActiveCfg = Release|Any CPU
		{09DD5478-8C2C-4355-9EF8-218E7E72D122}.Release|x64.Build.0 = Release|Any CPU
		{09DD5478-8C2C-4355-9EF8-218E7E72D122}.Release|x86.ActiveCfg = Release|Any CPU
		{09DD5478-8C2C-4355-9EF8-218E7E72D122}.Release|x86.Build.0 = Release|Any CPU
		{0F2B5998-1B64-4157-9605-6118883EF52A}.Debug|Any CPU.ActiveCfg = Debug|Any CPU
		{0F2B5998-1B64-4157-9605-6118883EF52A}.Debug|Any CPU.Build.0 = Debug|Any CPU
		{0F2B5998-1B64-4157-9605-6118883EF52A}.Debug|x64.ActiveCfg = Debug|Any CPU
		{0F2B5998-1B64-4157-9605-6118883EF52A}.Debug|x64.Build.0 = Debug|Any CPU
		{0F2B5998-1B64-4157-9605-6118883EF52A}.Debug|x86.ActiveCfg = Debug|Any CPU
		{0F2B5998-1B64-4157-9605-6118883EF52A}.Debug|x86.Build.0 = Debug|Any CPU
		{0F2B5998-1B64-4157-9605-6118883EF52A}.Release|Any CPU.ActiveCfg = Release|Any CPU
		{0F2B5998-1B64-4157-9605-6118883EF52A}.Release|Any CPU.Build.0 = Release|Any CPU
		{0F2B5998-1B64-4157-9605-6118883EF52A}.Release|x64.ActiveCfg = Release|Any CPU
		{0F2B5998-1B64-4157-9605-6118883EF52A}.Release|x64.Build.0 = Release|Any CPU
		{0F2B5998-1B64-4157-9605-6118883EF52A}.Release|x86.ActiveCfg = Release|Any CPU
		{0F2B5998-1B64-4157-9605-6118883EF52A}.Release|x86.Build.0 = Release|Any CPU
		{45ED4817-98AC-452C-8951-458025F29F22}.Debug|Any CPU.ActiveCfg = Debug|Any CPU
		{45ED4817-98AC-452C-8951-458025F29F22}.Debug|Any CPU.Build.0 = Debug|Any CPU
		{45ED4817-98AC-452C-8951-458025F29F22}.Debug|x64.ActiveCfg = Debug|Any CPU
		{45ED4817-98AC-452C-8951-458025F29F22}.Debug|x64.Build.0 = Debug|Any CPU
		{45ED4817-98AC-452C-8951-458025F29F22}.Debug|x86.ActiveCfg = Debug|Any CPU
		{45ED4817-98AC-452C-8951-458025F29F22}.Debug|x86.Build.0 = Debug|Any CPU
		{45ED4817-98AC-452C-8951-458025F29F22}.Release|Any CPU.ActiveCfg = Release|Any CPU
		{45ED4817-98AC-452C-8951-458025F29F22}.Release|Any CPU.Build.0 = Release|Any CPU
		{45ED4817-98AC-452C-8951-458025F29F22}.Release|x64.ActiveCfg = Release|Any CPU
		{45ED4817-98AC-452C-8951-458025F29F22}.Release|x64.Build.0 = Release|Any CPU
		{45ED4817-98AC-452C-8951-458025F29F22}.Release|x86.ActiveCfg = Release|Any CPU
		{45ED4817-98AC-452C-8951-458025F29F22}.Release|x86.Build.0 = Release|Any CPU
		{8DD8B412-14A6-44E8-B37D-2F31DA46E219}.Debug|Any CPU.ActiveCfg = Debug|Any CPU
		{8DD8B412-14A6-44E8-B37D-2F31DA46E219}.Debug|Any CPU.Build.0 = Debug|Any CPU
		{8DD8B412-14A6-44E8-B37D-2F31DA46E219}.Debug|x64.ActiveCfg = Debug|Any CPU
		{8DD8B412-14A6-44E8-B37D-2F31DA46E219}.Debug|x64.Build.0 = Debug|Any CPU
		{8DD8B412-14A6-44E8-B37D-2F31DA46E219}.Debug|x86.ActiveCfg = Debug|Any CPU
		{8DD8B412-14A6-44E8-B37D-2F31DA46E219}.Debug|x86.Build.0 = Debug|Any CPU
		{8DD8B412-14A6-44E8-B37D-2F31DA46E219}.Release|Any CPU.ActiveCfg = Release|Any CPU
		{8DD8B412-14A6-44E8-B37D-2F31DA46E219}.Release|Any CPU.Build.0 = Release|Any CPU
		{8DD8B412-14A6-44E8-B37D-2F31DA46E219}.Release|x64.ActiveCfg = Release|Any CPU
		{8DD8B412-14A6-44E8-B37D-2F31DA46E219}.Release|x64.Build.0 = Release|Any CPU
		{8DD8B412-14A6-44E8-B37D-2F31DA46E219}.Release|x86.ActiveCfg = Release|Any CPU
		{8DD8B412-14A6-44E8-B37D-2F31DA46E219}.Release|x86.Build.0 = Release|Any CPU
		{7EE62BF5-B1F5-4F16-8BBE-1D05CD5A2074}.Debug|Any CPU.ActiveCfg = Debug|Any CPU
		{7EE62BF5-B1F5-4F16-8BBE-1D05CD5A2074}.Debug|Any CPU.Build.0 = Debug|Any CPU
		{7EE62BF5-B1F5-4F16-8BBE-1D05CD5A2074}.Debug|x64.ActiveCfg = Debug|Any CPU
		{7EE62BF5-B1F5-4F16-8BBE-1D05CD5A2074}.Debug|x64.Build.0 = Debug|Any CPU
		{7EE62BF5-B1F5-4F16-8BBE-1D05CD5A2074}.Debug|x86.ActiveCfg = Debug|Any CPU
		{7EE62BF5-B1F5-4F16-8BBE-1D05CD5A2074}.Debug|x86.Build.0 = Debug|Any CPU
		{7EE62BF5-B1F5-4F16-8BBE-1D05CD5A2074}.Release|Any CPU.ActiveCfg = Release|Any CPU
		{7EE62BF5-B1F5-4F16-8BBE-1D05CD5A2074}.Release|Any CPU.Build.0 = Release|Any CPU
		{7EE62BF5-B1F5-4F16-8BBE-1D05CD5A2074}.Release|x64.ActiveCfg = Release|Any CPU
		{7EE62BF5-B1F5-4F16-8BBE-1D05CD5A2074}.Release|x64.Build.0 = Release|Any CPU
		{7EE62BF5-B1F5-4F16-8BBE-1D05CD5A2074}.Release|x86.ActiveCfg = Release|Any CPU
		{7EE62BF5-B1F5-4F16-8BBE-1D05CD5A2074}.Release|x86.Build.0 = Release|Any CPU
		{83FB9B26-14BE-47D5-8C57-4F383ADE0B0E}.Debug|Any CPU.ActiveCfg = Debug|Any CPU
		{83FB9B26-14BE-47D5-8C57-4F383ADE0B0E}.Debug|Any CPU.Build.0 = Debug|Any CPU
		{83FB9B26-14BE-47D5-8C57-4F383ADE0B0E}.Debug|x64.ActiveCfg = Debug|Any CPU
		{83FB9B26-14BE-47D5-8C57-4F383ADE0B0E}.Debug|x64.Build.0 = Debug|Any CPU
		{83FB9B26-14BE-47D5-8C57-4F383ADE0B0E}.Debug|x86.ActiveCfg = Debug|Any CPU
		{83FB9B26-14BE-47D5-8C57-4F383ADE0B0E}.Debug|x86.Build.0 = Debug|Any CPU
		{83FB9B26-14BE-47D5-8C57-4F383ADE0B0E}.Release|Any CPU.ActiveCfg = Release|Any CPU
		{83FB9B26-14BE-47D5-8C57-4F383ADE0B0E}.Release|Any CPU.Build.0 = Release|Any CPU
		{83FB9B26-14BE-47D5-8C57-4F383ADE0B0E}.Release|x64.ActiveCfg = Release|Any CPU
		{83FB9B26-14BE-47D5-8C57-4F383ADE0B0E}.Release|x64.Build.0 = Release|Any CPU
		{83FB9B26-14BE-47D5-8C57-4F383ADE0B0E}.Release|x86.ActiveCfg = Release|Any CPU
		{83FB9B26-14BE-47D5-8C57-4F383ADE0B0E}.Release|x86.Build.0 = Release|Any CPU
		{2C4905B7-53CF-4425-8695-F971A64F7CFC}.Debug|Any CPU.ActiveCfg = Debug|Any CPU
		{2C4905B7-53CF-4425-8695-F971A64F7CFC}.Debug|Any CPU.Build.0 = Debug|Any CPU
		{2C4905B7-53CF-4425-8695-F971A64F7CFC}.Debug|x64.ActiveCfg = Debug|Any CPU
		{2C4905B7-53CF-4425-8695-F971A64F7CFC}.Debug|x64.Build.0 = Debug|Any CPU
		{2C4905B7-53CF-4425-8695-F971A64F7CFC}.Debug|x86.ActiveCfg = Debug|Any CPU
		{2C4905B7-53CF-4425-8695-F971A64F7CFC}.Debug|x86.Build.0 = Debug|Any CPU
		{2C4905B7-53CF-4425-8695-F971A64F7CFC}.Release|Any CPU.ActiveCfg = Release|Any CPU
		{2C4905B7-53CF-4425-8695-F971A64F7CFC}.Release|Any CPU.Build.0 = Release|Any CPU
		{2C4905B7-53CF-4425-8695-F971A64F7CFC}.Release|x64.ActiveCfg = Release|Any CPU
		{2C4905B7-53CF-4425-8695-F971A64F7CFC}.Release|x64.Build.0 = Release|Any CPU
		{2C4905B7-53CF-4425-8695-F971A64F7CFC}.Release|x86.ActiveCfg = Release|Any CPU
		{2C4905B7-53CF-4425-8695-F971A64F7CFC}.Release|x86.Build.0 = Release|Any CPU
		{E5976FA8-FF97-4251-80CF-005302D62B89}.Debug|Any CPU.ActiveCfg = Debug|Any CPU
		{E5976FA8-FF97-4251-80CF-005302D62B89}.Debug|Any CPU.Build.0 = Debug|Any CPU
		{E5976FA8-FF97-4251-80CF-005302D62B89}.Debug|x64.ActiveCfg = Debug|Any CPU
		{E5976FA8-FF97-4251-80CF-005302D62B89}.Debug|x64.Build.0 = Debug|Any CPU
		{E5976FA8-FF97-4251-80CF-005302D62B89}.Debug|x86.ActiveCfg = Debug|Any CPU
		{E5976FA8-FF97-4251-80CF-005302D62B89}.Debug|x86.Build.0 = Debug|Any CPU
		{E5976FA8-FF97-4251-80CF-005302D62B89}.Release|Any CPU.ActiveCfg = Release|Any CPU
		{E5976FA8-FF97-4251-80CF-005302D62B89}.Release|Any CPU.Build.0 = Release|Any CPU
		{E5976FA8-FF97-4251-80CF-005302D62B89}.Release|x64.ActiveCfg = Release|Any CPU
		{E5976FA8-FF97-4251-80CF-005302D62B89}.Release|x64.Build.0 = Release|Any CPU
		{E5976FA8-FF97-4251-80CF-005302D62B89}.Release|x86.ActiveCfg = Release|Any CPU
		{E5976FA8-FF97-4251-80CF-005302D62B89}.Release|x86.Build.0 = Release|Any CPU
		{06BAE8F7-B018-4C27-9F45-C463AD1475D2}.Debug|Any CPU.ActiveCfg = Debug|Any CPU
		{06BAE8F7-B018-4C27-9F45-C463AD1475D2}.Debug|Any CPU.Build.0 = Debug|Any CPU
		{06BAE8F7-B018-4C27-9F45-C463AD1475D2}.Debug|x64.ActiveCfg = Debug|Any CPU
		{06BAE8F7-B018-4C27-9F45-C463AD1475D2}.Debug|x64.Build.0 = Debug|Any CPU
		{06BAE8F7-B018-4C27-9F45-C463AD1475D2}.Debug|x86.ActiveCfg = Debug|Any CPU
		{06BAE8F7-B018-4C27-9F45-C463AD1475D2}.Debug|x86.Build.0 = Debug|Any CPU
		{06BAE8F7-B018-4C27-9F45-C463AD1475D2}.Release|Any CPU.ActiveCfg = Release|Any CPU
		{06BAE8F7-B018-4C27-9F45-C463AD1475D2}.Release|Any CPU.Build.0 = Release|Any CPU
		{06BAE8F7-B018-4C27-9F45-C463AD1475D2}.Release|x64.ActiveCfg = Release|Any CPU
		{06BAE8F7-B018-4C27-9F45-C463AD1475D2}.Release|x64.Build.0 = Release|Any CPU
		{06BAE8F7-B018-4C27-9F45-C463AD1475D2}.Release|x86.ActiveCfg = Release|Any CPU
		{06BAE8F7-B018-4C27-9F45-C463AD1475D2}.Release|x86.Build.0 = Release|Any CPU
		{82745936-4356-4496-B9AC-67EF37174C10}.Debug|Any CPU.ActiveCfg = Debug|Any CPU
		{82745936-4356-4496-B9AC-67EF37174C10}.Debug|Any CPU.Build.0 = Debug|Any CPU
		{82745936-4356-4496-B9AC-67EF37174C10}.Debug|x64.ActiveCfg = Debug|Any CPU
		{82745936-4356-4496-B9AC-67EF37174C10}.Debug|x64.Build.0 = Debug|Any CPU
		{82745936-4356-4496-B9AC-67EF37174C10}.Debug|x86.ActiveCfg = Debug|Any CPU
		{82745936-4356-4496-B9AC-67EF37174C10}.Debug|x86.Build.0 = Debug|Any CPU
		{82745936-4356-4496-B9AC-67EF37174C10}.Release|Any CPU.ActiveCfg = Release|Any CPU
		{82745936-4356-4496-B9AC-67EF37174C10}.Release|Any CPU.Build.0 = Release|Any CPU
		{82745936-4356-4496-B9AC-67EF37174C10}.Release|x64.ActiveCfg = Release|Any CPU
		{82745936-4356-4496-B9AC-67EF37174C10}.Release|x64.Build.0 = Release|Any CPU
		{82745936-4356-4496-B9AC-67EF37174C10}.Release|x86.ActiveCfg = Release|Any CPU
		{82745936-4356-4496-B9AC-67EF37174C10}.Release|x86.Build.0 = Release|Any CPU
		{C60647A5-2D2D-4666-B3B8-C7C502A65827}.Debug|Any CPU.ActiveCfg = Debug|Any CPU
		{C60647A5-2D2D-4666-B3B8-C7C502A65827}.Debug|Any CPU.Build.0 = Debug|Any CPU
		{C60647A5-2D2D-4666-B3B8-C7C502A65827}.Debug|x64.ActiveCfg = Debug|Any CPU
		{C60647A5-2D2D-4666-B3B8-C7C502A65827}.Debug|x64.Build.0 = Debug|Any CPU
		{C60647A5-2D2D-4666-B3B8-C7C502A65827}.Debug|x86.ActiveCfg = Debug|Any CPU
		{C60647A5-2D2D-4666-B3B8-C7C502A65827}.Debug|x86.Build.0 = Debug|Any CPU
		{C60647A5-2D2D-4666-B3B8-C7C502A65827}.Release|Any CPU.ActiveCfg = Release|Any CPU
		{C60647A5-2D2D-4666-B3B8-C7C502A65827}.Release|Any CPU.Build.0 = Release|Any CPU
		{C60647A5-2D2D-4666-B3B8-C7C502A65827}.Release|x64.ActiveCfg = Release|Any CPU
		{C60647A5-2D2D-4666-B3B8-C7C502A65827}.Release|x64.Build.0 = Release|Any CPU
		{C60647A5-2D2D-4666-B3B8-C7C502A65827}.Release|x86.ActiveCfg = Release|Any CPU
		{C60647A5-2D2D-4666-B3B8-C7C502A65827}.Release|x86.Build.0 = Release|Any CPU
		{71619A9C-4434-4AB4-8214-4D70AF57CA08}.Debug|Any CPU.ActiveCfg = Debug|Any CPU
		{71619A9C-4434-4AB4-8214-4D70AF57CA08}.Debug|Any CPU.Build.0 = Debug|Any CPU
		{71619A9C-4434-4AB4-8214-4D70AF57CA08}.Debug|x64.ActiveCfg = Debug|Any CPU
		{71619A9C-4434-4AB4-8214-4D70AF57CA08}.Debug|x64.Build.0 = Debug|Any CPU
		{71619A9C-4434-4AB4-8214-4D70AF57CA08}.Debug|x86.ActiveCfg = Debug|Any CPU
		{71619A9C-4434-4AB4-8214-4D70AF57CA08}.Debug|x86.Build.0 = Debug|Any CPU
		{71619A9C-4434-4AB4-8214-4D70AF57CA08}.Release|Any CPU.ActiveCfg = Release|Any CPU
		{71619A9C-4434-4AB4-8214-4D70AF57CA08}.Release|Any CPU.Build.0 = Release|Any CPU
		{71619A9C-4434-4AB4-8214-4D70AF57CA08}.Release|x64.ActiveCfg = Release|Any CPU
		{71619A9C-4434-4AB4-8214-4D70AF57CA08}.Release|x64.Build.0 = Release|Any CPU
		{71619A9C-4434-4AB4-8214-4D70AF57CA08}.Release|x86.ActiveCfg = Release|Any CPU
		{71619A9C-4434-4AB4-8214-4D70AF57CA08}.Release|x86.Build.0 = Release|Any CPU
		{606E2C3D-F1D6-4F47-B242-530FB3332009}.Debug|Any CPU.ActiveCfg = Debug|Any CPU
		{606E2C3D-F1D6-4F47-B242-530FB3332009}.Debug|Any CPU.Build.0 = Debug|Any CPU
		{606E2C3D-F1D6-4F47-B242-530FB3332009}.Debug|x64.ActiveCfg = Debug|Any CPU
		{606E2C3D-F1D6-4F47-B242-530FB3332009}.Debug|x64.Build.0 = Debug|Any CPU
		{606E2C3D-F1D6-4F47-B242-530FB3332009}.Debug|x86.ActiveCfg = Debug|Any CPU
		{606E2C3D-F1D6-4F47-B242-530FB3332009}.Debug|x86.Build.0 = Debug|Any CPU
		{606E2C3D-F1D6-4F47-B242-530FB3332009}.Release|Any CPU.ActiveCfg = Release|Any CPU
		{606E2C3D-F1D6-4F47-B242-530FB3332009}.Release|Any CPU.Build.0 = Release|Any CPU
		{606E2C3D-F1D6-4F47-B242-530FB3332009}.Release|x64.ActiveCfg = Release|Any CPU
		{606E2C3D-F1D6-4F47-B242-530FB3332009}.Release|x64.Build.0 = Release|Any CPU
		{606E2C3D-F1D6-4F47-B242-530FB3332009}.Release|x86.ActiveCfg = Release|Any CPU
		{606E2C3D-F1D6-4F47-B242-530FB3332009}.Release|x86.Build.0 = Release|Any CPU
		{759A1ACA-708D-4D0F-A243-7B53FA6E4F70}.Debug|Any CPU.ActiveCfg = Debug|Any CPU
		{759A1ACA-708D-4D0F-A243-7B53FA6E4F70}.Debug|Any CPU.Build.0 = Debug|Any CPU
		{759A1ACA-708D-4D0F-A243-7B53FA6E4F70}.Debug|x64.ActiveCfg = Debug|Any CPU
		{759A1ACA-708D-4D0F-A243-7B53FA6E4F70}.Debug|x64.Build.0 = Debug|Any CPU
		{759A1ACA-708D-4D0F-A243-7B53FA6E4F70}.Debug|x86.ActiveCfg = Debug|Any CPU
		{759A1ACA-708D-4D0F-A243-7B53FA6E4F70}.Debug|x86.Build.0 = Debug|Any CPU
		{759A1ACA-708D-4D0F-A243-7B53FA6E4F70}.Release|Any CPU.ActiveCfg = Release|Any CPU
		{759A1ACA-708D-4D0F-A243-7B53FA6E4F70}.Release|Any CPU.Build.0 = Release|Any CPU
		{759A1ACA-708D-4D0F-A243-7B53FA6E4F70}.Release|x64.ActiveCfg = Release|Any CPU
		{759A1ACA-708D-4D0F-A243-7B53FA6E4F70}.Release|x64.Build.0 = Release|Any CPU
		{759A1ACA-708D-4D0F-A243-7B53FA6E4F70}.Release|x86.ActiveCfg = Release|Any CPU
		{759A1ACA-708D-4D0F-A243-7B53FA6E4F70}.Release|x86.Build.0 = Release|Any CPU
		{9E4782BD-54ED-48BA-B384-6EC925245BF0}.Debug|Any CPU.ActiveCfg = Debug|Any CPU
		{9E4782BD-54ED-48BA-B384-6EC925245BF0}.Debug|Any CPU.Build.0 = Debug|Any CPU
		{9E4782BD-54ED-48BA-B384-6EC925245BF0}.Debug|x64.ActiveCfg = Debug|Any CPU
		{9E4782BD-54ED-48BA-B384-6EC925245BF0}.Debug|x64.Build.0 = Debug|Any CPU
		{9E4782BD-54ED-48BA-B384-6EC925245BF0}.Debug|x86.ActiveCfg = Debug|Any CPU
		{9E4782BD-54ED-48BA-B384-6EC925245BF0}.Debug|x86.Build.0 = Debug|Any CPU
		{9E4782BD-54ED-48BA-B384-6EC925245BF0}.Release|Any CPU.ActiveCfg = Release|Any CPU
		{9E4782BD-54ED-48BA-B384-6EC925245BF0}.Release|Any CPU.Build.0 = Release|Any CPU
		{9E4782BD-54ED-48BA-B384-6EC925245BF0}.Release|x64.ActiveCfg = Release|Any CPU
		{9E4782BD-54ED-48BA-B384-6EC925245BF0}.Release|x64.Build.0 = Release|Any CPU
		{9E4782BD-54ED-48BA-B384-6EC925245BF0}.Release|x86.ActiveCfg = Release|Any CPU
		{9E4782BD-54ED-48BA-B384-6EC925245BF0}.Release|x86.Build.0 = Release|Any CPU
		{BCE4286B-CE26-4142-9D50-E0B4B8176B85}.Debug|Any CPU.ActiveCfg = Debug|Any CPU
		{BCE4286B-CE26-4142-9D50-E0B4B8176B85}.Debug|Any CPU.Build.0 = Debug|Any CPU
		{BCE4286B-CE26-4142-9D50-E0B4B8176B85}.Debug|x64.ActiveCfg = Debug|Any CPU
		{BCE4286B-CE26-4142-9D50-E0B4B8176B85}.Debug|x64.Build.0 = Debug|Any CPU
		{BCE4286B-CE26-4142-9D50-E0B4B8176B85}.Debug|x86.ActiveCfg = Debug|Any CPU
		{BCE4286B-CE26-4142-9D50-E0B4B8176B85}.Debug|x86.Build.0 = Debug|Any CPU
		{BCE4286B-CE26-4142-9D50-E0B4B8176B85}.Release|Any CPU.ActiveCfg = Release|Any CPU
		{BCE4286B-CE26-4142-9D50-E0B4B8176B85}.Release|Any CPU.Build.0 = Release|Any CPU
		{BCE4286B-CE26-4142-9D50-E0B4B8176B85}.Release|x64.ActiveCfg = Release|Any CPU
		{BCE4286B-CE26-4142-9D50-E0B4B8176B85}.Release|x64.Build.0 = Release|Any CPU
		{BCE4286B-CE26-4142-9D50-E0B4B8176B85}.Release|x86.ActiveCfg = Release|Any CPU
		{BCE4286B-CE26-4142-9D50-E0B4B8176B85}.Release|x86.Build.0 = Release|Any CPU
		{D076E176-3069-4F73-8AF7-490CFC1B9067}.Debug|Any CPU.ActiveCfg = Debug|Any CPU
		{D076E176-3069-4F73-8AF7-490CFC1B9067}.Debug|Any CPU.Build.0 = Debug|Any CPU
		{D076E176-3069-4F73-8AF7-490CFC1B9067}.Debug|x64.ActiveCfg = Debug|Any CPU
		{D076E176-3069-4F73-8AF7-490CFC1B9067}.Debug|x64.Build.0 = Debug|Any CPU
		{D076E176-3069-4F73-8AF7-490CFC1B9067}.Debug|x86.ActiveCfg = Debug|Any CPU
		{D076E176-3069-4F73-8AF7-490CFC1B9067}.Debug|x86.Build.0 = Debug|Any CPU
		{D076E176-3069-4F73-8AF7-490CFC1B9067}.Release|Any CPU.ActiveCfg = Release|Any CPU
		{D076E176-3069-4F73-8AF7-490CFC1B9067}.Release|Any CPU.Build.0 = Release|Any CPU
		{D076E176-3069-4F73-8AF7-490CFC1B9067}.Release|x64.ActiveCfg = Release|Any CPU
		{D076E176-3069-4F73-8AF7-490CFC1B9067}.Release|x64.Build.0 = Release|Any CPU
		{D076E176-3069-4F73-8AF7-490CFC1B9067}.Release|x86.ActiveCfg = Release|Any CPU
		{D076E176-3069-4F73-8AF7-490CFC1B9067}.Release|x86.Build.0 = Release|Any CPU
		{625AB833-0874-4DB5-A8FE-3C4A2B20C944}.Debug|Any CPU.ActiveCfg = Debug|Any CPU
		{625AB833-0874-4DB5-A8FE-3C4A2B20C944}.Debug|Any CPU.Build.0 = Debug|Any CPU
		{625AB833-0874-4DB5-A8FE-3C4A2B20C944}.Debug|x64.ActiveCfg = Debug|Any CPU
		{625AB833-0874-4DB5-A8FE-3C4A2B20C944}.Debug|x64.Build.0 = Debug|Any CPU
		{625AB833-0874-4DB5-A8FE-3C4A2B20C944}.Debug|x86.ActiveCfg = Debug|Any CPU
		{625AB833-0874-4DB5-A8FE-3C4A2B20C944}.Debug|x86.Build.0 = Debug|Any CPU
		{625AB833-0874-4DB5-A8FE-3C4A2B20C944}.Release|Any CPU.ActiveCfg = Release|Any CPU
		{625AB833-0874-4DB5-A8FE-3C4A2B20C944}.Release|Any CPU.Build.0 = Release|Any CPU
		{625AB833-0874-4DB5-A8FE-3C4A2B20C944}.Release|x64.ActiveCfg = Release|Any CPU
		{625AB833-0874-4DB5-A8FE-3C4A2B20C944}.Release|x64.Build.0 = Release|Any CPU
		{625AB833-0874-4DB5-A8FE-3C4A2B20C944}.Release|x86.ActiveCfg = Release|Any CPU
		{625AB833-0874-4DB5-A8FE-3C4A2B20C944}.Release|x86.Build.0 = Release|Any CPU
		{4A767CF1-4414-46AB-BA03-9A6497598CE9}.Debug|Any CPU.ActiveCfg = Debug|Any CPU
		{4A767CF1-4414-46AB-BA03-9A6497598CE9}.Debug|Any CPU.Build.0 = Debug|Any CPU
		{4A767CF1-4414-46AB-BA03-9A6497598CE9}.Debug|x64.ActiveCfg = Debug|Any CPU
		{4A767CF1-4414-46AB-BA03-9A6497598CE9}.Debug|x64.Build.0 = Debug|Any CPU
		{4A767CF1-4414-46AB-BA03-9A6497598CE9}.Debug|x86.ActiveCfg = Debug|Any CPU
		{4A767CF1-4414-46AB-BA03-9A6497598CE9}.Debug|x86.Build.0 = Debug|Any CPU
		{4A767CF1-4414-46AB-BA03-9A6497598CE9}.Release|Any CPU.ActiveCfg = Release|Any CPU
		{4A767CF1-4414-46AB-BA03-9A6497598CE9}.Release|Any CPU.Build.0 = Release|Any CPU
		{4A767CF1-4414-46AB-BA03-9A6497598CE9}.Release|x64.ActiveCfg = Release|Any CPU
		{4A767CF1-4414-46AB-BA03-9A6497598CE9}.Release|x64.Build.0 = Release|Any CPU
		{4A767CF1-4414-46AB-BA03-9A6497598CE9}.Release|x86.ActiveCfg = Release|Any CPU
		{4A767CF1-4414-46AB-BA03-9A6497598CE9}.Release|x86.Build.0 = Release|Any CPU
		{9EC90436-5E83-4AA4-9D0B-7607A42FCD93}.Debug|Any CPU.ActiveCfg = Debug|Any CPU
		{9EC90436-5E83-4AA4-9D0B-7607A42FCD93}.Debug|Any CPU.Build.0 = Debug|Any CPU
		{9EC90436-5E83-4AA4-9D0B-7607A42FCD93}.Debug|x64.ActiveCfg = Debug|Any CPU
		{9EC90436-5E83-4AA4-9D0B-7607A42FCD93}.Debug|x64.Build.0 = Debug|Any CPU
		{9EC90436-5E83-4AA4-9D0B-7607A42FCD93}.Debug|x86.ActiveCfg = Debug|Any CPU
		{9EC90436-5E83-4AA4-9D0B-7607A42FCD93}.Debug|x86.Build.0 = Debug|Any CPU
		{9EC90436-5E83-4AA4-9D0B-7607A42FCD93}.Release|Any CPU.ActiveCfg = Release|Any CPU
		{9EC90436-5E83-4AA4-9D0B-7607A42FCD93}.Release|Any CPU.Build.0 = Release|Any CPU
		{9EC90436-5E83-4AA4-9D0B-7607A42FCD93}.Release|x64.ActiveCfg = Release|Any CPU
		{9EC90436-5E83-4AA4-9D0B-7607A42FCD93}.Release|x64.Build.0 = Release|Any CPU
		{9EC90436-5E83-4AA4-9D0B-7607A42FCD93}.Release|x86.ActiveCfg = Release|Any CPU
		{9EC90436-5E83-4AA4-9D0B-7607A42FCD93}.Release|x86.Build.0 = Release|Any CPU
		{3489856B-7F81-4544-9AD9-39D8FBFC2BE1}.Debug|Any CPU.ActiveCfg = Debug|Any CPU
		{3489856B-7F81-4544-9AD9-39D8FBFC2BE1}.Debug|Any CPU.Build.0 = Debug|Any CPU
		{3489856B-7F81-4544-9AD9-39D8FBFC2BE1}.Debug|x64.ActiveCfg = Debug|Any CPU
		{3489856B-7F81-4544-9AD9-39D8FBFC2BE1}.Debug|x64.Build.0 = Debug|Any CPU
		{3489856B-7F81-4544-9AD9-39D8FBFC2BE1}.Debug|x86.ActiveCfg = Debug|Any CPU
		{3489856B-7F81-4544-9AD9-39D8FBFC2BE1}.Debug|x86.Build.0 = Debug|Any CPU
		{3489856B-7F81-4544-9AD9-39D8FBFC2BE1}.Release|Any CPU.ActiveCfg = Release|Any CPU
		{3489856B-7F81-4544-9AD9-39D8FBFC2BE1}.Release|Any CPU.Build.0 = Release|Any CPU
		{3489856B-7F81-4544-9AD9-39D8FBFC2BE1}.Release|x64.ActiveCfg = Release|Any CPU
		{3489856B-7F81-4544-9AD9-39D8FBFC2BE1}.Release|x64.Build.0 = Release|Any CPU
		{3489856B-7F81-4544-9AD9-39D8FBFC2BE1}.Release|x86.ActiveCfg = Release|Any CPU
		{3489856B-7F81-4544-9AD9-39D8FBFC2BE1}.Release|x86.Build.0 = Release|Any CPU
		{157CCC1A-11BF-4667-899E-3AE2A0A456CB}.Debug|Any CPU.ActiveCfg = Debug|Any CPU
		{157CCC1A-11BF-4667-899E-3AE2A0A456CB}.Debug|Any CPU.Build.0 = Debug|Any CPU
		{157CCC1A-11BF-4667-899E-3AE2A0A456CB}.Debug|x64.ActiveCfg = Debug|Any CPU
		{157CCC1A-11BF-4667-899E-3AE2A0A456CB}.Debug|x64.Build.0 = Debug|Any CPU
		{157CCC1A-11BF-4667-899E-3AE2A0A456CB}.Debug|x86.ActiveCfg = Debug|Any CPU
		{157CCC1A-11BF-4667-899E-3AE2A0A456CB}.Debug|x86.Build.0 = Debug|Any CPU
		{157CCC1A-11BF-4667-899E-3AE2A0A456CB}.Release|Any CPU.ActiveCfg = Release|Any CPU
		{157CCC1A-11BF-4667-899E-3AE2A0A456CB}.Release|Any CPU.Build.0 = Release|Any CPU
		{157CCC1A-11BF-4667-899E-3AE2A0A456CB}.Release|x64.ActiveCfg = Release|Any CPU
		{157CCC1A-11BF-4667-899E-3AE2A0A456CB}.Release|x64.Build.0 = Release|Any CPU
		{157CCC1A-11BF-4667-899E-3AE2A0A456CB}.Release|x86.ActiveCfg = Release|Any CPU
		{157CCC1A-11BF-4667-899E-3AE2A0A456CB}.Release|x86.Build.0 = Release|Any CPU
		{66F0EB9F-32E3-45B9-993B-1487BA9FD55D}.Debug|Any CPU.ActiveCfg = Debug|Any CPU
		{66F0EB9F-32E3-45B9-993B-1487BA9FD55D}.Debug|Any CPU.Build.0 = Debug|Any CPU
		{66F0EB9F-32E3-45B9-993B-1487BA9FD55D}.Debug|x64.ActiveCfg = Debug|Any CPU
		{66F0EB9F-32E3-45B9-993B-1487BA9FD55D}.Debug|x64.Build.0 = Debug|Any CPU
		{66F0EB9F-32E3-45B9-993B-1487BA9FD55D}.Debug|x86.ActiveCfg = Debug|Any CPU
		{66F0EB9F-32E3-45B9-993B-1487BA9FD55D}.Debug|x86.Build.0 = Debug|Any CPU
		{66F0EB9F-32E3-45B9-993B-1487BA9FD55D}.Release|Any CPU.ActiveCfg = Release|Any CPU
		{66F0EB9F-32E3-45B9-993B-1487BA9FD55D}.Release|Any CPU.Build.0 = Release|Any CPU
		{66F0EB9F-32E3-45B9-993B-1487BA9FD55D}.Release|x64.ActiveCfg = Release|Any CPU
		{66F0EB9F-32E3-45B9-993B-1487BA9FD55D}.Release|x64.Build.0 = Release|Any CPU
		{66F0EB9F-32E3-45B9-993B-1487BA9FD55D}.Release|x86.ActiveCfg = Release|Any CPU
		{66F0EB9F-32E3-45B9-993B-1487BA9FD55D}.Release|x86.Build.0 = Release|Any CPU
		{13A7A7BD-E9E8-41BA-8B3C-55C4F2F858D3}.Debug|Any CPU.ActiveCfg = Debug|Any CPU
		{13A7A7BD-E9E8-41BA-8B3C-55C4F2F858D3}.Debug|Any CPU.Build.0 = Debug|Any CPU
		{13A7A7BD-E9E8-41BA-8B3C-55C4F2F858D3}.Debug|x64.ActiveCfg = Debug|Any CPU
		{13A7A7BD-E9E8-41BA-8B3C-55C4F2F858D3}.Debug|x64.Build.0 = Debug|Any CPU
		{13A7A7BD-E9E8-41BA-8B3C-55C4F2F858D3}.Debug|x86.ActiveCfg = Debug|Any CPU
		{13A7A7BD-E9E8-41BA-8B3C-55C4F2F858D3}.Debug|x86.Build.0 = Debug|Any CPU
		{13A7A7BD-E9E8-41BA-8B3C-55C4F2F858D3}.Release|Any CPU.ActiveCfg = Release|Any CPU
		{13A7A7BD-E9E8-41BA-8B3C-55C4F2F858D3}.Release|Any CPU.Build.0 = Release|Any CPU
		{13A7A7BD-E9E8-41BA-8B3C-55C4F2F858D3}.Release|x64.ActiveCfg = Release|Any CPU
		{13A7A7BD-E9E8-41BA-8B3C-55C4F2F858D3}.Release|x64.Build.0 = Release|Any CPU
		{13A7A7BD-E9E8-41BA-8B3C-55C4F2F858D3}.Release|x86.ActiveCfg = Release|Any CPU
		{13A7A7BD-E9E8-41BA-8B3C-55C4F2F858D3}.Release|x86.Build.0 = Release|Any CPU
		{280FFDA9-FF18-4158-BFF5-10E2BB1008B1}.Debug|Any CPU.ActiveCfg = Debug|Any CPU
		{280FFDA9-FF18-4158-BFF5-10E2BB1008B1}.Debug|Any CPU.Build.0 = Debug|Any CPU
		{280FFDA9-FF18-4158-BFF5-10E2BB1008B1}.Debug|x64.ActiveCfg = Debug|Any CPU
		{280FFDA9-FF18-4158-BFF5-10E2BB1008B1}.Debug|x64.Build.0 = Debug|Any CPU
		{280FFDA9-FF18-4158-BFF5-10E2BB1008B1}.Debug|x86.ActiveCfg = Debug|Any CPU
		{280FFDA9-FF18-4158-BFF5-10E2BB1008B1}.Debug|x86.Build.0 = Debug|Any CPU
		{280FFDA9-FF18-4158-BFF5-10E2BB1008B1}.Release|Any CPU.ActiveCfg = Release|Any CPU
		{280FFDA9-FF18-4158-BFF5-10E2BB1008B1}.Release|Any CPU.Build.0 = Release|Any CPU
		{280FFDA9-FF18-4158-BFF5-10E2BB1008B1}.Release|x64.ActiveCfg = Release|Any CPU
		{280FFDA9-FF18-4158-BFF5-10E2BB1008B1}.Release|x64.Build.0 = Release|Any CPU
		{280FFDA9-FF18-4158-BFF5-10E2BB1008B1}.Release|x86.ActiveCfg = Release|Any CPU
		{280FFDA9-FF18-4158-BFF5-10E2BB1008B1}.Release|x86.Build.0 = Release|Any CPU
		{E8533B96-4A73-4C80-A3CC-F1A3AE09AF8B}.Debug|Any CPU.ActiveCfg = Debug|Any CPU
		{E8533B96-4A73-4C80-A3CC-F1A3AE09AF8B}.Debug|Any CPU.Build.0 = Debug|Any CPU
		{E8533B96-4A73-4C80-A3CC-F1A3AE09AF8B}.Debug|x64.ActiveCfg = Debug|Any CPU
		{E8533B96-4A73-4C80-A3CC-F1A3AE09AF8B}.Debug|x64.Build.0 = Debug|Any CPU
		{E8533B96-4A73-4C80-A3CC-F1A3AE09AF8B}.Debug|x86.ActiveCfg = Debug|Any CPU
		{E8533B96-4A73-4C80-A3CC-F1A3AE09AF8B}.Debug|x86.Build.0 = Debug|Any CPU
		{E8533B96-4A73-4C80-A3CC-F1A3AE09AF8B}.Release|Any CPU.ActiveCfg = Release|Any CPU
		{E8533B96-4A73-4C80-A3CC-F1A3AE09AF8B}.Release|Any CPU.Build.0 = Release|Any CPU
		{E8533B96-4A73-4C80-A3CC-F1A3AE09AF8B}.Release|x64.ActiveCfg = Release|Any CPU
		{E8533B96-4A73-4C80-A3CC-F1A3AE09AF8B}.Release|x64.Build.0 = Release|Any CPU
		{E8533B96-4A73-4C80-A3CC-F1A3AE09AF8B}.Release|x86.ActiveCfg = Release|Any CPU
		{E8533B96-4A73-4C80-A3CC-F1A3AE09AF8B}.Release|x86.Build.0 = Release|Any CPU
		{2E3888D4-0A64-405F-BE74-712AB2FAE833}.Debug|Any CPU.ActiveCfg = Debug|Any CPU
		{2E3888D4-0A64-405F-BE74-712AB2FAE833}.Debug|Any CPU.Build.0 = Debug|Any CPU
		{2E3888D4-0A64-405F-BE74-712AB2FAE833}.Debug|x64.ActiveCfg = Debug|Any CPU
		{2E3888D4-0A64-405F-BE74-712AB2FAE833}.Debug|x64.Build.0 = Debug|Any CPU
		{2E3888D4-0A64-405F-BE74-712AB2FAE833}.Debug|x86.ActiveCfg = Debug|Any CPU
		{2E3888D4-0A64-405F-BE74-712AB2FAE833}.Debug|x86.Build.0 = Debug|Any CPU
		{2E3888D4-0A64-405F-BE74-712AB2FAE833}.Release|Any CPU.ActiveCfg = Release|Any CPU
		{2E3888D4-0A64-405F-BE74-712AB2FAE833}.Release|Any CPU.Build.0 = Release|Any CPU
		{2E3888D4-0A64-405F-BE74-712AB2FAE833}.Release|x64.ActiveCfg = Release|Any CPU
		{2E3888D4-0A64-405F-BE74-712AB2FAE833}.Release|x64.Build.0 = Release|Any CPU
		{2E3888D4-0A64-405F-BE74-712AB2FAE833}.Release|x86.ActiveCfg = Release|Any CPU
		{2E3888D4-0A64-405F-BE74-712AB2FAE833}.Release|x86.Build.0 = Release|Any CPU
		{21824138-9176-44C9-829A-0D830AEBD780}.Debug|Any CPU.ActiveCfg = Debug|Any CPU
		{21824138-9176-44C9-829A-0D830AEBD780}.Debug|Any CPU.Build.0 = Debug|Any CPU
		{21824138-9176-44C9-829A-0D830AEBD780}.Debug|x64.ActiveCfg = Debug|Any CPU
		{21824138-9176-44C9-829A-0D830AEBD780}.Debug|x64.Build.0 = Debug|Any CPU
		{21824138-9176-44C9-829A-0D830AEBD780}.Debug|x86.ActiveCfg = Debug|Any CPU
		{21824138-9176-44C9-829A-0D830AEBD780}.Debug|x86.Build.0 = Debug|Any CPU
		{21824138-9176-44C9-829A-0D830AEBD780}.Release|Any CPU.ActiveCfg = Release|Any CPU
		{21824138-9176-44C9-829A-0D830AEBD780}.Release|Any CPU.Build.0 = Release|Any CPU
		{21824138-9176-44C9-829A-0D830AEBD780}.Release|x64.ActiveCfg = Release|Any CPU
		{21824138-9176-44C9-829A-0D830AEBD780}.Release|x64.Build.0 = Release|Any CPU
		{21824138-9176-44C9-829A-0D830AEBD780}.Release|x86.ActiveCfg = Release|Any CPU
		{21824138-9176-44C9-829A-0D830AEBD780}.Release|x86.Build.0 = Release|Any CPU
		{8EFF1F73-8505-49BC-BDFB-0445A83A7EB4}.Debug|Any CPU.ActiveCfg = Debug|Any CPU
		{8EFF1F73-8505-49BC-BDFB-0445A83A7EB4}.Debug|Any CPU.Build.0 = Debug|Any CPU
		{8EFF1F73-8505-49BC-BDFB-0445A83A7EB4}.Debug|x64.ActiveCfg = Debug|Any CPU
		{8EFF1F73-8505-49BC-BDFB-0445A83A7EB4}.Debug|x64.Build.0 = Debug|Any CPU
		{8EFF1F73-8505-49BC-BDFB-0445A83A7EB4}.Debug|x86.ActiveCfg = Debug|Any CPU
		{8EFF1F73-8505-49BC-BDFB-0445A83A7EB4}.Debug|x86.Build.0 = Debug|Any CPU
		{8EFF1F73-8505-49BC-BDFB-0445A83A7EB4}.Release|Any CPU.ActiveCfg = Release|Any CPU
		{8EFF1F73-8505-49BC-BDFB-0445A83A7EB4}.Release|Any CPU.Build.0 = Release|Any CPU
		{8EFF1F73-8505-49BC-BDFB-0445A83A7EB4}.Release|x64.ActiveCfg = Release|Any CPU
		{8EFF1F73-8505-49BC-BDFB-0445A83A7EB4}.Release|x64.Build.0 = Release|Any CPU
		{8EFF1F73-8505-49BC-BDFB-0445A83A7EB4}.Release|x86.ActiveCfg = Release|Any CPU
		{8EFF1F73-8505-49BC-BDFB-0445A83A7EB4}.Release|x86.Build.0 = Release|Any CPU
		{F5A7221D-6AD8-47D0-B8ED-5B6482F3C271}.Debug|Any CPU.ActiveCfg = Debug|Any CPU
		{F5A7221D-6AD8-47D0-B8ED-5B6482F3C271}.Debug|Any CPU.Build.0 = Debug|Any CPU
		{F5A7221D-6AD8-47D0-B8ED-5B6482F3C271}.Debug|x64.ActiveCfg = Debug|Any CPU
		{F5A7221D-6AD8-47D0-B8ED-5B6482F3C271}.Debug|x64.Build.0 = Debug|Any CPU
		{F5A7221D-6AD8-47D0-B8ED-5B6482F3C271}.Debug|x86.ActiveCfg = Debug|Any CPU
		{F5A7221D-6AD8-47D0-B8ED-5B6482F3C271}.Debug|x86.Build.0 = Debug|Any CPU
		{F5A7221D-6AD8-47D0-B8ED-5B6482F3C271}.Release|Any CPU.ActiveCfg = Release|Any CPU
		{F5A7221D-6AD8-47D0-B8ED-5B6482F3C271}.Release|Any CPU.Build.0 = Release|Any CPU
		{F5A7221D-6AD8-47D0-B8ED-5B6482F3C271}.Release|x64.ActiveCfg = Release|Any CPU
		{F5A7221D-6AD8-47D0-B8ED-5B6482F3C271}.Release|x64.Build.0 = Release|Any CPU
		{F5A7221D-6AD8-47D0-B8ED-5B6482F3C271}.Release|x86.ActiveCfg = Release|Any CPU
		{F5A7221D-6AD8-47D0-B8ED-5B6482F3C271}.Release|x86.Build.0 = Release|Any CPU
		{3E23C564-7D09-4825-9393-A2B11D642412}.Debug|Any CPU.ActiveCfg = Debug|Any CPU
		{3E23C564-7D09-4825-9393-A2B11D642412}.Debug|Any CPU.Build.0 = Debug|Any CPU
		{3E23C564-7D09-4825-9393-A2B11D642412}.Debug|x64.ActiveCfg = Debug|Any CPU
		{3E23C564-7D09-4825-9393-A2B11D642412}.Debug|x64.Build.0 = Debug|Any CPU
		{3E23C564-7D09-4825-9393-A2B11D642412}.Debug|x86.ActiveCfg = Debug|Any CPU
		{3E23C564-7D09-4825-9393-A2B11D642412}.Debug|x86.Build.0 = Debug|Any CPU
		{3E23C564-7D09-4825-9393-A2B11D642412}.Release|Any CPU.ActiveCfg = Release|Any CPU
		{3E23C564-7D09-4825-9393-A2B11D642412}.Release|Any CPU.Build.0 = Release|Any CPU
		{3E23C564-7D09-4825-9393-A2B11D642412}.Release|x64.ActiveCfg = Release|Any CPU
		{3E23C564-7D09-4825-9393-A2B11D642412}.Release|x64.Build.0 = Release|Any CPU
		{3E23C564-7D09-4825-9393-A2B11D642412}.Release|x86.ActiveCfg = Release|Any CPU
		{3E23C564-7D09-4825-9393-A2B11D642412}.Release|x86.Build.0 = Release|Any CPU
		{D2510272-943C-4475-BBA1-CF09BBDF4535}.Debug|Any CPU.ActiveCfg = Debug|Any CPU
		{D2510272-943C-4475-BBA1-CF09BBDF4535}.Debug|Any CPU.Build.0 = Debug|Any CPU
		{D2510272-943C-4475-BBA1-CF09BBDF4535}.Debug|x64.ActiveCfg = Debug|Any CPU
		{D2510272-943C-4475-BBA1-CF09BBDF4535}.Debug|x64.Build.0 = Debug|Any CPU
		{D2510272-943C-4475-BBA1-CF09BBDF4535}.Debug|x86.ActiveCfg = Debug|Any CPU
		{D2510272-943C-4475-BBA1-CF09BBDF4535}.Debug|x86.Build.0 = Debug|Any CPU
		{D2510272-943C-4475-BBA1-CF09BBDF4535}.Release|Any CPU.ActiveCfg = Release|Any CPU
		{D2510272-943C-4475-BBA1-CF09BBDF4535}.Release|Any CPU.Build.0 = Release|Any CPU
		{D2510272-943C-4475-BBA1-CF09BBDF4535}.Release|x64.ActiveCfg = Release|Any CPU
		{D2510272-943C-4475-BBA1-CF09BBDF4535}.Release|x64.Build.0 = Release|Any CPU
		{D2510272-943C-4475-BBA1-CF09BBDF4535}.Release|x86.ActiveCfg = Release|Any CPU
		{D2510272-943C-4475-BBA1-CF09BBDF4535}.Release|x86.Build.0 = Release|Any CPU
		{8DA1B86A-E8FF-4E89-B884-3D66E0434414}.Debug|Any CPU.ActiveCfg = Debug|Any CPU
		{8DA1B86A-E8FF-4E89-B884-3D66E0434414}.Debug|Any CPU.Build.0 = Debug|Any CPU
		{8DA1B86A-E8FF-4E89-B884-3D66E0434414}.Debug|x64.ActiveCfg = Debug|Any CPU
		{8DA1B86A-E8FF-4E89-B884-3D66E0434414}.Debug|x64.Build.0 = Debug|Any CPU
		{8DA1B86A-E8FF-4E89-B884-3D66E0434414}.Debug|x86.ActiveCfg = Debug|Any CPU
		{8DA1B86A-E8FF-4E89-B884-3D66E0434414}.Debug|x86.Build.0 = Debug|Any CPU
		{8DA1B86A-E8FF-4E89-B884-3D66E0434414}.Release|Any CPU.ActiveCfg = Release|Any CPU
		{8DA1B86A-E8FF-4E89-B884-3D66E0434414}.Release|Any CPU.Build.0 = Release|Any CPU
		{8DA1B86A-E8FF-4E89-B884-3D66E0434414}.Release|x64.ActiveCfg = Release|Any CPU
		{8DA1B86A-E8FF-4E89-B884-3D66E0434414}.Release|x64.Build.0 = Release|Any CPU
		{8DA1B86A-E8FF-4E89-B884-3D66E0434414}.Release|x86.ActiveCfg = Release|Any CPU
		{8DA1B86A-E8FF-4E89-B884-3D66E0434414}.Release|x86.Build.0 = Release|Any CPU
		{4211FC5A-F41E-4D74-8AEB-8909196E7132}.Debug|Any CPU.ActiveCfg = Debug|Any CPU
		{4211FC5A-F41E-4D74-8AEB-8909196E7132}.Debug|Any CPU.Build.0 = Debug|Any CPU
		{4211FC5A-F41E-4D74-8AEB-8909196E7132}.Debug|x64.ActiveCfg = Debug|Any CPU
		{4211FC5A-F41E-4D74-8AEB-8909196E7132}.Debug|x64.Build.0 = Debug|Any CPU
		{4211FC5A-F41E-4D74-8AEB-8909196E7132}.Debug|x86.ActiveCfg = Debug|Any CPU
		{4211FC5A-F41E-4D74-8AEB-8909196E7132}.Debug|x86.Build.0 = Debug|Any CPU
		{4211FC5A-F41E-4D74-8AEB-8909196E7132}.Release|Any CPU.ActiveCfg = Release|Any CPU
		{4211FC5A-F41E-4D74-8AEB-8909196E7132}.Release|Any CPU.Build.0 = Release|Any CPU
		{4211FC5A-F41E-4D74-8AEB-8909196E7132}.Release|x64.ActiveCfg = Release|Any CPU
		{4211FC5A-F41E-4D74-8AEB-8909196E7132}.Release|x64.Build.0 = Release|Any CPU
		{4211FC5A-F41E-4D74-8AEB-8909196E7132}.Release|x86.ActiveCfg = Release|Any CPU
		{4211FC5A-F41E-4D74-8AEB-8909196E7132}.Release|x86.Build.0 = Release|Any CPU
		{008EC7ED-C9DB-42E1-B3AE-9FEF1DE1086A}.Debug|Any CPU.ActiveCfg = Debug|Any CPU
		{008EC7ED-C9DB-42E1-B3AE-9FEF1DE1086A}.Debug|Any CPU.Build.0 = Debug|Any CPU
		{008EC7ED-C9DB-42E1-B3AE-9FEF1DE1086A}.Debug|x64.ActiveCfg = Debug|Any CPU
		{008EC7ED-C9DB-42E1-B3AE-9FEF1DE1086A}.Debug|x64.Build.0 = Debug|Any CPU
		{008EC7ED-C9DB-42E1-B3AE-9FEF1DE1086A}.Debug|x86.ActiveCfg = Debug|Any CPU
		{008EC7ED-C9DB-42E1-B3AE-9FEF1DE1086A}.Debug|x86.Build.0 = Debug|Any CPU
		{008EC7ED-C9DB-42E1-B3AE-9FEF1DE1086A}.Release|Any CPU.ActiveCfg = Release|Any CPU
		{008EC7ED-C9DB-42E1-B3AE-9FEF1DE1086A}.Release|Any CPU.Build.0 = Release|Any CPU
		{008EC7ED-C9DB-42E1-B3AE-9FEF1DE1086A}.Release|x64.ActiveCfg = Release|Any CPU
		{008EC7ED-C9DB-42E1-B3AE-9FEF1DE1086A}.Release|x64.Build.0 = Release|Any CPU
		{008EC7ED-C9DB-42E1-B3AE-9FEF1DE1086A}.Release|x86.ActiveCfg = Release|Any CPU
		{008EC7ED-C9DB-42E1-B3AE-9FEF1DE1086A}.Release|x86.Build.0 = Release|Any CPU
		{2D60C1FE-5BC3-46FE-B263-2F33844A69A1}.Debug|Any CPU.ActiveCfg = Debug|Any CPU
		{2D60C1FE-5BC3-46FE-B263-2F33844A69A1}.Debug|Any CPU.Build.0 = Debug|Any CPU
		{2D60C1FE-5BC3-46FE-B263-2F33844A69A1}.Debug|x64.ActiveCfg = Debug|Any CPU
		{2D60C1FE-5BC3-46FE-B263-2F33844A69A1}.Debug|x64.Build.0 = Debug|Any CPU
		{2D60C1FE-5BC3-46FE-B263-2F33844A69A1}.Debug|x86.ActiveCfg = Debug|Any CPU
		{2D60C1FE-5BC3-46FE-B263-2F33844A69A1}.Debug|x86.Build.0 = Debug|Any CPU
		{2D60C1FE-5BC3-46FE-B263-2F33844A69A1}.Release|Any CPU.ActiveCfg = Release|Any CPU
		{2D60C1FE-5BC3-46FE-B263-2F33844A69A1}.Release|Any CPU.Build.0 = Release|Any CPU
		{2D60C1FE-5BC3-46FE-B263-2F33844A69A1}.Release|x64.ActiveCfg = Release|Any CPU
		{2D60C1FE-5BC3-46FE-B263-2F33844A69A1}.Release|x64.Build.0 = Release|Any CPU
		{2D60C1FE-5BC3-46FE-B263-2F33844A69A1}.Release|x86.ActiveCfg = Release|Any CPU
		{2D60C1FE-5BC3-46FE-B263-2F33844A69A1}.Release|x86.Build.0 = Release|Any CPU
		{E742F1B8-20B5-499C-9E3D-431DBD55D85C}.Debug|Any CPU.ActiveCfg = Debug|Any CPU
		{E742F1B8-20B5-499C-9E3D-431DBD55D85C}.Debug|Any CPU.Build.0 = Debug|Any CPU
		{E742F1B8-20B5-499C-9E3D-431DBD55D85C}.Debug|x64.ActiveCfg = Debug|Any CPU
		{E742F1B8-20B5-499C-9E3D-431DBD55D85C}.Debug|x64.Build.0 = Debug|Any CPU
		{E742F1B8-20B5-499C-9E3D-431DBD55D85C}.Debug|x86.ActiveCfg = Debug|Any CPU
		{E742F1B8-20B5-499C-9E3D-431DBD55D85C}.Debug|x86.Build.0 = Debug|Any CPU
		{E742F1B8-20B5-499C-9E3D-431DBD55D85C}.Release|Any CPU.ActiveCfg = Release|Any CPU
		{E742F1B8-20B5-499C-9E3D-431DBD55D85C}.Release|Any CPU.Build.0 = Release|Any CPU
		{E742F1B8-20B5-499C-9E3D-431DBD55D85C}.Release|x64.ActiveCfg = Release|Any CPU
		{E742F1B8-20B5-499C-9E3D-431DBD55D85C}.Release|x64.Build.0 = Release|Any CPU
		{E742F1B8-20B5-499C-9E3D-431DBD55D85C}.Release|x86.ActiveCfg = Release|Any CPU
		{E742F1B8-20B5-499C-9E3D-431DBD55D85C}.Release|x86.Build.0 = Release|Any CPU
	EndGlobalSection
	GlobalSection(SolutionProperties) = preSolution
		HideSolutionNode = FALSE
	EndGlobalSection
	GlobalSection(NestedProjects) = preSolution
		{20F2A115-B8B2-466F-9FD4-9BAB5574EAA2} = {543E4676-3231-EAAD-11CE-A1B56AC10241}
		{928CD683-DCBA-45E9-AAC6-87C2572FD90F} = {F62A1F54-8B3F-A229-359C-38C30772E0B0}
		{BD23A3AC-EA3F-4360-AE45-993E171AC837} = {F62A1F54-8B3F-A229-359C-38C30772E0B0}
		{B57623B0-FAFE-4B20-A02B-247F997E62D3} = {543E4676-3231-EAAD-11CE-A1B56AC10241}
		{B1ADC83D-3448-42D5-BA96-5717171ACCC0} = {543E4676-3231-EAAD-11CE-A1B56AC10241}
		{C499807E-E8F2-4173-B957-0964512AD1D9} = {543E4676-3231-EAAD-11CE-A1B56AC10241}
		{CC1CC668-94C6-4710-9E8E-277E88D2494C} = {543E4676-3231-EAAD-11CE-A1B56AC10241}
		{F1E17415-4AE4-4690-983C-320155826ECC} = {543E4676-3231-EAAD-11CE-A1B56AC10241}
		{9A79A152-C362-4FE9-B08C-421415F000FC} = {543E4676-3231-EAAD-11CE-A1B56AC10241}
		{67133137-BC5C-45D5-8039-317C8976584C} = {543E4676-3231-EAAD-11CE-A1B56AC10241}
		{09DD5478-8C2C-4355-9EF8-218E7E72D122} = {C66E96C2-EFD5-CB4D-61F5-1442FEF23538}
		{0F2B5998-1B64-4157-9605-6118883EF52A} = {C66E96C2-EFD5-CB4D-61F5-1442FEF23538}
		{45ED4817-98AC-452C-8951-458025F29F22} = {C66E96C2-EFD5-CB4D-61F5-1442FEF23538}
		{8DD8B412-14A6-44E8-B37D-2F31DA46E219} = {C66E96C2-EFD5-CB4D-61F5-1442FEF23538}
		{7EE62BF5-B1F5-4F16-8BBE-1D05CD5A2074} = {C66E96C2-EFD5-CB4D-61F5-1442FEF23538}
		{83FB9B26-14BE-47D5-8C57-4F383ADE0B0E} = {C66E96C2-EFD5-CB4D-61F5-1442FEF23538}
		{2C4905B7-53CF-4425-8695-F971A64F7CFC} = {C66E96C2-EFD5-CB4D-61F5-1442FEF23538}
		{E5976FA8-FF97-4251-80CF-005302D62B89} = {C66E96C2-EFD5-CB4D-61F5-1442FEF23538}
		{06BAE8F7-B018-4C27-9F45-C463AD1475D2} = {C66E96C2-EFD5-CB4D-61F5-1442FEF23538}
		{82745936-4356-4496-B9AC-67EF37174C10} = {C66E96C2-EFD5-CB4D-61F5-1442FEF23538}
		{C60647A5-2D2D-4666-B3B8-C7C502A65827} = {6F5D12AD-5251-5429-7CB6-3876FCE1BDD5}
		{71619A9C-4434-4AB4-8214-4D70AF57CA08} = {6F5D12AD-5251-5429-7CB6-3876FCE1BDD5}
		{606E2C3D-F1D6-4F47-B242-530FB3332009} = {6F5D12AD-5251-5429-7CB6-3876FCE1BDD5}
		{759A1ACA-708D-4D0F-A243-7B53FA6E4F70} = {6F5D12AD-5251-5429-7CB6-3876FCE1BDD5}
		{9E4782BD-54ED-48BA-B384-6EC925245BF0} = {6F5D12AD-5251-5429-7CB6-3876FCE1BDD5}
		{BCE4286B-CE26-4142-9D50-E0B4B8176B85} = {6F5D12AD-5251-5429-7CB6-3876FCE1BDD5}
		{D076E176-3069-4F73-8AF7-490CFC1B9067} = {6F5D12AD-5251-5429-7CB6-3876FCE1BDD5}
		{625AB833-0874-4DB5-A8FE-3C4A2B20C944} = {9275D56D-CC20-6275-06DC-56B39649701A}
		{4A767CF1-4414-46AB-BA03-9A6497598CE9} = {9275D56D-CC20-6275-06DC-56B39649701A}
		{9EC90436-5E83-4AA4-9D0B-7607A42FCD93} = {9275D56D-CC20-6275-06DC-56B39649701A}
		{3489856B-7F81-4544-9AD9-39D8FBFC2BE1} = {9275D56D-CC20-6275-06DC-56B39649701A}
		{157CCC1A-11BF-4667-899E-3AE2A0A456CB} = {9275D56D-CC20-6275-06DC-56B39649701A}
		{66F0EB9F-32E3-45B9-993B-1487BA9FD55D} = {9275D56D-CC20-6275-06DC-56B39649701A}
		{13A7A7BD-E9E8-41BA-8B3C-55C4F2F858D3} = {9275D56D-CC20-6275-06DC-56B39649701A}
		{280FFDA9-FF18-4158-BFF5-10E2BB1008B1} = {9275D56D-CC20-6275-06DC-56B39649701A}
		{E8533B96-4A73-4C80-A3CC-F1A3AE09AF8B} = {07C6950B-5B0C-92E4-C08B-B7D3115CDBA2}
		{2E3888D4-0A64-405F-BE74-712AB2FAE833} = {07C6950B-5B0C-92E4-C08B-B7D3115CDBA2}
		{21824138-9176-44C9-829A-0D830AEBD780} = {07C6950B-5B0C-92E4-C08B-B7D3115CDBA2}
		{8EFF1F73-8505-49BC-BDFB-0445A83A7EB4} = {8E6BB7DB-6E82-1339-B488-31C02A920D3D}
		{F5A7221D-6AD8-47D0-B8ED-5B6482F3C271} = {8E6BB7DB-6E82-1339-B488-31C02A920D3D}
		{3E23C564-7D09-4825-9393-A2B11D642412} = {7E6A43CB-AA76-7C1D-D7E1-F662B6564074}
		{D2510272-943C-4475-BBA1-CF09BBDF4535} = {8E6BB7DB-6E82-1339-B488-31C02A920D3D}
		{8DA1B86A-E8FF-4E89-B884-3D66E0434414} = {8E6BB7DB-6E82-1339-B488-31C02A920D3D}
		{4211FC5A-F41E-4D74-8AEB-8909196E7132} = {8E6BB7DB-6E82-1339-B488-31C02A920D3D}
		{008EC7ED-C9DB-42E1-B3AE-9FEF1DE1086A} = {44C5BF0B-BD0E-9CDD-2CCE-9BBB58008D22}
		{2D60C1FE-5BC3-46FE-B263-2F33844A69A1} = {44C5BF0B-BD0E-9CDD-2CCE-9BBB58008D22}
		{E742F1B8-20B5-499C-9E3D-431DBD55D85C} = {44C5BF0B-BD0E-9CDD-2CCE-9BBB58008D22}
	EndGlobalSection
EndGlobal
