
Microsoft Visual Studio Solution File, Format Version 12.00
# Visual Studio Version 17
VisualStudioVersion = 17.0.31903.59
MinimumVisualStudioVersion = 10.0.40219.1
Project("{2150E333-8FDC-42A3-9474-1A3956D46DE8}") = "1.1 Stacks and Queues - Lab", "1.1 Stacks and Queues - Lab", "{543E4676-3231-EAAD-11CE-A1B56AC10241}"
EndProject
Project("{FAE04EC0-301F-11D3-BF4B-00C04F79EFBC}") = "01. Reverse a String", "1.1 Stacks and Queues - Lab\01. Reverse a String\01. Reverse a String.csproj", "{20F2A115-B8B2-466F-9FD4-9BAB5574EAA2}"
EndProject
Project("{2150E333-8FDC-42A3-9474-1A3956D46DE8}") = "General", "General", "{F62A1F54-8B3F-A229-359C-38C30772E0B0}"
EndProject
Project("{FAE04EC0-301F-11D3-BF4B-00C04F79EFBC}") = "Test Field", "General\Test Field\Test Field.csproj", "{928CD683-DCBA-45E9-AAC6-87C2572FD90F}"
EndProject
Project("{FAE04EC0-301F-11D3-BF4B-00C04F79EFBC}") = "Plan", "General\Plan\Plan.csproj", "{BD23A3AC-EA3F-4360-AE45-993E171AC837}"
EndProject
Project("{FAE04EC0-301F-11D3-BF4B-00C04F79EFBC}") = "02. Stack Sum", "1.1 Stacks and Queues - Lab\02. Stack Sum\02. Stack Sum.csproj", "{B57623B0-FAFE-4B20-A02B-247F997E62D3}"
EndProject
Project("{FAE04EC0-301F-11D3-BF4B-00C04F79EFBC}") = "03. Simple Calculator", "1.1 Stacks and Queues - Lab\03. Simple Calculator\03. Simple Calculator.csproj", "{B1ADC83D-3448-42D5-BA96-5717171ACCC0}"
EndProject
Project("{FAE04EC0-301F-11D3-BF4B-00C04F79EFBC}") = "04. Matching Brackets", "1.1 Stacks and Queues - Lab\04. Matching Brackets\04. Matching Brackets.csproj", "{C499807E-E8F2-4173-B957-0964512AD1D9}"
EndProject
Project("{FAE04EC0-301F-11D3-BF4B-00C04F79EFBC}") = "05. Print Even Numbers", "1.1 Stacks and Queues - Lab\05. Print Even Numbers\05. Print Even Numbers.csproj", "{CC1CC668-94C6-4710-9E8E-277E88D2494C}"
EndProject
Project("{FAE04EC0-301F-11D3-BF4B-00C04F79EFBC}") = "06. Supermarket", "1.1 Stacks and Queues - Lab\06. Supermarket\06. Supermarket.csproj", "{F1E17415-4AE4-4690-983C-320155826ECC}"
EndProject
Project("{FAE04EC0-301F-11D3-BF4B-00C04F79EFBC}") = "07. Hot Potato", "1.1 Stacks and Queues - Lab\07. Hot Potato\07. Hot Potato.csproj", "{9A79A152-C362-4FE9-B08C-421415F000FC}"
EndProject
Project("{FAE04EC0-301F-11D3-BF4B-00C04F79EFBC}") = "08. Traffic Jam", "1.1 Stacks and Queues - Lab\08. Traffic Jam\08. Traffic Jam.csproj", "{67133137-BC5C-45D5-8039-317C8976584C}"
EndProject
Project("{2150E333-8FDC-42A3-9474-1A3956D46DE8}") = "1.2 Stacks and Queues - Exercise", "1.2 Stacks and Queues - Exercise", "{C66E96C2-EFD5-CB4D-61F5-1442FEF23538}"
EndProject
Project("{FAE04EC0-301F-11D3-BF4B-00C04F79EFBC}") = "01. Basic Stack Operations", "1.2 Stacks and Queues - Exercise\01. Basic Stack Operations\01. Basic Stack Operations.csproj", "{09DD5478-8C2C-4355-9EF8-218E7E72D122}"
EndProject
Project("{FAE04EC0-301F-11D3-BF4B-00C04F79EFBC}") = "02. Basic Queue Operations", "1.2 Stacks and Queues - Exercise\02. Basic Queue Operations\02. Basic Queue Operations.csproj", "{0F2B5998-1B64-4157-9605-6118883EF52A}"
EndProject
Project("{FAE04EC0-301F-11D3-BF4B-00C04F79EFBC}") = "03. Maximum and Minimum Element", "1.2 Stacks and Queues - Exercise\03. Maximum and Minimum Element\03. Maximum and Minimum Element.csproj", "{45ED4817-98AC-452C-8951-458025F29F22}"
EndProject
Project("{FAE04EC0-301F-11D3-BF4B-00C04F79EFBC}") = "04. Fast Food", "1.2 Stacks and Queues - Exercise\04. Fast Food\04. Fast Food.csproj", "{8DD8B412-14A6-44E8-B37D-2F31DA46E219}"
EndProject
Project("{FAE04EC0-301F-11D3-BF4B-00C04F79EFBC}") = "05. Fashion Boutique", "1.2 Stacks and Queues - Exercise\05. Fashion Boutique\05. Fashion Boutique.csproj", "{7EE62BF5-B1F5-4F16-8BBE-1D05CD5A2074}"
EndProject
Project("{FAE04EC0-301F-11D3-BF4B-00C04F79EFBC}") = "06. Songs Queue", "1.2 Stacks and Queues - Exercise\06. Songs Queue\06. Songs Queue.csproj", "{83FB9B26-14BE-47D5-8C57-4F383ADE0B0E}"
EndProject
Project("{FAE04EC0-301F-11D3-BF4B-00C04F79EFBC}") = "07. Truck Tour", "1.2 Stacks and Queues - Exercise\07. Truck Tour\07. Truck Tour.csproj", "{2C4905B7-53CF-4425-8695-F971A64F7CFC}"
EndProject
Project("{FAE04EC0-301F-11D3-BF4B-00C04F79EFBC}") = "08. Balanced Parenthesis", "1.2 Stacks and Queues - Exercise\08. Balanced Parenthesis\08. Balanced Parenthesis.csproj", "{E5976FA8-FF97-4251-80CF-005302D62B89}"
EndProject
Project("{FAE04EC0-301F-11D3-BF4B-00C04F79EFBC}") = "09. Simple Text Editor", "1.2 Stacks and Queues - Exercise\09. Simple Text Editor\09. Simple Text Editor.csproj", "{06BAE8F7-B018-4C27-9F45-C463AD1475D2}"
EndProject
Project("{FAE04EC0-301F-11D3-BF4B-00C04F79EFBC}") = "10. Crossroads", "1.2 Stacks and Queues - Exercise\10. Crossroads\10. Crossroads.csproj", "{82745936-4356-4496-B9AC-67EF37174C10}"
EndProject
Global
	GlobalSection(SolutionConfigurationPlatforms) = preSolution
		Debug|Any CPU = Debug|Any CPU
		Debug|x64 = Debug|x64
		Debug|x86 = Debug|x86
		Release|Any CPU = Release|Any CPU
		Release|x64 = Release|x64
		Release|x86 = Release|x86
	EndGlobalSection
	GlobalSection(ProjectConfigurationPlatforms) = postSolution
		{20F2A115-B8B2-466F-9FD4-9BAB5574EAA2}.Debug|Any CPU.ActiveCfg = Debug|Any CPU
		{20F2A115-B8B2-466F-9FD4-9BAB5574EAA2}.Debug|Any CPU.Build.0 = Debug|Any CPU
		{20F2A115-B8B2-466F-9FD4-9BAB5574EAA2}.Debug|x64.ActiveCfg = Debug|Any CPU
		{20F2A115-B8B2-466F-9FD4-9BAB5574EAA2}.Debug|x64.Build.0 = Debug|Any CPU
		{20F2A115-B8B2-466F-9FD4-9BAB5574EAA2}.Debug|x86.ActiveCfg = Debug|Any CPU
		{20F2A115-B8B2-466F-9FD4-9BAB5574EAA2}.Debug|x86.Build.0 = Debug|Any CPU
		{20F2A115-B8B2-466F-9FD4-9BAB5574EAA2}.Release|Any CPU.ActiveCfg = Release|Any CPU
		{20F2A115-B8B2-466F-9FD4-9BAB5574EAA2}.Release|Any CPU.Build.0 = Release|Any CPU
		{20F2A115-B8B2-466F-9FD4-9BAB5574EAA2}.Release|x64.ActiveCfg = Release|Any CPU
		{20F2A115-B8B2-466F-9FD4-9BAB5574EAA2}.Release|x64.Build.0 = Release|Any CPU
		{20F2A115-B8B2-466F-9FD4-9BAB5574EAA2}.Release|x86.ActiveCfg = Release|Any CPU
		{20F2A115-B8B2-466F-9FD4-9BAB5574EAA2}.Release|x86.Build.0 = Release|Any CPU
		{928CD683-DCBA-45E9-AAC6-87C2572FD90F}.Debug|Any CPU.ActiveCfg = Debug|Any CPU
		{928CD683-DCBA-45E9-AAC6-87C2572FD90F}.Debug|Any CPU.Build.0 = Debug|Any CPU
		{928CD683-DCBA-45E9-AAC6-87C2572FD90F}.Debug|x64.ActiveCfg = Debug|Any CPU
		{928CD683-DCBA-45E9-AAC6-87C2572FD90F}.Debug|x64.Build.0 = Debug|Any CPU
		{928CD683-DCBA-45E9-AAC6-87C2572FD90F}.Debug|x86.ActiveCfg = Debug|Any CPU
		{928CD683-DCBA-45E9-AAC6-87C2572FD90F}.Debug|x86.Build.0 = Debug|Any CPU
		{928CD683-DCBA-45E9-AAC6-87C2572FD90F}.Release|Any CPU.ActiveCfg = Release|Any CPU
		{928CD683-DCBA-45E9-AAC6-87C2572FD90F}.Release|Any CPU.Build.0 = Release|Any CPU
		{928CD683-DCBA-45E9-AAC6-87C2572FD90F}.Release|x64.ActiveCfg = Release|Any CPU
		{928CD683-DCBA-45E9-AAC6-87C2572FD90F}.Release|x64.Build.0 = Release|Any CPU
		{928CD683-DCBA-45E9-AAC6-87C2572FD90F}.Release|x86.ActiveCfg = Release|Any CPU
		{928CD683-DCBA-45E9-AAC6-87C2572FD90F}.Release|x86.Build.0 = Release|Any CPU
		{BD23A3AC-EA3F-4360-AE45-993E171AC837}.Debug|Any CPU.ActiveCfg = Debug|Any CPU
		{BD23A3AC-EA3F-4360-AE45-993E171AC837}.Debug|Any CPU.Build.0 = Debug|Any CPU
		{BD23A3AC-EA3F-4360-AE45-993E171AC837}.Debug|x64.ActiveCfg = Debug|Any CPU
		{BD23A3AC-EA3F-4360-AE45-993E171AC837}.Debug|x64.Build.0 = Debug|Any CPU
		{BD23A3AC-EA3F-4360-AE45-993E171AC837}.Debug|x86.ActiveCfg = Debug|Any CPU
		{BD23A3AC-EA3F-4360-AE45-993E171AC837}.Debug|x86.Build.0 = Debug|Any CPU
		{BD23A3AC-EA3F-4360-AE45-993E171AC837}.Release|Any CPU.ActiveCfg = Release|Any CPU
		{BD23A3AC-EA3F-4360-AE45-993E171AC837}.Release|Any CPU.Build.0 = Release|Any CPU
		{BD23A3AC-EA3F-4360-AE45-993E171AC837}.Release|x64.ActiveCfg = Release|Any CPU
		{BD23A3AC-EA3F-4360-AE45-993E171AC837}.Release|x64.Build.0 = Release|Any CPU
		{BD23A3AC-EA3F-4360-AE45-993E171AC837}.Release|x86.ActiveCfg = Release|Any CPU
		{BD23A3AC-EA3F-4360-AE45-993E171AC837}.Release|x86.Build.0 = Release|Any CPU
		{B57623B0-FAFE-4B20-A02B-247F997E62D3}.Debug|Any CPU.ActiveCfg = Debug|Any CPU
		{B57623B0-FAFE-4B20-A02B-247F997E62D3}.Debug|Any CPU.Build.0 = Debug|Any CPU
		{B57623B0-FAFE-4B20-A02B-247F997E62D3}.Debug|x64.ActiveCfg = Debug|Any CPU
		{B57623B0-FAFE-4B20-A02B-247F997E62D3}.Debug|x64.Build.0 = Debug|Any CPU
		{B57623B0-FAFE-4B20-A02B-247F997E62D3}.Debug|x86.ActiveCfg = Debug|Any CPU
		{B57623B0-FAFE-4B20-A02B-247F997E62D3}.Debug|x86.Build.0 = Debug|Any CPU
		{B57623B0-FAFE-4B20-A02B-247F997E62D3}.Release|Any CPU.ActiveCfg = Release|Any CPU
		{B57623B0-FAFE-4B20-A02B-247F997E62D3}.Release|Any CPU.Build.0 = Release|Any CPU
		{B57623B0-FAFE-4B20-A02B-247F997E62D3}.Release|x64.ActiveCfg = Release|Any CPU
		{B57623B0-FAFE-4B20-A02B-247F997E62D3}.Release|x64.Build.0 = Release|Any CPU
		{B57623B0-FAFE-4B20-A02B-247F997E62D3}.Release|x86.ActiveCfg = Release|Any CPU
		{B57623B0-FAFE-4B20-A02B-247F997E62D3}.Release|x86.Build.0 = Release|Any CPU
		{B1ADC83D-3448-42D5-BA96-5717171ACCC0}.Debug|Any CPU.ActiveCfg = Debug|Any CPU
		{B1ADC83D-3448-42D5-BA96-5717171ACCC0}.Debug|Any CPU.Build.0 = Debug|Any CPU
		{B1ADC83D-3448-42D5-BA96-5717171ACCC0}.Debug|x64.ActiveCfg = Debug|Any CPU
		{B1ADC83D-3448-42D5-BA96-5717171ACCC0}.Debug|x64.Build.0 = Debug|Any CPU
		{B1ADC83D-3448-42D5-BA96-5717171ACCC0}.Debug|x86.ActiveCfg = Debug|Any CPU
		{B1ADC83D-3448-42D5-BA96-5717171ACCC0}.Debug|x86.Build.0 = Debug|Any CPU
		{B1ADC83D-3448-42D5-BA96-5717171ACCC0}.Release|Any CPU.ActiveCfg = Release|Any CPU
		{B1ADC83D-3448-42D5-BA96-5717171ACCC0}.Release|Any CPU.Build.0 = Release|Any CPU
		{B1ADC83D-3448-42D5-BA96-5717171ACCC0}.Release|x64.ActiveCfg = Release|Any CPU
		{B1ADC83D-3448-42D5-BA96-5717171ACCC0}.Release|x64.Build.0 = Release|Any CPU
		{B1ADC83D-3448-42D5-BA96-5717171ACCC0}.Release|x86.ActiveCfg = Release|Any CPU
		{B1ADC83D-3448-42D5-BA96-5717171ACCC0}.Release|x86.Build.0 = Release|Any CPU
		{C499807E-E8F2-4173-B957-0964512AD1D9}.Debug|Any CPU.ActiveCfg = Debug|Any CPU
		{C499807E-E8F2-4173-B957-0964512AD1D9}.Debug|Any CPU.Build.0 = Debug|Any CPU
		{C499807E-E8F2-4173-B957-0964512AD1D9}.Debug|x64.ActiveCfg = Debug|Any CPU
		{C499807E-E8F2-4173-B957-0964512AD1D9}.Debug|x64.Build.0 = Debug|Any CPU
		{C499807E-E8F2-4173-B957-0964512AD1D9}.Debug|x86.ActiveCfg = Debug|Any CPU
		{C499807E-E8F2-4173-B957-0964512AD1D9}.Debug|x86.Build.0 = Debug|Any CPU
		{C499807E-E8F2-4173-B957-0964512AD1D9}.Release|Any CPU.ActiveCfg = Release|Any CPU
		{C499807E-E8F2-4173-B957-0964512AD1D9}.Release|Any CPU.Build.0 = Release|Any CPU
		{C499807E-E8F2-4173-B957-0964512AD1D9}.Release|x64.ActiveCfg = Release|Any CPU
		{C499807E-E8F2-4173-B957-0964512AD1D9}.Release|x64.Build.0 = Release|Any CPU
		{C499807E-E8F2-4173-B957-0964512AD1D9}.Release|x86.ActiveCfg = Release|Any CPU
		{C499807E-E8F2-4173-B957-0964512AD1D9}.Release|x86.Build.0 = Release|Any CPU
		{CC1CC668-94C6-4710-9E8E-277E88D2494C}.Debug|Any CPU.ActiveCfg = Debug|Any CPU
		{CC1CC668-94C6-4710-9E8E-277E88D2494C}.Debug|Any CPU.Build.0 = Debug|Any CPU
		{CC1CC668-94C6-4710-9E8E-277E88D2494C}.Debug|x64.ActiveCfg = Debug|Any CPU
		{CC1CC668-94C6-4710-9E8E-277E88D2494C}.Debug|x64.Build.0 = Debug|Any CPU
		{CC1CC668-94C6-4710-9E8E-277E88D2494C}.Debug|x86.ActiveCfg = Debug|Any CPU
		{CC1CC668-94C6-4710-9E8E-277E88D2494C}.Debug|x86.Build.0 = Debug|Any CPU
		{CC1CC668-94C6-4710-9E8E-277E88D2494C}.Release|Any CPU.ActiveCfg = Release|Any CPU
		{CC1CC668-94C6-4710-9E8E-277E88D2494C}.Release|Any CPU.Build.0 = Release|Any CPU
		{CC1CC668-94C6-4710-9E8E-277E88D2494C}.Release|x64.ActiveCfg = Release|Any CPU
		{CC1CC668-94C6-4710-9E8E-277E88D2494C}.Release|x64.Build.0 = Release|Any CPU
		{CC1CC668-94C6-4710-9E8E-277E88D2494C}.Release|x86.ActiveCfg = Release|Any CPU
		{CC1CC668-94C6-4710-9E8E-277E88D2494C}.Release|x86.Build.0 = Release|Any CPU
		{F1E17415-4AE4-4690-983C-320155826ECC}.Debug|Any CPU.ActiveCfg = Debug|Any CPU
		{F1E17415-4AE4-4690-983C-320155826ECC}.Debug|Any CPU.Build.0 = Debug|Any CPU
		{F1E17415-4AE4-4690-983C-320155826ECC}.Debug|x64.ActiveCfg = Debug|Any CPU
		{F1E17415-4AE4-4690-983C-320155826ECC}.Debug|x64.Build.0 = Debug|Any CPU
		{F1E17415-4AE4-4690-983C-320155826ECC}.Debug|x86.ActiveCfg = Debug|Any CPU
		{F1E17415-4AE4-4690-983C-320155826ECC}.Debug|x86.Build.0 = Debug|Any CPU
		{F1E17415-4AE4-4690-983C-320155826ECC}.Release|Any CPU.ActiveCfg = Release|Any CPU
		{F1E17415-4AE4-4690-983C-320155826ECC}.Release|Any CPU.Build.0 = Release|Any CPU
		{F1E17415-4AE4-4690-983C-320155826ECC}.Release|x64.ActiveCfg = Release|Any CPU
		{F1E17415-4AE4-4690-983C-320155826ECC}.Release|x64.Build.0 = Release|Any CPU
		{F1E17415-4AE4-4690-983C-320155826ECC}.Release|x86.ActiveCfg = Release|Any CPU
		{F1E17415-4AE4-4690-983C-320155826ECC}.Release|x86.Build.0 = Release|Any CPU
		{9A79A152-C362-4FE9-B08C-421415F000FC}.Debug|Any CPU.ActiveCfg = Debug|Any CPU
		{9A79A152-C362-4FE9-B08C-421415F000FC}.Debug|Any CPU.Build.0 = Debug|Any CPU
		{9A79A152-C362-4FE9-B08C-421415F000FC}.Debug|x64.ActiveCfg = Debug|Any CPU
		{9A79A152-C362-4FE9-B08C-421415F000FC}.Debug|x64.Build.0 = Debug|Any CPU
		{9A79A152-C362-4FE9-B08C-421415F000FC}.Debug|x86.ActiveCfg = Debug|Any CPU
		{9A79A152-C362-4FE9-B08C-421415F000FC}.Debug|x86.Build.0 = Debug|Any CPU
		{9A79A152-C362-4FE9-B08C-421415F000FC}.Release|Any CPU.ActiveCfg = Release|Any CPU
		{9A79A152-C362-4FE9-B08C-421415F000FC}.Release|Any CPU.Build.0 = Release|Any CPU
		{9A79A152-C362-4FE9-B08C-421415F000FC}.Release|x64.ActiveCfg = Release|Any CPU
		{9A79A152-C362-4FE9-B08C-421415F000FC}.Release|x64.Build.0 = Release|Any CPU
		{9A79A152-C362-4FE9-B08C-421415F000FC}.Release|x86.ActiveCfg = Release|Any CPU
		{9A79A152-C362-4FE9-B08C-421415F000FC}.Release|x86.Build.0 = Release|Any CPU
		{67133137-BC5C-45D5-8039-317C8976584C}.Debug|Any CPU.ActiveCfg = Debug|Any CPU
		{67133137-BC5C-45D5-8039-317C8976584C}.Debug|Any CPU.Build.0 = Debug|Any CPU
		{67133137-BC5C-45D5-8039-317C8976584C}.Debug|x64.ActiveCfg = Debug|Any CPU
		{67133137-BC5C-45D5-8039-317C8976584C}.Debug|x64.Build.0 = Debug|Any CPU
		{67133137-BC5C-45D5-8039-317C8976584C}.Debug|x86.ActiveCfg = Debug|Any CPU
		{67133137-BC5C-45D5-8039-317C8976584C}.Debug|x86.Build.0 = Debug|Any CPU
		{67133137-BC5C-45D5-8039-317C8976584C}.Release|Any CPU.ActiveCfg = Release|Any CPU
		{67133137-BC5C-45D5-8039-317C8976584C}.Release|Any CPU.Build.0 = Release|Any CPU
		{67133137-BC5C-45D5-8039-317C8976584C}.Release|x64.ActiveCfg = Release|Any CPU
		{67133137-BC5C-45D5-8039-317C8976584C}.Release|x64.Build.0 = Release|Any CPU
		{67133137-BC5C-45D5-8039-317C8976584C}.Release|x86.ActiveCfg = Release|Any CPU
		{67133137-BC5C-45D5-8039-317C8976584C}.Release|x86.Build.0 = Release|Any CPU
		{09DD5478-8C2C-4355-9EF8-218E7E72D122}.Debug|Any CPU.ActiveCfg = Debug|Any CPU
		{09DD5478-8C2C-4355-9EF8-218E7E72D122}.Debug|Any CPU.Build.0 = Debug|Any CPU
		{09DD5478-8C2C-4355-9EF8-218E7E72D122}.Debug|x64.ActiveCfg = Debug|Any CPU
		{09DD5478-8C2C-4355-9EF8-218E7E72D122}.Debug|x64.Build.0 = Debug|Any CPU
		{09DD5478-8C2C-4355-9EF8-218E7E72D122}.Debug|x86.ActiveCfg = Debug|Any CPU
		{09DD5478-8C2C-4355-9EF8-218E7E72D122}.Debug|x86.Build.0 = Debug|Any CPU
		{09DD5478-8C2C-4355-9EF8-218E7E72D122}.Release|Any CPU.ActiveCfg = Release|Any CPU
		{09DD5478-8C2C-4355-9EF8-218E7E72D122}.Release|Any CPU.Build.0 = Release|Any CPU
		{09DD5478-8C2C-4355-9EF8-218E7E72D122}.Release|x64.ActiveCfg = Release|Any CPU
		{09DD5478-8C2C-4355-9EF8-218E7E72D122}.Release|x64.Build.0 = Release|Any CPU
		{09DD5478-8C2C-4355-9EF8-218E7E72D122}.Release|x86.ActiveCfg = Release|Any CPU
		{09DD5478-8C2C-4355-9EF8-218E7E72D122}.Release|x86.Build.0 = Release|Any CPU
		{0F2B5998-1B64-4157-9605-6118883EF52A}.Debug|Any CPU.ActiveCfg = Debug|Any CPU
		{0F2B5998-1B64-4157-9605-6118883EF52A}.Debug|Any CPU.Build.0 = Debug|Any CPU
		{0F2B5998-1B64-4157-9605-6118883EF52A}.Debug|x64.ActiveCfg = Debug|Any CPU
		{0F2B5998-1B64-4157-9605-6118883EF52A}.Debug|x64.Build.0 = Debug|Any CPU
		{0F2B5998-1B64-4157-9605-6118883EF52A}.Debug|x86.ActiveCfg = Debug|Any CPU
		{0F2B5998-1B64-4157-9605-6118883EF52A}.Debug|x86.Build.0 = Debug|Any CPU
		{0F2B5998-1B64-4157-9605-6118883EF52A}.Release|Any CPU.ActiveCfg = Release|Any CPU
		{0F2B5998-1B64-4157-9605-6118883EF52A}.Release|Any CPU.Build.0 = Release|Any CPU
		{0F2B5998-1B64-4157-9605-6118883EF52A}.Release|x64.ActiveCfg = Release|Any CPU
		{0F2B5998-1B64-4157-9605-6118883EF52A}.Release|x64.Build.0 = Release|Any CPU
		{0F2B5998-1B64-4157-9605-6118883EF52A}.Release|x86.ActiveCfg = Release|Any CPU
		{0F2B5998-1B64-4157-9605-6118883EF52A}.Release|x86.Build.0 = Release|Any CPU
		{45ED4817-98AC-452C-8951-458025F29F22}.Debug|Any CPU.ActiveCfg = Debug|Any CPU
		{45ED4817-98AC-452C-8951-458025F29F22}.Debug|Any CPU.Build.0 = Debug|Any CPU
		{45ED4817-98AC-452C-8951-458025F29F22}.Debug|x64.ActiveCfg = Debug|Any CPU
		{45ED4817-98AC-452C-8951-458025F29F22}.Debug|x64.Build.0 = Debug|Any CPU
		{45ED4817-98AC-452C-8951-458025F29F22}.Debug|x86.ActiveCfg = Debug|Any CPU
		{45ED4817-98AC-452C-8951-458025F29F22}.Debug|x86.Build.0 = Debug|Any CPU
		{45ED4817-98AC-452C-8951-458025F29F22}.Release|Any CPU.ActiveCfg = Release|Any CPU
		{45ED4817-98AC-452C-8951-458025F29F22}.Release|Any CPU.Build.0 = Release|Any CPU
		{45ED4817-98AC-452C-8951-458025F29F22}.Release|x64.ActiveCfg = Release|Any CPU
		{45ED4817-98AC-452C-8951-458025F29F22}.Release|x64.Build.0 = Release|Any CPU
		{45ED4817-98AC-452C-8951-458025F29F22}.Release|x86.ActiveCfg = Release|Any CPU
		{45ED4817-98AC-452C-8951-458025F29F22}.Release|x86.Build.0 = Release|Any CPU
		{8DD8B412-14A6-44E8-B37D-2F31DA46E219}.Debug|Any CPU.ActiveCfg = Debug|Any CPU
		{8DD8B412-14A6-44E8-B37D-2F31DA46E219}.Debug|Any CPU.Build.0 = Debug|Any CPU
		{8DD8B412-14A6-44E8-B37D-2F31DA46E219}.Debug|x64.ActiveCfg = Debug|Any CPU
		{8DD8B412-14A6-44E8-B37D-2F31DA46E219}.Debug|x64.Build.0 = Debug|Any CPU
		{8DD8B412-14A6-44E8-B37D-2F31DA46E219}.Debug|x86.ActiveCfg = Debug|Any CPU
		{8DD8B412-14A6-44E8-B37D-2F31DA46E219}.Debug|x86.Build.0 = Debug|Any CPU
		{8DD8B412-14A6-44E8-B37D-2F31DA46E219}.Release|Any CPU.ActiveCfg = Release|Any CPU
		{8DD8B412-14A6-44E8-B37D-2F31DA46E219}.Release|Any CPU.Build.0 = Release|Any CPU
		{8DD8B412-14A6-44E8-B37D-2F31DA46E219}.Release|x64.ActiveCfg = Release|Any CPU
		{8DD8B412-14A6-44E8-B37D-2F31DA46E219}.Release|x64.Build.0 = Release|Any CPU
		{8DD8B412-14A6-44E8-B37D-2F31DA46E219}.Release|x86.ActiveCfg = Release|Any CPU
		{8DD8B412-14A6-44E8-B37D-2F31DA46E219}.Release|x86.Build.0 = Release|Any CPU
		{7EE62BF5-B1F5-4F16-8BBE-1D05CD5A2074}.Debug|Any CPU.ActiveCfg = Debug|Any CPU
		{7EE62BF5-B1F5-4F16-8BBE-1D05CD5A2074}.Debug|Any CPU.Build.0 = Debug|Any CPU
		{7EE62BF5-B1F5-4F16-8BBE-1D05CD5A2074}.Debug|x64.ActiveCfg = Debug|Any CPU
		{7EE62BF5-B1F5-4F16-8BBE-1D05CD5A2074}.Debug|x64.Build.0 = Debug|Any CPU
		{7EE62BF5-B1F5-4F16-8BBE-1D05CD5A2074}.Debug|x86.ActiveCfg = Debug|Any CPU
		{7EE62BF5-B1F5-4F16-8BBE-1D05CD5A2074}.Debug|x86.Build.0 = Debug|Any CPU
		{7EE62BF5-B1F5-4F16-8BBE-1D05CD5A2074}.Release|Any CPU.ActiveCfg = Release|Any CPU
		{7EE62BF5-B1F5-4F16-8BBE-1D05CD5A2074}.Release|Any CPU.Build.0 = Release|Any CPU
		{7EE62BF5-B1F5-4F16-8BBE-1D05CD5A2074}.Release|x64.ActiveCfg = Release|Any CPU
		{7EE62BF5-B1F5-4F16-8BBE-1D05CD5A2074}.Release|x64.Build.0 = Release|Any CPU
		{7EE62BF5-B1F5-4F16-8BBE-1D05CD5A2074}.Release|x86.ActiveCfg = Release|Any CPU
		{7EE62BF5-B1F5-4F16-8BBE-1D05CD5A2074}.Release|x86.Build.0 = Release|Any CPU
		{83FB9B26-14BE-47D5-8C57-4F383ADE0B0E}.Debug|Any CPU.ActiveCfg = Debug|Any CPU
		{83FB9B26-14BE-47D5-8C57-4F383ADE0B0E}.Debug|Any CPU.Build.0 = Debug|Any CPU
		{83FB9B26-14BE-47D5-8C57-4F383ADE0B0E}.Debug|x64.ActiveCfg = Debug|Any CPU
		{83FB9B26-14BE-47D5-8C57-4F383ADE0B0E}.Debug|x64.Build.0 = Debug|Any CPU
		{83FB9B26-14BE-47D5-8C57-4F383ADE0B0E}.Debug|x86.ActiveCfg = Debug|Any CPU
		{83FB9B26-14BE-47D5-8C57-4F383ADE0B0E}.Debug|x86.Build.0 = Debug|Any CPU
		{83FB9B26-14BE-47D5-8C57-4F383ADE0B0E}.Release|Any CPU.ActiveCfg = Release|Any CPU
		{83FB9B26-14BE-47D5-8C57-4F383ADE0B0E}.Release|Any CPU.Build.0 = Release|Any CPU
		{83FB9B26-14BE-47D5-8C57-4F383ADE0B0E}.Release|x64.ActiveCfg = Release|Any CPU
		{83FB9B26-14BE-47D5-8C57-4F383ADE0B0E}.Release|x64.Build.0 = Release|Any CPU
		{83FB9B26-14BE-47D5-8C57-4F383ADE0B0E}.Release|x86.ActiveCfg = Release|Any CPU
		{83FB9B26-14BE-47D5-8C57-4F383ADE0B0E}.Release|x86.Build.0 = Release|Any CPU
		{2C4905B7-53CF-4425-8695-F971A64F7CFC}.Debug|Any CPU.ActiveCfg = Debug|Any CPU
		{2C4905B7-53CF-4425-8695-F971A64F7CFC}.Debug|Any CPU.Build.0 = Debug|Any CPU
		{2C4905B7-53CF-4425-8695-F971A64F7CFC}.Debug|x64.ActiveCfg = Debug|Any CPU
		{2C4905B7-53CF-4425-8695-F971A64F7CFC}.Debug|x64.Build.0 = Debug|Any CPU
		{2C4905B7-53CF-4425-8695-F971A64F7CFC}.Debug|x86.ActiveCfg = Debug|Any CPU
		{2C4905B7-53CF-4425-8695-F971A64F7CFC}.Debug|x86.Build.0 = Debug|Any CPU
		{2C4905B7-53CF-4425-8695-F971A64F7CFC}.Release|Any CPU.ActiveCfg = Release|Any CPU
		{2C4905B7-53CF-4425-8695-F971A64F7CFC}.Release|Any CPU.Build.0 = Release|Any CPU
		{2C4905B7-53CF-4425-8695-F971A64F7CFC}.Release|x64.ActiveCfg = Release|Any CPU
		{2C4905B7-53CF-4425-8695-F971A64F7CFC}.Release|x64.Build.0 = Release|Any CPU
		{2C4905B7-53CF-4425-8695-F971A64F7CFC}.Release|x86.ActiveCfg = Release|Any CPU
		{2C4905B7-53CF-4425-8695-F971A64F7CFC}.Release|x86.Build.0 = Release|Any CPU
		{E5976FA8-FF97-4251-80CF-005302D62B89}.Debug|Any CPU.ActiveCfg = Debug|Any CPU
		{E5976FA8-FF97-4251-80CF-005302D62B89}.Debug|Any CPU.Build.0 = Debug|Any CPU
		{E5976FA8-FF97-4251-80CF-005302D62B89}.Debug|x64.ActiveCfg = Debug|Any CPU
		{E5976FA8-FF97-4251-80CF-005302D62B89}.Debug|x64.Build.0 = Debug|Any CPU
		{E5976FA8-FF97-4251-80CF-005302D62B89}.Debug|x86.ActiveCfg = Debug|Any CPU
		{E5976FA8-FF97-4251-80CF-005302D62B89}.Debug|x86.Build.0 = Debug|Any CPU
		{E5976FA8-FF97-4251-80CF-005302D62B89}.Release|Any CPU.ActiveCfg = Release|Any CPU
		{E5976FA8-FF97-4251-80CF-005302D62B89}.Release|Any CPU.Build.0 = Release|Any CPU
		{E5976FA8-FF97-4251-80CF-005302D62B89}.Release|x64.ActiveCfg = Release|Any CPU
		{E5976FA8-FF97-4251-80CF-005302D62B89}.Release|x64.Build.0 = Release|Any CPU
		{E5976FA8-FF97-4251-80CF-005302D62B89}.Release|x86.ActiveCfg = Release|Any CPU
		{E5976FA8-FF97-4251-80CF-005302D62B89}.Release|x86.Build.0 = Release|Any CPU
		{06BAE8F7-B018-4C27-9F45-C463AD1475D2}.Debug|Any CPU.ActiveCfg = Debug|Any CPU
		{06BAE8F7-B018-4C27-9F45-C463AD1475D2}.Debug|Any CPU.Build.0 = Debug|Any CPU
		{06BAE8F7-B018-4C27-9F45-C463AD1475D2}.Debug|x64.ActiveCfg = Debug|Any CPU
		{06BAE8F7-B018-4C27-9F45-C463AD1475D2}.Debug|x64.Build.0 = Debug|Any CPU
		{06BAE8F7-B018-4C27-9F45-C463AD1475D2}.Debug|x86.ActiveCfg = Debug|Any CPU
		{06BAE8F7-B018-4C27-9F45-C463AD1475D2}.Debug|x86.Build.0 = Debug|Any CPU
		{06BAE8F7-B018-4C27-9F45-C463AD1475D2}.Release|Any CPU.ActiveCfg = Release|Any CPU
		{06BAE8F7-B018-4C27-9F45-C463AD1475D2}.Release|Any CPU.Build.0 = Release|Any CPU
		{06BAE8F7-B018-4C27-9F45-C463AD1475D2}.Release|x64.ActiveCfg = Release|Any CPU
		{06BAE8F7-B018-4C27-9F45-C463AD1475D2}.Release|x64.Build.0 = Release|Any CPU
		{06BAE8F7-B018-4C27-9F45-C463AD1475D2}.Release|x86.ActiveCfg = Release|Any CPU
		{06BAE8F7-B018-4C27-9F45-C463AD1475D2}.Release|x86.Build.0 = Release|Any CPU
		{82745936-4356-4496-B9AC-67EF37174C10}.Debug|Any CPU.ActiveCfg = Debug|Any CPU
		{82745936-4356-4496-B9AC-67EF37174C10}.Debug|Any CPU.Build.0 = Debug|Any CPU
		{82745936-4356-4496-B9AC-67EF37174C10}.Debug|x64.ActiveCfg = Debug|Any CPU
		{82745936-4356-4496-B9AC-67EF37174C10}.Debug|x64.Build.0 = Debug|Any CPU
		{82745936-4356-4496-B9AC-67EF37174C10}.Debug|x86.ActiveCfg = Debug|Any CPU
		{82745936-4356-4496-B9AC-67EF37174C10}.Debug|x86.Build.0 = Debug|Any CPU
		{82745936-4356-4496-B9AC-67EF37174C10}.Release|Any CPU.ActiveCfg = Release|Any CPU
		{82745936-4356-4496-B9AC-67EF37174C10}.Release|Any CPU.Build.0 = Release|Any CPU
		{82745936-4356-4496-B9AC-67EF37174C10}.Release|x64.ActiveCfg = Release|Any CPU
		{82745936-4356-4496-B9AC-67EF37174C10}.Release|x64.Build.0 = Release|Any CPU
		{82745936-4356-4496-B9AC-67EF37174C10}.Release|x86.ActiveCfg = Release|Any CPU
		{82745936-4356-4496-B9AC-67EF37174C10}.Release|x86.Build.0 = Release|Any CPU
	EndGlobalSection
	GlobalSection(SolutionProperties) = preSolution
		HideSolutionNode = FALSE
	EndGlobalSection
	GlobalSection(NestedProjects) = preSolution
		{20F2A115-B8B2-466F-9FD4-9BAB5574EAA2} = {543E4676-3231-EAAD-11CE-A1B56AC10241}
		{928CD683-DCBA-45E9-AAC6-87C2572FD90F} = {F62A1F54-8B3F-A229-359C-38C30772E0B0}
		{BD23A3AC-EA3F-4360-AE45-993E171AC837} = {F62A1F54-8B3F-A229-359C-38C30772E0B0}
		{B57623B0-FAFE-4B20-A02B-247F997E62D3} = {543E4676-3231-EAAD-11CE-A1B56AC10241}
		{B1ADC83D-3448-42D5-BA96-5717171ACCC0} = {543E4676-3231-EAAD-11CE-A1B56AC10241}
		{C499807E-E8F2-4173-B957-0964512AD1D9} = {543E4676-3231-EAAD-11CE-A1B56AC10241}
		{CC1CC668-94C6-4710-9E8E-277E88D2494C} = {543E4676-3231-EAAD-11CE-A1B56AC10241}
		{F1E17415-4AE4-4690-983C-320155826ECC} = {543E4676-3231-EAAD-11CE-A1B56AC10241}
		{9A79A152-C362-4FE9-B08C-421415F000FC} = {543E4676-3231-EAAD-11CE-A1B56AC10241}
		{67133137-BC5C-45D5-8039-317C8976584C} = {543E4676-3231-EAAD-11CE-A1B56AC10241}
		{09DD5478-8C2C-4355-9EF8-218E7E72D122} = {C66E96C2-EFD5-CB4D-61F5-1442FEF23538}
		{0F2B5998-1B64-4157-9605-6118883EF52A} = {C66E96C2-EFD5-CB4D-61F5-1442FEF23538}
		{45ED4817-98AC-452C-8951-458025F29F22} = {C66E96C2-EFD5-CB4D-61F5-1442FEF23538}
		{8DD8B412-14A6-44E8-B37D-2F31DA46E219} = {C66E96C2-EFD5-CB4D-61F5-1442FEF23538}
		{7EE62BF5-B1F5-4F16-8BBE-1D05CD5A2074} = {C66E96C2-EFD5-CB4D-61F5-1442FEF23538}
		{83FB9B26-14BE-47D5-8C57-4F383ADE0B0E} = {C66E96C2-EFD5-CB4D-61F5-1442FEF23538}
		{2C4905B7-53CF-4425-8695-F971A64F7CFC} = {C66E96C2-EFD5-CB4D-61F5-1442FEF23538}
		{E5976FA8-FF97-4251-80CF-005302D62B89} = {C66E96C2-EFD5-CB4D-61F5-1442FEF23538}
		{06BAE8F7-B018-4C27-9F45-C463AD1475D2} = {C66E96C2-EFD5-CB4D-61F5-1442FEF23538}
		{82745936-4356-4496-B9AC-67EF37174C10} = {C66E96C2-EFD5-CB4D-61F5-1442FEF23538}
	EndGlobalSection
EndGlobal
