
Microsoft Visual Studio Solution File, Format Version 12.00
# Visual Studio Version 17
VisualStudioVersion = 17.0.31903.59
MinimumVisualStudioVersion = 10.0.40219.1
Project("{2150E333-8FDC-42A3-9474-1A3956D46DE8}") = "1.2 Inheritance - Exercise", "1.2 Inheritance - Exercise", "{DD5C345E-E1AC-4880-1FC0-21B4B9070DA7}"
EndProject
Project("{FAE04EC0-301F-11D3-BF4B-00C04F79EFBC}") = "Person", "1.2 Inheritance - Exercise\01. Person\Person.csproj", "{B51C3E3F-2F6C-4C49-A975-1F1B25B7127B}"
EndProject
Project("{2150E333-8FDC-42A3-9474-1A3956D46DE8}") = "1.1 Inheritance - Lab", "1.1 Inheritance - Lab", "{8A6B2106-0286-13FB-2F28-CAB4F2D812B0}"
EndProject
Project("{FAE04EC0-301F-11D3-BF4B-00C04F79EFBC}") = "Farm", "1.1 Inheritance - Lab\Farm\Farm.csproj", "{D6C574CD-3B6B-46CB-9860-2CBD35512627}"
EndProject
Project("{FAE04EC0-301F-11D3-BF4B-00C04F79EFBC}") = "CustomRandomList", "1.1 Inheritance - Lab\CustomRandomList\CustomRandomList.csproj", "{EF60CD60-9694-4614-87CF-27C96A9A537D}"
EndProject
Project("{FAE04EC0-301F-11D3-BF4B-00C04F79EFBC}") = "CustomStack", "1.1 Inheritance - Lab\CustomStack\CustomStack.csproj", "{6B77B48A-99F0-4D24-99CD-3E53F913D274}"
EndProject
Project("{2150E333-8FDC-42A3-9474-1A3956D46DE8}") = "General", "General", "{F62A1F54-8B3F-A229-359C-38C30772E0B0}"
EndProject
Project("{FAE04EC0-301F-11D3-BF4B-00C04F79EFBC}") = "Plan", "General\Plan\Plan.csproj", "{EB764BAA-4356-4233-9D59-6267AD4B5178}"
EndProject
Project("{FAE04EC0-301F-11D3-BF4B-00C04F79EFBC}") = "Zoo", "1.2 Inheritance - Exercise\02. Zoo\Zoo.csproj", "{3775CE01-8D30-4CE5-990A-69985BBFFF2D}"
EndProject
Project("{FAE04EC0-301F-11D3-BF4B-00C04F79EFBC}") = "PlayersAndMonsters", "1.2 Inheritance - Exercise\03. Players and Monsters\PlayersAndMonsters.csproj", "{15753A48-DC22-46D3-80C2-27D0A2A3917E}"
EndProject
Project("{FAE04EC0-301F-11D3-BF4B-00C04F79EFBC}") = "NeedForSpeed", "1.2 Inheritance - Exercise\04. Need for Speed\NeedForSpeed.csproj", "{54C0BF6A-4BE2-46BC-9A38-CBF1B85D72D6}"
EndProject
Project("{FAE04EC0-301F-11D3-BF4B-00C04F79EFBC}") = "Restaurant", "1.2 Inheritance - Exercise\05. Restaurant\Restaurant.csproj", "{6BC91D60-EA41-4EFF-8E6D-97A3A6FF4304}"
EndProject
Project("{FAE04EC0-301F-11D3-BF4B-00C04F79EFBC}") = "Animals", "1.2 Inheritance - Exercise\06. Animals\Animals.csproj", "{B649E98D-95CF-44E8-BC42-81D107D3C109}"
EndProject
Project("{2150E333-8FDC-42A3-9474-1A3956D46DE8}") = "2.1 Encapsulation - Lab", "2.1 Encapsulation - Lab", "{8F04C620-621D-7E6D-01D3-6F89750AB3C4}"
EndProject
Project("{FAE04EC0-301F-11D3-BF4B-00C04F79EFBC}") = "PersonsInfo", "2.1 Encapsulation - Lab\PersonsInfo\PersonsInfo.csproj", "{947DD53D-BB53-4BEB-9086-E015D9A37A48}"
EndProject
Project("{2150E333-8FDC-42A3-9474-1A3956D46DE8}") = "3.1 Interfaces and Abstraction - Lab", "3.1 Interfaces and Abstraction - Lab", "{A1A1F691-DE04-F183-2FC8-DA93159F9C95}"
EndProject
Project("{FAE04EC0-301F-11D3-BF4B-00C04F79EFBC}") = "Shapes", "3.1 Interfaces and Abstraction - Lab\01. Shapes\Shapes.csproj", "{D335B045-B4B3-4469-8ED4-D8F3F67E3ADE}"
EndProject
Project("{FAE04EC0-301F-11D3-BF4B-00C04F79EFBC}") = "Cars", "3.1 Interfaces and Abstraction - Lab\02. Cars\Cars.csproj", "{C645A41E-C0EF-4584-9096-01450AB831A8}"
EndProject
Project("{2150E333-8FDC-42A3-9474-1A3956D46DE8}") = "2.2 Encapsulation - Exercise", "2.2 Encapsulation - Exercise", "{C526808F-8375-EB7D-C556-F45CEE76BE98}"
EndProject
Project("{FAE04EC0-301F-11D3-BF4B-00C04F79EFBC}") = "ClassBoxData", "2.2 Encapsulation - Exercise\01. Class Box Data\ClassBoxData.csproj", "{47F5A93E-B5DC-4285-B38C-B22BD3D036F4}"
EndProject
Project("{FAE04EC0-301F-11D3-BF4B-00C04F79EFBC}") = "AnimalFarm", "2.2 Encapsulation - Exercise\02. Animal Farm\AnimalFarm.csproj", "{98DFA047-481F-4013-B799-57E50BB3817D}"
EndProject
Project("{FAE04EC0-301F-11D3-BF4B-00C04F79EFBC}") = "ShoppingSpree", "2.2 Encapsulation - Exercise\03. Shopping Spree\ShoppingSpree.csproj", "{74E8CB55-4C0C-4753-B584-5C4B7E560B3B}"
EndProject
Project("{FAE04EC0-301F-11D3-BF4B-00C04F79EFBC}") = "PizzaCalories", "2.2 Encapsulation - Exercise\04. Pizza Calories\PizzaCalories.csproj", "{85C69850-4DB5-47A7-A345-21280E1F0D82}"
EndProject
Project("{FAE04EC0-301F-11D3-BF4B-00C04F79EFBC}") = "FootballTeamGenerator", "2.2 Encapsulation - Exercise\05. Football Team Generator\FootballTeamGenerator.csproj", "{4A24477B-E37F-498D-B5D5-3DB00ACDA067}"
EndProject
Project("{2150E333-8FDC-42A3-9474-1A3956D46DE8}") = "3.2 Interfaces and Abstraction - Exercise", "3.2 Interfaces and Abstraction - Exercise", "{FD43958B-33A2-9DE4-ED17-ACCE6F521CFA}"
EndProject
Project("{FAE04EC0-301F-11D3-BF4B-00C04F79EFBC}") = "PersonInfo", "3.2 Interfaces and Abstraction - Exercise\01. - 02. Define an Interface IPerson\PersonInfo.csproj", "{CDB7FC81-74CE-4455-9C60-E8F862CAF637}"
EndProject
Project("{FAE04EC0-301F-11D3-BF4B-00C04F79EFBC}") = "Telephony", "3.2 Interfaces and Abstraction - Exercise\03. Telephony\Telephony.csproj", "{F778CFE7-99DC-4B3B-8ABA-1C1F1CDD07C3}"
EndProject
Project("{FAE04EC0-301F-11D3-BF4B-00C04F79EFBC}") = "BorderControl", "3.2 Interfaces and Abstraction - Exercise\04. Border Control\BorderControl.csproj", "{88364A75-1F39-4BBA-BFF2-A7064385108C}"
EndProject
Project("{FAE04EC0-301F-11D3-BF4B-00C04F79EFBC}") = "BirthdayCelebrations", "3.2 Interfaces and Abstraction - Exercise\05. Birthday Celebrations\BirthdayCelebrations.csproj", "{5909F5A3-8610-4A4E-8D3D-4E20066FB7AD}"
EndProject
Project("{FAE04EC0-301F-11D3-BF4B-00C04F79EFBC}") = "FoodShortage", "3.2 Interfaces and Abstraction - Exercise\06. Food Shortage\FoodShortage.csproj", "{1FC20CB2-1134-4E0C-A372-3C2141FF16B4}"
EndProject
Project("{FAE04EC0-301F-11D3-BF4B-00C04F79EFBC}") = "MilitaryElite", "3.2 Interfaces and Abstraction - Exercise\07. Military Elite\MilitaryElite.csproj", "{C01B07D8-5729-4DB9-9648-01CE56AC3BAE}"
EndProject
Project("{FAE04EC0-301F-11D3-BF4B-00C04F79EFBC}") = "CollectionHierarchy", "3.2 Interfaces and Abstraction - Exercise\08. Collection Hierarchy\CollectionHierarchy.csproj", "{2BAC79B0-D8CC-45A5-B214-6BB0EB28DD0B}"
EndProject
Project("{FAE04EC0-301F-11D3-BF4B-00C04F79EFBC}") = "ExplicitInterfaces", "3.2 Interfaces and Abstraction - Exercise\09. Explicit Interfaces\ExplicitInterfaces.csproj", "{8F9BC3FC-A984-42D7-AA01-8CE75F0A2B10}"
EndProject
Project("{2150E333-8FDC-42A3-9474-1A3956D46DE8}") = "4.1 Polymorphism - Lab", "4.1 Polymorphism - Lab", "{2D8F0EDC-8E2A-21C5-BFE9-4E83725CAA6A}"
EndProject
Project("{FAE04EC0-301F-11D3-BF4B-00C04F79EFBC}") = "Operations", "4.1 Polymorphism - Lab\01. Math Operations\Operations.csproj", "{DF1468A5-315F-4375-BF65-4C264DF2610F}"
EndProject
Project("{FAE04EC0-301F-11D3-BF4B-00C04F79EFBC}") = "Animals", "4.1 Polymorphism - Lab\02. Animals\Animals.csproj", "{0F30EC89-4FE7-412D-95A7-7AB0AAFF35A9}"
EndProject
Project("{FAE04EC0-301F-11D3-BF4B-00C04F79EFBC}") = "Shapes", "4.1 Polymorphism - Lab\03. Shapes\Shapes.csproj", "{68F6524A-3AD7-4CD9-90F5-87CB1B57C92B}"
EndProject
Project("{2150E333-8FDC-42A3-9474-1A3956D46DE8}") = "4.2 Polymorphism - Exercise", "4.2 Polymorphism - Exercise", "{04B1D5A3-56F7-3201-2970-924F663BF752}"
EndProject
Project("{FAE04EC0-301F-11D3-BF4B-00C04F79EFBC}") = "Vehicles", "4.2 Polymorphism - Exercise\01. Vehicles\Vehicles.csproj", "{F738826B-F3DC-4EB6-80C9-7880AD0D8B02}"
EndProject
Project("{FAE04EC0-301F-11D3-BF4B-00C04F79EFBC}") = "VehiclesExtension", "4.2 Polymorphism - Exercise\02. Vehicles Extension\VehiclesExtension.csproj", "{4813789F-6890-4EF0-B6FC-3535E0877318}"
EndProject
Project("{FAE04EC0-301F-11D3-BF4B-00C04F79EFBC}") = "Raiding", "4.2 Polymorphism - Exercise\03. Raiding\Raiding.csproj", "{0E2CFD42-FAD1-4984-BCAA-7592B3F5950D}"
EndProject
Project("{FAE04EC0-301F-11D3-BF4B-00C04F79EFBC}") = "WildFarm", "4.2 Polymorphism - Exercise\04. Wild Farm\WildFarm.csproj", "{3D33F9A4-E278-4A5D-A73B-7D57BAAC8EDE}"
EndProject
Project("{2150E333-8FDC-42A3-9474-1A3956D46DE8}") = "5.1 Exceptions and Error Handling - Lab", "5.1 Exceptions and Error Handling - Lab", "{DF92A200-A95A-D27B-CACA-04EDC85B0BE9}"
EndProject
Project("{FAE04EC0-301F-11D3-BF4B-00C04F79EFBC}") = "SquareRoot", "5.1 Exceptions and Error Handling - Lab\01. Square Root\SquareRoot.csproj", "{6F45B8FD-E6B9-4895-ABB7-D346DBF53EAD}"
EndProject
Project("{FAE04EC0-301F-11D3-BF4B-00C04F79EFBC}") = "EnterNumbers", "5.1 Exceptions and Error Handling - Lab\02. Enter Numbers\EnterNumbers.csproj", "{630E7A5C-C3FD-4B84-B106-76351979DC3A}"
EndProject
Project("{FAE04EC0-301F-11D3-BF4B-00C04F79EFBC}") = "Cards", "5.1 Exceptions and Error Handling - Lab\03. Cards\Cards.csproj", "{B494C15E-864F-4B3F-AE8C-96A1246F007B}"
EndProject
Project("{FAE04EC0-301F-11D3-BF4B-00C04F79EFBC}") = "SumOfIntegers", "5.1 Exceptions and Error Handling - Lab\04. Sum of Integers\SumOfIntegers.csproj", "{2F0FF28C-2048-444D-8FD3-D6E9CBA488E8}"
EndProject
Project("{FAE04EC0-301F-11D3-BF4B-00C04F79EFBC}") = "PlayCatch", "5.1 Exceptions and Error Handling - Lab\05. Play Catch\PlayCatch.csproj", "{80333869-C94E-43A2-9A38-75C0588171A6}"
EndProject
Project("{FAE04EC0-301F-11D3-BF4B-00C04F79EFBC}") = "MoneyTransactions", "5.1 Exceptions and Error Handling - Lab\06. Money Transactions\MoneyTransactions.csproj", "{0AB647E9-F974-48CC-B09B-C8BAC3D6A62E}"
EndProject
Project("{2150E333-8FDC-42A3-9474-1A3956D46DE8}") = "6.1 SOLID - Lab", "6.1 SOLID - Lab", "{0C913063-CC63-1669-3181-F569C6BD92A6}"
EndProject
Project("{FAE04EC0-301F-11D3-BF4B-00C04F79EFBC}") = "StreamProgress", "6.1 SOLID - Lab\01. Stream Progress Info\StreamProgress.csproj", "{D3D5F273-7BA2-4980-8845-027DC5753393}"
EndProject
Project("{FAE04EC0-301F-11D3-BF4B-00C04F79EFBC}") = "GraphicEditor", "6.1 SOLID - Lab\02. Graphic Editor\GraphicEditor.csproj", "{6F1D5C05-7633-4218-B800-4EB9857ECC12}"
EndProject
Project("{FAE04EC0-301F-11D3-BF4B-00C04F79EFBC}") = "DetailPrinter", "6.1 SOLID - Lab\03. Detail Printer\DetailPrinter.csproj", "{57D22CDA-3992-4774-B1FB-BD053BEEABFA}"
EndProject
Project("{FAE04EC0-301F-11D3-BF4B-00C04F79EFBC}") = "Recharge", "6.1 SOLID - Lab\04. Recharge\Recharge.csproj", "{86E7734C-007E-41F0-88D6-8758D13175EF}"
EndProject
Project("{2150E333-8FDC-42A3-9474-1A3956D46DE8}") = "6.2 SOLID - Exercise", "6.2 SOLID - Exercise", "{A78626D7-54DC-D315-FB3B-416A95239592}"
EndProject
Project("{FAE04EC0-301F-11D3-BF4B-00C04F79EFBC}") = "Logger", "6.2 SOLID - Exercise\01. Logger\Logger.csproj", "{2218422B-A768-4C2E-9FB8-9B0D4D70D510}"
EndProject
Project("{2150E333-8FDC-42A3-9474-1A3956D46DE8}") = "7.1 Reflection and Attributes - Lab", "7.1 Reflection and Attributes - Lab", "{C133A937-5EAF-E5F6-C2CE-76B4565E720A}"
EndProject
Project("{FAE04EC0-301F-11D3-BF4B-00C04F79EFBC}") = "Stealer", "7.1 Reflection and Attributes - Lab\01. - 04. Stealer\Stealer.csproj", "{16742E2D-1643-45E0-8623-02EF44469A65}"
EndProject
Project("{FAE04EC0-301F-11D3-BF4B-00C04F79EFBC}") = "AuthorProblem", "7.1 Reflection and Attributes - Lab\05. - 06. AuthorProblem\AuthorProblem.csproj", "{1605939E-C3DA-4821-9644-A8C347B38873}"
EndProject
Project("{2150E333-8FDC-42A3-9474-1A3956D46DE8}") = "7.2 Reflection and Attributes - Exercise", "7.2 Reflection and Attributes - Exercise", "{CDC1CAA1-FA1F-792F-AFDB-F1D76070BB4E}"
EndProject
Project("{FAE04EC0-301F-11D3-BF4B-00C04F79EFBC}") = "CommandPattern", "7.2 Reflection and Attributes - Exercise\01. Command Pattern\CommandPattern.csproj", "{015EFCC3-45F5-43F5-908F-0034C97B57C4}"
EndProject
Project("{FAE04EC0-301F-11D3-BF4B-00C04F79EFBC}") = "ValidationAttributes", "7.2 Reflection and Attributes - Exercise\02. Validation Attributes\ValidationAttributes.csproj", "{FA34449E-5B3D-47BD-AB49-7C745398A468}"
EndProject
Project("{2150E333-8FDC-42A3-9474-1A3956D46DE8}") = "Unit Testing", "Unit Testing", "{C8955B06-741D-4D78-EFC5-8F05A52B0470}"
EndProject
Project("{FAE04EC0-301F-11D3-BF4B-00C04F79EFBC}") = "MathOperations", "General\Unit Testing\MathOperations\MathOperations.csproj", "{31E0296E-8DCB-479A-B578-0CECB7B159ED}"
EndProject
Project("{FAE04EC0-301F-11D3-BF4B-00C04F79EFBC}") = "MathOperations.Tests", "General\Unit Testing\MathOperations.Tests\MathOperations.Tests.csproj", "{0AABFAB0-1A00-4CED-BA91-D0E7479B3E82}"
EndProject
Project("{2150E333-8FDC-42A3-9474-1A3956D46DE8}") = "8.1 Unit Testing - Lab", "8.1 Unit Testing - Lab", "{0AE2D2C3-32B7-6A5B-5943-B59BACB56F92}"
EndProject
Project("{FAE04EC0-301F-11D3-BF4B-00C04F79EFBC}") = "Skeleton", "8.1 Unit Testing - Lab\01. - 02. Tests\Skeleton.csproj", "{3CED2BEB-20A8-4365-8A78-7ABFD502F967}"
EndProject
Project("{FAE04EC0-301F-11D3-BF4B-00C04F79EFBC}") = "Skeleton.Tests", "8.1 Unit Testing - Lab\Skeleton.Tests\Skeleton.Tests.csproj", "{1ADAD8F6-1405-4478-8BF4-39F76F422AC3}"
EndProject
Project("{2150E333-8FDC-42A3-9474-1A3956D46DE8}") = "8.2 Unit Testing - Exercise", "8.2 Unit Testing - Exercise", "{4E202B8C-FECD-B7E4-A602-C73F43C1A283}"
EndProject
Project("{2150E333-8FDC-42A3-9474-1A3956D46DE8}") = "01. Database", "01. Database", "{3A8AD474-BC98-546F-593A-EDC4F9C22629}"
EndProject
Project("{FAE04EC0-301F-11D3-BF4B-00C04F79EFBC}") = "Database", "8.2 Unit Testing - Exercise\01. Database\Database\Database.csproj", "{4D0C4D10-35CE-4C86-8C26-1364BB992989}"
EndProject
Project("{FAE04EC0-301F-11D3-BF4B-00C04F79EFBC}") = "Database.Tests", "8.2 Unit Testing - Exercise\01. Database\Database.Tests\Database.Tests.csproj", "{0661DDFD-26D0-41E6-A650-4273E508242D}"
EndProject
Project("{2150E333-8FDC-42A3-9474-1A3956D46DE8}") = "02. Extended Database", "02. Extended Database", "{ED0F8BAA-2A5F-FC50-AB03-7242A26F5774}"
EndProject
Project("{FAE04EC0-301F-11D3-BF4B-00C04F79EFBC}") = "DatabaseExtended", "8.2 Unit Testing - Exercise\02. Extended Database\DatabaseExtended\DatabaseExtended.csproj", "{B0AE14E6-B905-45ED-9DAC-0604072F0C96}"
EndProject
Project("{FAE04EC0-301F-11D3-BF4B-00C04F79EFBC}") = "DatabaseExtended.Tests", "8.2 Unit Testing - Exercise\02. Extended Database\DatabaseExtended.Tests\DatabaseExtended.Tests.csproj", "{9FAB91FF-FC49-4C75-A3E4-7D9D3D138283}"
EndProject
Project("{2150E333-8FDC-42A3-9474-1A3956D46DE8}") = "03. Car Manager", "03. Car Manager", "{EB628647-01E6-F68B-C3C4-0B53941777F5}"
EndProject
Project("{FAE04EC0-301F-11D3-BF4B-00C04F79EFBC}") = "CarManager", "8.2 Unit Testing - Exercise\03. Car Manager\CarManager\CarManager.csproj", "{0209B3C8-B54A-46C0-9054-EDC580765048}"
EndProject
Project("{FAE04EC0-301F-11D3-BF4B-00C04F79EFBC}") = "CarManager.Tests", "8.2 Unit Testing - Exercise\03. Car Manager\CarManager.Tests\CarManager.Tests.csproj", "{CE758F69-4E39-4287-9987-AE5B858DC16A}"
EndProject
Project("{2150E333-8FDC-42A3-9474-1A3956D46DE8}") = "04. Fighting Arena", "04. Fighting Arena", "{B8C0C71B-4788-6286-F7B1-D3F5C675CA20}"
EndProject
Project("{FAE04EC0-301F-11D3-BF4B-00C04F79EFBC}") = "FightingArena", "8.2 Unit Testing - Exercise\04. Fighting Arena\FightingArena\FightingArena.csproj", "{B6B05F5D-660F-4ADB-B89C-C984BB1E92E7}"
EndProject
Project("{FAE04EC0-301F-11D3-BF4B-00C04F79EFBC}") = "FightingArena.Tests", "8.2 Unit Testing - Exercise\04. Fighting Arena\FightingArena.Tests\FightingArena.Tests.csproj", "{8C859C21-3890-4F77-B399-465067CBA3C3}"
EndProject
Project("{2150E333-8FDC-42A3-9474-1A3956D46DE8}") = "Exam Preparation", "Exam Preparation", "{966F151A-7C88-508D-2ECC-8E0C43D5512D}"
EndProject
Project("{2150E333-8FDC-42A3-9474-1A3956D46DE8}") = "Exam - 8.12.2024", "Exam - 8.12.2024", "{C73B9F55-43DA-93F6-FC06-DE41EACF1B85}"
EndProject
Project("{FAE04EC0-301F-11D3-BF4B-00C04F79EFBC}") = "BlackFriday", "Exam Preparation\Exam - 8.12.2024\BlackFriday\BlackFriday.csproj", "{82A6D066-15A2-4E18-877A-1A388525B465}"
EndProject
Project("{2150E333-8FDC-42A3-9474-1A3956D46DE8}") = "Online Exam", "Online Exam", "{43577777-CE5E-9552-642A-6AA2DF138C13}"
EndProject
Project("{FAE04EC0-301F-11D3-BF4B-00C04F79EFBC}") = "LegendsOfValor-TheGuildTrials", "Exam Preparation\Online Exam\LegendsOfValor-TheGuildTrials\LegendsOfValor-TheGuildTrials.csproj", "{42B6FBF2-0471-4C93-A148-854FB71996F7}"
EndProject
Global
	GlobalSection(SolutionConfigurationPlatforms) = preSolution
		Debug|Any CPU = Debug|Any CPU
		Debug|x64 = Debug|x64
		Debug|x86 = Debug|x86
		Release|Any CPU = Release|Any CPU
		Release|x64 = Release|x64
		Release|x86 = Release|x86
	EndGlobalSection
	GlobalSection(ProjectConfigurationPlatforms) = postSolution
		{B51C3E3F-2F6C-4C49-A975-1F1B25B7127B}.Debug|Any CPU.ActiveCfg = Debug|Any CPU
		{B51C3E3F-2F6C-4C49-A975-1F1B25B7127B}.Debug|Any CPU.Build.0 = Debug|Any CPU
		{B51C3E3F-2F6C-4C49-A975-1F1B25B7127B}.Debug|x64.ActiveCfg = Debug|Any CPU
		{B51C3E3F-2F6C-4C49-A975-1F1B25B7127B}.Debug|x64.Build.0 = Debug|Any CPU
		{B51C3E3F-2F6C-4C49-A975-1F1B25B7127B}.Debug|x86.ActiveCfg = Debug|Any CPU
		{B51C3E3F-2F6C-4C49-A975-1F1B25B7127B}.Debug|x86.Build.0 = Debug|Any CPU
		{B51C3E3F-2F6C-4C49-A975-1F1B25B7127B}.Release|Any CPU.ActiveCfg = Release|Any CPU
		{B51C3E3F-2F6C-4C49-A975-1F1B25B7127B}.Release|Any CPU.Build.0 = Release|Any CPU
		{B51C3E3F-2F6C-4C49-A975-1F1B25B7127B}.Release|x64.ActiveCfg = Release|Any CPU
		{B51C3E3F-2F6C-4C49-A975-1F1B25B7127B}.Release|x64.Build.0 = Release|Any CPU
		{B51C3E3F-2F6C-4C49-A975-1F1B25B7127B}.Release|x86.ActiveCfg = Release|Any CPU
		{B51C3E3F-2F6C-4C49-A975-1F1B25B7127B}.Release|x86.Build.0 = Release|Any CPU
		{D6C574CD-3B6B-46CB-9860-2CBD35512627}.Debug|Any CPU.ActiveCfg = Debug|Any CPU
		{D6C574CD-3B6B-46CB-9860-2CBD35512627}.Debug|Any CPU.Build.0 = Debug|Any CPU
		{D6C574CD-3B6B-46CB-9860-2CBD35512627}.Debug|x64.ActiveCfg = Debug|Any CPU
		{D6C574CD-3B6B-46CB-9860-2CBD35512627}.Debug|x64.Build.0 = Debug|Any CPU
		{D6C574CD-3B6B-46CB-9860-2CBD35512627}.Debug|x86.ActiveCfg = Debug|Any CPU
		{D6C574CD-3B6B-46CB-9860-2CBD35512627}.Debug|x86.Build.0 = Debug|Any CPU
		{D6C574CD-3B6B-46CB-9860-2CBD35512627}.Release|Any CPU.ActiveCfg = Release|Any CPU
		{D6C574CD-3B6B-46CB-9860-2CBD35512627}.Release|Any CPU.Build.0 = Release|Any CPU
		{D6C574CD-3B6B-46CB-9860-2CBD35512627}.Release|x64.ActiveCfg = Release|Any CPU
		{D6C574CD-3B6B-46CB-9860-2CBD35512627}.Release|x64.Build.0 = Release|Any CPU
		{D6C574CD-3B6B-46CB-9860-2CBD35512627}.Release|x86.ActiveCfg = Release|Any CPU
		{D6C574CD-3B6B-46CB-9860-2CBD35512627}.Release|x86.Build.0 = Release|Any CPU
		{EF60CD60-9694-4614-87CF-27C96A9A537D}.Debug|Any CPU.ActiveCfg = Debug|Any CPU
		{EF60CD60-9694-4614-87CF-27C96A9A537D}.Debug|Any CPU.Build.0 = Debug|Any CPU
		{EF60CD60-9694-4614-87CF-27C96A9A537D}.Debug|x64.ActiveCfg = Debug|Any CPU
		{EF60CD60-9694-4614-87CF-27C96A9A537D}.Debug|x64.Build.0 = Debug|Any CPU
		{EF60CD60-9694-4614-87CF-27C96A9A537D}.Debug|x86.ActiveCfg = Debug|Any CPU
		{EF60CD60-9694-4614-87CF-27C96A9A537D}.Debug|x86.Build.0 = Debug|Any CPU
		{EF60CD60-9694-4614-87CF-27C96A9A537D}.Release|Any CPU.ActiveCfg = Release|Any CPU
		{EF60CD60-9694-4614-87CF-27C96A9A537D}.Release|Any CPU.Build.0 = Release|Any CPU
		{EF60CD60-9694-4614-87CF-27C96A9A537D}.Release|x64.ActiveCfg = Release|Any CPU
		{EF60CD60-9694-4614-87CF-27C96A9A537D}.Release|x64.Build.0 = Release|Any CPU
		{EF60CD60-9694-4614-87CF-27C96A9A537D}.Release|x86.ActiveCfg = Release|Any CPU
		{EF60CD60-9694-4614-87CF-27C96A9A537D}.Release|x86.Build.0 = Release|Any CPU
		{6B77B48A-99F0-4D24-99CD-3E53F913D274}.Debug|Any CPU.ActiveCfg = Debug|Any CPU
		{6B77B48A-99F0-4D24-99CD-3E53F913D274}.Debug|Any CPU.Build.0 = Debug|Any CPU
		{6B77B48A-99F0-4D24-99CD-3E53F913D274}.Debug|x64.ActiveCfg = Debug|Any CPU
		{6B77B48A-99F0-4D24-99CD-3E53F913D274}.Debug|x64.Build.0 = Debug|Any CPU
		{6B77B48A-99F0-4D24-99CD-3E53F913D274}.Debug|x86.ActiveCfg = Debug|Any CPU
		{6B77B48A-99F0-4D24-99CD-3E53F913D274}.Debug|x86.Build.0 = Debug|Any CPU
		{6B77B48A-99F0-4D24-99CD-3E53F913D274}.Release|Any CPU.ActiveCfg = Release|Any CPU
		{6B77B48A-99F0-4D24-99CD-3E53F913D274}.Release|Any CPU.Build.0 = Release|Any CPU
		{6B77B48A-99F0-4D24-99CD-3E53F913D274}.Release|x64.ActiveCfg = Release|Any CPU
		{6B77B48A-99F0-4D24-99CD-3E53F913D274}.Release|x64.Build.0 = Release|Any CPU
		{6B77B48A-99F0-4D24-99CD-3E53F913D274}.Release|x86.ActiveCfg = Release|Any CPU
		{6B77B48A-99F0-4D24-99CD-3E53F913D274}.Release|x86.Build.0 = Release|Any CPU
		{EB764BAA-4356-4233-9D59-6267AD4B5178}.Debug|Any CPU.ActiveCfg = Debug|Any CPU
		{EB764BAA-4356-4233-9D59-6267AD4B5178}.Debug|Any CPU.Build.0 = Debug|Any CPU
		{EB764BAA-4356-4233-9D59-6267AD4B5178}.Debug|x64.ActiveCfg = Debug|Any CPU
		{EB764BAA-4356-4233-9D59-6267AD4B5178}.Debug|x64.Build.0 = Debug|Any CPU
		{EB764BAA-4356-4233-9D59-6267AD4B5178}.Debug|x86.ActiveCfg = Debug|Any CPU
		{EB764BAA-4356-4233-9D59-6267AD4B5178}.Debug|x86.Build.0 = Debug|Any CPU
		{EB764BAA-4356-4233-9D59-6267AD4B5178}.Release|Any CPU.ActiveCfg = Release|Any CPU
		{EB764BAA-4356-4233-9D59-6267AD4B5178}.Release|Any CPU.Build.0 = Release|Any CPU
		{EB764BAA-4356-4233-9D59-6267AD4B5178}.Release|x64.ActiveCfg = Release|Any CPU
		{EB764BAA-4356-4233-9D59-6267AD4B5178}.Release|x64.Build.0 = Release|Any CPU
		{EB764BAA-4356-4233-9D59-6267AD4B5178}.Release|x86.ActiveCfg = Release|Any CPU
		{EB764BAA-4356-4233-9D59-6267AD4B5178}.Release|x86.Build.0 = Release|Any CPU
		{3775CE01-8D30-4CE5-990A-69985BBFFF2D}.Debug|Any CPU.ActiveCfg = Debug|Any CPU
		{3775CE01-8D30-4CE5-990A-69985BBFFF2D}.Debug|Any CPU.Build.0 = Debug|Any CPU
		{3775CE01-8D30-4CE5-990A-69985BBFFF2D}.Debug|x64.ActiveCfg = Debug|Any CPU
		{3775CE01-8D30-4CE5-990A-69985BBFFF2D}.Debug|x64.Build.0 = Debug|Any CPU
		{3775CE01-8D30-4CE5-990A-69985BBFFF2D}.Debug|x86.ActiveCfg = Debug|Any CPU
		{3775CE01-8D30-4CE5-990A-69985BBFFF2D}.Debug|x86.Build.0 = Debug|Any CPU
		{3775CE01-8D30-4CE5-990A-69985BBFFF2D}.Release|Any CPU.ActiveCfg = Release|Any CPU
		{3775CE01-8D30-4CE5-990A-69985BBFFF2D}.Release|Any CPU.Build.0 = Release|Any CPU
		{3775CE01-8D30-4CE5-990A-69985BBFFF2D}.Release|x64.ActiveCfg = Release|Any CPU
		{3775CE01-8D30-4CE5-990A-69985BBFFF2D}.Release|x64.Build.0 = Release|Any CPU
		{3775CE01-8D30-4CE5-990A-69985BBFFF2D}.Release|x86.ActiveCfg = Release|Any CPU
		{3775CE01-8D30-4CE5-990A-69985BBFFF2D}.Release|x86.Build.0 = Release|Any CPU
		{15753A48-DC22-46D3-80C2-27D0A2A3917E}.Debug|Any CPU.ActiveCfg = Debug|Any CPU
		{15753A48-DC22-46D3-80C2-27D0A2A3917E}.Debug|Any CPU.Build.0 = Debug|Any CPU
		{15753A48-DC22-46D3-80C2-27D0A2A3917E}.Debug|x64.ActiveCfg = Debug|Any CPU
		{15753A48-DC22-46D3-80C2-27D0A2A3917E}.Debug|x64.Build.0 = Debug|Any CPU
		{15753A48-DC22-46D3-80C2-27D0A2A3917E}.Debug|x86.ActiveCfg = Debug|Any CPU
		{15753A48-DC22-46D3-80C2-27D0A2A3917E}.Debug|x86.Build.0 = Debug|Any CPU
		{15753A48-DC22-46D3-80C2-27D0A2A3917E}.Release|Any CPU.ActiveCfg = Release|Any CPU
		{15753A48-DC22-46D3-80C2-27D0A2A3917E}.Release|Any CPU.Build.0 = Release|Any CPU
		{15753A48-DC22-46D3-80C2-27D0A2A3917E}.Release|x64.ActiveCfg = Release|Any CPU
		{15753A48-DC22-46D3-80C2-27D0A2A3917E}.Release|x64.Build.0 = Release|Any CPU
		{15753A48-DC22-46D3-80C2-27D0A2A3917E}.Release|x86.ActiveCfg = Release|Any CPU
		{15753A48-DC22-46D3-80C2-27D0A2A3917E}.Release|x86.Build.0 = Release|Any CPU
		{54C0BF6A-4BE2-46BC-9A38-CBF1B85D72D6}.Debug|Any CPU.ActiveCfg = Debug|Any CPU
		{54C0BF6A-4BE2-46BC-9A38-CBF1B85D72D6}.Debug|Any CPU.Build.0 = Debug|Any CPU
		{54C0BF6A-4BE2-46BC-9A38-CBF1B85D72D6}.Debug|x64.ActiveCfg = Debug|Any CPU
		{54C0BF6A-4BE2-46BC-9A38-CBF1B85D72D6}.Debug|x64.Build.0 = Debug|Any CPU
		{54C0BF6A-4BE2-46BC-9A38-CBF1B85D72D6}.Debug|x86.ActiveCfg = Debug|Any CPU
		{54C0BF6A-4BE2-46BC-9A38-CBF1B85D72D6}.Debug|x86.Build.0 = Debug|Any CPU
		{54C0BF6A-4BE2-46BC-9A38-CBF1B85D72D6}.Release|Any CPU.ActiveCfg = Release|Any CPU
		{54C0BF6A-4BE2-46BC-9A38-CBF1B85D72D6}.Release|Any CPU.Build.0 = Release|Any CPU
		{54C0BF6A-4BE2-46BC-9A38-CBF1B85D72D6}.Release|x64.ActiveCfg = Release|Any CPU
		{54C0BF6A-4BE2-46BC-9A38-CBF1B85D72D6}.Release|x64.Build.0 = Release|Any CPU
		{54C0BF6A-4BE2-46BC-9A38-CBF1B85D72D6}.Release|x86.ActiveCfg = Release|Any CPU
		{54C0BF6A-4BE2-46BC-9A38-CBF1B85D72D6}.Release|x86.Build.0 = Release|Any CPU
		{6BC91D60-EA41-4EFF-8E6D-97A3A6FF4304}.Debug|Any CPU.ActiveCfg = Debug|Any CPU
		{6BC91D60-EA41-4EFF-8E6D-97A3A6FF4304}.Debug|Any CPU.Build.0 = Debug|Any CPU
		{6BC91D60-EA41-4EFF-8E6D-97A3A6FF4304}.Debug|x64.ActiveCfg = Debug|Any CPU
		{6BC91D60-EA41-4EFF-8E6D-97A3A6FF4304}.Debug|x64.Build.0 = Debug|Any CPU
		{6BC91D60-EA41-4EFF-8E6D-97A3A6FF4304}.Debug|x86.ActiveCfg = Debug|Any CPU
		{6BC91D60-EA41-4EFF-8E6D-97A3A6FF4304}.Debug|x86.Build.0 = Debug|Any CPU
		{6BC91D60-EA41-4EFF-8E6D-97A3A6FF4304}.Release|Any CPU.ActiveCfg = Release|Any CPU
		{6BC91D60-EA41-4EFF-8E6D-97A3A6FF4304}.Release|Any CPU.Build.0 = Release|Any CPU
		{6BC91D60-EA41-4EFF-8E6D-97A3A6FF4304}.Release|x64.ActiveCfg = Release|Any CPU
		{6BC91D60-EA41-4EFF-8E6D-97A3A6FF4304}.Release|x64.Build.0 = Release|Any CPU
		{6BC91D60-EA41-4EFF-8E6D-97A3A6FF4304}.Release|x86.ActiveCfg = Release|Any CPU
		{6BC91D60-EA41-4EFF-8E6D-97A3A6FF4304}.Release|x86.Build.0 = Release|Any CPU
		{B649E98D-95CF-44E8-BC42-81D107D3C109}.Debug|Any CPU.ActiveCfg = Debug|Any CPU
		{B649E98D-95CF-44E8-BC42-81D107D3C109}.Debug|Any CPU.Build.0 = Debug|Any CPU
		{B649E98D-95CF-44E8-BC42-81D107D3C109}.Debug|x64.ActiveCfg = Debug|Any CPU
		{B649E98D-95CF-44E8-BC42-81D107D3C109}.Debug|x64.Build.0 = Debug|Any CPU
		{B649E98D-95CF-44E8-BC42-81D107D3C109}.Debug|x86.ActiveCfg = Debug|Any CPU
		{B649E98D-95CF-44E8-BC42-81D107D3C109}.Debug|x86.Build.0 = Debug|Any CPU
		{B649E98D-95CF-44E8-BC42-81D107D3C109}.Release|Any CPU.ActiveCfg = Release|Any CPU
		{B649E98D-95CF-44E8-BC42-81D107D3C109}.Release|Any CPU.Build.0 = Release|Any CPU
		{B649E98D-95CF-44E8-BC42-81D107D3C109}.Release|x64.ActiveCfg = Release|Any CPU
		{B649E98D-95CF-44E8-BC42-81D107D3C109}.Release|x64.Build.0 = Release|Any CPU
		{B649E98D-95CF-44E8-BC42-81D107D3C109}.Release|x86.ActiveCfg = Release|Any CPU
		{B649E98D-95CF-44E8-BC42-81D107D3C109}.Release|x86.Build.0 = Release|Any CPU
		{947DD53D-BB53-4BEB-9086-E015D9A37A48}.Debug|Any CPU.ActiveCfg = Debug|Any CPU
		{947DD53D-BB53-4BEB-9086-E015D9A37A48}.Debug|Any CPU.Build.0 = Debug|Any CPU
		{947DD53D-BB53-4BEB-9086-E015D9A37A48}.Debug|x64.ActiveCfg = Debug|Any CPU
		{947DD53D-BB53-4BEB-9086-E015D9A37A48}.Debug|x64.Build.0 = Debug|Any CPU
		{947DD53D-BB53-4BEB-9086-E015D9A37A48}.Debug|x86.ActiveCfg = Debug|Any CPU
		{947DD53D-BB53-4BEB-9086-E015D9A37A48}.Debug|x86.Build.0 = Debug|Any CPU
		{947DD53D-BB53-4BEB-9086-E015D9A37A48}.Release|Any CPU.ActiveCfg = Release|Any CPU
		{947DD53D-BB53-4BEB-9086-E015D9A37A48}.Release|Any CPU.Build.0 = Release|Any CPU
		{947DD53D-BB53-4BEB-9086-E015D9A37A48}.Release|x64.ActiveCfg = Release|Any CPU
		{947DD53D-BB53-4BEB-9086-E015D9A37A48}.Release|x64.Build.0 = Release|Any CPU
		{947DD53D-BB53-4BEB-9086-E015D9A37A48}.Release|x86.ActiveCfg = Release|Any CPU
		{947DD53D-BB53-4BEB-9086-E015D9A37A48}.Release|x86.Build.0 = Release|Any CPU
		{D335B045-B4B3-4469-8ED4-D8F3F67E3ADE}.Debug|Any CPU.ActiveCfg = Debug|Any CPU
		{D335B045-B4B3-4469-8ED4-D8F3F67E3ADE}.Debug|Any CPU.Build.0 = Debug|Any CPU
		{D335B045-B4B3-4469-8ED4-D8F3F67E3ADE}.Debug|x64.ActiveCfg = Debug|Any CPU
		{D335B045-B4B3-4469-8ED4-D8F3F67E3ADE}.Debug|x64.Build.0 = Debug|Any CPU
		{D335B045-B4B3-4469-8ED4-D8F3F67E3ADE}.Debug|x86.ActiveCfg = Debug|Any CPU
		{D335B045-B4B3-4469-8ED4-D8F3F67E3ADE}.Debug|x86.Build.0 = Debug|Any CPU
		{D335B045-B4B3-4469-8ED4-D8F3F67E3ADE}.Release|Any CPU.ActiveCfg = Release|Any CPU
		{D335B045-B4B3-4469-8ED4-D8F3F67E3ADE}.Release|Any CPU.Build.0 = Release|Any CPU
		{D335B045-B4B3-4469-8ED4-D8F3F67E3ADE}.Release|x64.ActiveCfg = Release|Any CPU
		{D335B045-B4B3-4469-8ED4-D8F3F67E3ADE}.Release|x64.Build.0 = Release|Any CPU
		{D335B045-B4B3-4469-8ED4-D8F3F67E3ADE}.Release|x86.ActiveCfg = Release|Any CPU
		{D335B045-B4B3-4469-8ED4-D8F3F67E3ADE}.Release|x86.Build.0 = Release|Any CPU
		{C645A41E-C0EF-4584-9096-01450AB831A8}.Debug|Any CPU.ActiveCfg = Debug|Any CPU
		{C645A41E-C0EF-4584-9096-01450AB831A8}.Debug|Any CPU.Build.0 = Debug|Any CPU
		{C645A41E-C0EF-4584-9096-01450AB831A8}.Debug|x64.ActiveCfg = Debug|Any CPU
		{C645A41E-C0EF-4584-9096-01450AB831A8}.Debug|x64.Build.0 = Debug|Any CPU
		{C645A41E-C0EF-4584-9096-01450AB831A8}.Debug|x86.ActiveCfg = Debug|Any CPU
		{C645A41E-C0EF-4584-9096-01450AB831A8}.Debug|x86.Build.0 = Debug|Any CPU
		{C645A41E-C0EF-4584-9096-01450AB831A8}.Release|Any CPU.ActiveCfg = Release|Any CPU
		{C645A41E-C0EF-4584-9096-01450AB831A8}.Release|Any CPU.Build.0 = Release|Any CPU
		{C645A41E-C0EF-4584-9096-01450AB831A8}.Release|x64.ActiveCfg = Release|Any CPU
		{C645A41E-C0EF-4584-9096-01450AB831A8}.Release|x64.Build.0 = Release|Any CPU
		{C645A41E-C0EF-4584-9096-01450AB831A8}.Release|x86.ActiveCfg = Release|Any CPU
		{C645A41E-C0EF-4584-9096-01450AB831A8}.Release|x86.Build.0 = Release|Any CPU
		{47F5A93E-B5DC-4285-B38C-B22BD3D036F4}.Debug|Any CPU.ActiveCfg = Debug|Any CPU
		{47F5A93E-B5DC-4285-B38C-B22BD3D036F4}.Debug|Any CPU.Build.0 = Debug|Any CPU
		{47F5A93E-B5DC-4285-B38C-B22BD3D036F4}.Debug|x64.ActiveCfg = Debug|Any CPU
		{47F5A93E-B5DC-4285-B38C-B22BD3D036F4}.Debug|x64.Build.0 = Debug|Any CPU
		{47F5A93E-B5DC-4285-B38C-B22BD3D036F4}.Debug|x86.ActiveCfg = Debug|Any CPU
		{47F5A93E-B5DC-4285-B38C-B22BD3D036F4}.Debug|x86.Build.0 = Debug|Any CPU
		{47F5A93E-B5DC-4285-B38C-B22BD3D036F4}.Release|Any CPU.ActiveCfg = Release|Any CPU
		{47F5A93E-B5DC-4285-B38C-B22BD3D036F4}.Release|Any CPU.Build.0 = Release|Any CPU
		{47F5A93E-B5DC-4285-B38C-B22BD3D036F4}.Release|x64.ActiveCfg = Release|Any CPU
		{47F5A93E-B5DC-4285-B38C-B22BD3D036F4}.Release|x64.Build.0 = Release|Any CPU
		{47F5A93E-B5DC-4285-B38C-B22BD3D036F4}.Release|x86.ActiveCfg = Release|Any CPU
		{47F5A93E-B5DC-4285-B38C-B22BD3D036F4}.Release|x86.Build.0 = Release|Any CPU
		{98DFA047-481F-4013-B799-57E50BB3817D}.Debug|Any CPU.ActiveCfg = Debug|Any CPU
		{98DFA047-481F-4013-B799-57E50BB3817D}.Debug|Any CPU.Build.0 = Debug|Any CPU
		{98DFA047-481F-4013-B799-57E50BB3817D}.Debug|x64.ActiveCfg = Debug|Any CPU
		{98DFA047-481F-4013-B799-57E50BB3817D}.Debug|x64.Build.0 = Debug|Any CPU
		{98DFA047-481F-4013-B799-57E50BB3817D}.Debug|x86.ActiveCfg = Debug|Any CPU
		{98DFA047-481F-4013-B799-57E50BB3817D}.Debug|x86.Build.0 = Debug|Any CPU
		{98DFA047-481F-4013-B799-57E50BB3817D}.Release|Any CPU.ActiveCfg = Release|Any CPU
		{98DFA047-481F-4013-B799-57E50BB3817D}.Release|Any CPU.Build.0 = Release|Any CPU
		{98DFA047-481F-4013-B799-57E50BB3817D}.Release|x64.ActiveCfg = Release|Any CPU
		{98DFA047-481F-4013-B799-57E50BB3817D}.Release|x64.Build.0 = Release|Any CPU
		{98DFA047-481F-4013-B799-57E50BB3817D}.Release|x86.ActiveCfg = Release|Any CPU
		{98DFA047-481F-4013-B799-57E50BB3817D}.Release|x86.Build.0 = Release|Any CPU
		{74E8CB55-4C0C-4753-B584-5C4B7E560B3B}.Debug|Any CPU.ActiveCfg = Debug|Any CPU
		{74E8CB55-4C0C-4753-B584-5C4B7E560B3B}.Debug|Any CPU.Build.0 = Debug|Any CPU
		{74E8CB55-4C0C-4753-B584-5C4B7E560B3B}.Debug|x64.ActiveCfg = Debug|Any CPU
		{74E8CB55-4C0C-4753-B584-5C4B7E560B3B}.Debug|x64.Build.0 = Debug|Any CPU
		{74E8CB55-4C0C-4753-B584-5C4B7E560B3B}.Debug|x86.ActiveCfg = Debug|Any CPU
		{74E8CB55-4C0C-4753-B584-5C4B7E560B3B}.Debug|x86.Build.0 = Debug|Any CPU
		{74E8CB55-4C0C-4753-B584-5C4B7E560B3B}.Release|Any CPU.ActiveCfg = Release|Any CPU
		{74E8CB55-4C0C-4753-B584-5C4B7E560B3B}.Release|Any CPU.Build.0 = Release|Any CPU
		{74E8CB55-4C0C-4753-B584-5C4B7E560B3B}.Release|x64.ActiveCfg = Release|Any CPU
		{74E8CB55-4C0C-4753-B584-5C4B7E560B3B}.Release|x64.Build.0 = Release|Any CPU
		{74E8CB55-4C0C-4753-B584-5C4B7E560B3B}.Release|x86.ActiveCfg = Release|Any CPU
		{74E8CB55-4C0C-4753-B584-5C4B7E560B3B}.Release|x86.Build.0 = Release|Any CPU
		{85C69850-4DB5-47A7-A345-21280E1F0D82}.Debug|Any CPU.ActiveCfg = Debug|Any CPU
		{85C69850-4DB5-47A7-A345-21280E1F0D82}.Debug|Any CPU.Build.0 = Debug|Any CPU
		{85C69850-4DB5-47A7-A345-21280E1F0D82}.Debug|x64.ActiveCfg = Debug|Any CPU
		{85C69850-4DB5-47A7-A345-21280E1F0D82}.Debug|x64.Build.0 = Debug|Any CPU
		{85C69850-4DB5-47A7-A345-21280E1F0D82}.Debug|x86.ActiveCfg = Debug|Any CPU
		{85C69850-4DB5-47A7-A345-21280E1F0D82}.Debug|x86.Build.0 = Debug|Any CPU
		{85C69850-4DB5-47A7-A345-21280E1F0D82}.Release|Any CPU.ActiveCfg = Release|Any CPU
		{85C69850-4DB5-47A7-A345-21280E1F0D82}.Release|Any CPU.Build.0 = Release|Any CPU
		{85C69850-4DB5-47A7-A345-21280E1F0D82}.Release|x64.ActiveCfg = Release|Any CPU
		{85C69850-4DB5-47A7-A345-21280E1F0D82}.Release|x64.Build.0 = Release|Any CPU
		{85C69850-4DB5-47A7-A345-21280E1F0D82}.Release|x86.ActiveCfg = Release|Any CPU
		{85C69850-4DB5-47A7-A345-21280E1F0D82}.Release|x86.Build.0 = Release|Any CPU
		{4A24477B-E37F-498D-B5D5-3DB00ACDA067}.Debug|Any CPU.ActiveCfg = Debug|Any CPU
		{4A24477B-E37F-498D-B5D5-3DB00ACDA067}.Debug|Any CPU.Build.0 = Debug|Any CPU
		{4A24477B-E37F-498D-B5D5-3DB00ACDA067}.Debug|x64.ActiveCfg = Debug|Any CPU
		{4A24477B-E37F-498D-B5D5-3DB00ACDA067}.Debug|x64.Build.0 = Debug|Any CPU
		{4A24477B-E37F-498D-B5D5-3DB00ACDA067}.Debug|x86.ActiveCfg = Debug|Any CPU
		{4A24477B-E37F-498D-B5D5-3DB00ACDA067}.Debug|x86.Build.0 = Debug|Any CPU
		{4A24477B-E37F-498D-B5D5-3DB00ACDA067}.Release|Any CPU.ActiveCfg = Release|Any CPU
		{4A24477B-E37F-498D-B5D5-3DB00ACDA067}.Release|Any CPU.Build.0 = Release|Any CPU
		{4A24477B-E37F-498D-B5D5-3DB00ACDA067}.Release|x64.ActiveCfg = Release|Any CPU
		{4A24477B-E37F-498D-B5D5-3DB00ACDA067}.Release|x64.Build.0 = Release|Any CPU
		{4A24477B-E37F-498D-B5D5-3DB00ACDA067}.Release|x86.ActiveCfg = Release|Any CPU
		{4A24477B-E37F-498D-B5D5-3DB00ACDA067}.Release|x86.Build.0 = Release|Any CPU
		{CDB7FC81-74CE-4455-9C60-E8F862CAF637}.Debug|Any CPU.ActiveCfg = Debug|Any CPU
		{CDB7FC81-74CE-4455-9C60-E8F862CAF637}.Debug|Any CPU.Build.0 = Debug|Any CPU
		{CDB7FC81-74CE-4455-9C60-E8F862CAF637}.Debug|x64.ActiveCfg = Debug|Any CPU
		{CDB7FC81-74CE-4455-9C60-E8F862CAF637}.Debug|x64.Build.0 = Debug|Any CPU
		{CDB7FC81-74CE-4455-9C60-E8F862CAF637}.Debug|x86.ActiveCfg = Debug|Any CPU
		{CDB7FC81-74CE-4455-9C60-E8F862CAF637}.Debug|x86.Build.0 = Debug|Any CPU
		{CDB7FC81-74CE-4455-9C60-E8F862CAF637}.Release|Any CPU.ActiveCfg = Release|Any CPU
		{CDB7FC81-74CE-4455-9C60-E8F862CAF637}.Release|Any CPU.Build.0 = Release|Any CPU
		{CDB7FC81-74CE-4455-9C60-E8F862CAF637}.Release|x64.ActiveCfg = Release|Any CPU
		{CDB7FC81-74CE-4455-9C60-E8F862CAF637}.Release|x64.Build.0 = Release|Any CPU
		{CDB7FC81-74CE-4455-9C60-E8F862CAF637}.Release|x86.ActiveCfg = Release|Any CPU
		{CDB7FC81-74CE-4455-9C60-E8F862CAF637}.Release|x86.Build.0 = Release|Any CPU
		{F778CFE7-99DC-4B3B-8ABA-1C1F1CDD07C3}.Debug|Any CPU.ActiveCfg = Debug|Any CPU
		{F778CFE7-99DC-4B3B-8ABA-1C1F1CDD07C3}.Debug|Any CPU.Build.0 = Debug|Any CPU
		{F778CFE7-99DC-4B3B-8ABA-1C1F1CDD07C3}.Debug|x64.ActiveCfg = Debug|Any CPU
		{F778CFE7-99DC-4B3B-8ABA-1C1F1CDD07C3}.Debug|x64.Build.0 = Debug|Any CPU
		{F778CFE7-99DC-4B3B-8ABA-1C1F1CDD07C3}.Debug|x86.ActiveCfg = Debug|Any CPU
		{F778CFE7-99DC-4B3B-8ABA-1C1F1CDD07C3}.Debug|x86.Build.0 = Debug|Any CPU
		{F778CFE7-99DC-4B3B-8ABA-1C1F1CDD07C3}.Release|Any CPU.ActiveCfg = Release|Any CPU
		{F778CFE7-99DC-4B3B-8ABA-1C1F1CDD07C3}.Release|Any CPU.Build.0 = Release|Any CPU
		{F778CFE7-99DC-4B3B-8ABA-1C1F1CDD07C3}.Release|x64.ActiveCfg = Release|Any CPU
		{F778CFE7-99DC-4B3B-8ABA-1C1F1CDD07C3}.Release|x64.Build.0 = Release|Any CPU
		{F778CFE7-99DC-4B3B-8ABA-1C1F1CDD07C3}.Release|x86.ActiveCfg = Release|Any CPU
		{F778CFE7-99DC-4B3B-8ABA-1C1F1CDD07C3}.Release|x86.Build.0 = Release|Any CPU
		{88364A75-1F39-4BBA-BFF2-A7064385108C}.Debug|Any CPU.ActiveCfg = Debug|Any CPU
		{88364A75-1F39-4BBA-BFF2-A7064385108C}.Debug|Any CPU.Build.0 = Debug|Any CPU
		{88364A75-1F39-4BBA-BFF2-A7064385108C}.Debug|x64.ActiveCfg = Debug|Any CPU
		{88364A75-1F39-4BBA-BFF2-A7064385108C}.Debug|x64.Build.0 = Debug|Any CPU
		{88364A75-1F39-4BBA-BFF2-A7064385108C}.Debug|x86.ActiveCfg = Debug|Any CPU
		{88364A75-1F39-4BBA-BFF2-A7064385108C}.Debug|x86.Build.0 = Debug|Any CPU
		{88364A75-1F39-4BBA-BFF2-A7064385108C}.Release|Any CPU.ActiveCfg = Release|Any CPU
		{88364A75-1F39-4BBA-BFF2-A7064385108C}.Release|Any CPU.Build.0 = Release|Any CPU
		{88364A75-1F39-4BBA-BFF2-A7064385108C}.Release|x64.ActiveCfg = Release|Any CPU
		{88364A75-1F39-4BBA-BFF2-A7064385108C}.Release|x64.Build.0 = Release|Any CPU
		{88364A75-1F39-4BBA-BFF2-A7064385108C}.Release|x86.ActiveCfg = Release|Any CPU
		{88364A75-1F39-4BBA-BFF2-A7064385108C}.Release|x86.Build.0 = Release|Any CPU
		{5909F5A3-8610-4A4E-8D3D-4E20066FB7AD}.Debug|Any CPU.ActiveCfg = Debug|Any CPU
		{5909F5A3-8610-4A4E-8D3D-4E20066FB7AD}.Debug|Any CPU.Build.0 = Debug|Any CPU
		{5909F5A3-8610-4A4E-8D3D-4E20066FB7AD}.Debug|x64.ActiveCfg = Debug|Any CPU
		{5909F5A3-8610-4A4E-8D3D-4E20066FB7AD}.Debug|x64.Build.0 = Debug|Any CPU
		{5909F5A3-8610-4A4E-8D3D-4E20066FB7AD}.Debug|x86.ActiveCfg = Debug|Any CPU
		{5909F5A3-8610-4A4E-8D3D-4E20066FB7AD}.Debug|x86.Build.0 = Debug|Any CPU
		{5909F5A3-8610-4A4E-8D3D-4E20066FB7AD}.Release|Any CPU.ActiveCfg = Release|Any CPU
		{5909F5A3-8610-4A4E-8D3D-4E20066FB7AD}.Release|Any CPU.Build.0 = Release|Any CPU
		{5909F5A3-8610-4A4E-8D3D-4E20066FB7AD}.Release|x64.ActiveCfg = Release|Any CPU
		{5909F5A3-8610-4A4E-8D3D-4E20066FB7AD}.Release|x64.Build.0 = Release|Any CPU
		{5909F5A3-8610-4A4E-8D3D-4E20066FB7AD}.Release|x86.ActiveCfg = Release|Any CPU
		{5909F5A3-8610-4A4E-8D3D-4E20066FB7AD}.Release|x86.Build.0 = Release|Any CPU
		{1FC20CB2-1134-4E0C-A372-3C2141FF16B4}.Debug|Any CPU.ActiveCfg = Debug|Any CPU
		{1FC20CB2-1134-4E0C-A372-3C2141FF16B4}.Debug|Any CPU.Build.0 = Debug|Any CPU
		{1FC20CB2-1134-4E0C-A372-3C2141FF16B4}.Debug|x64.ActiveCfg = Debug|Any CPU
		{1FC20CB2-1134-4E0C-A372-3C2141FF16B4}.Debug|x64.Build.0 = Debug|Any CPU
		{1FC20CB2-1134-4E0C-A372-3C2141FF16B4}.Debug|x86.ActiveCfg = Debug|Any CPU
		{1FC20CB2-1134-4E0C-A372-3C2141FF16B4}.Debug|x86.Build.0 = Debug|Any CPU
		{1FC20CB2-1134-4E0C-A372-3C2141FF16B4}.Release|Any CPU.ActiveCfg = Release|Any CPU
		{1FC20CB2-1134-4E0C-A372-3C2141FF16B4}.Release|Any CPU.Build.0 = Release|Any CPU
		{1FC20CB2-1134-4E0C-A372-3C2141FF16B4}.Release|x64.ActiveCfg = Release|Any CPU
		{1FC20CB2-1134-4E0C-A372-3C2141FF16B4}.Release|x64.Build.0 = Release|Any CPU
		{1FC20CB2-1134-4E0C-A372-3C2141FF16B4}.Release|x86.ActiveCfg = Release|Any CPU
		{1FC20CB2-1134-4E0C-A372-3C2141FF16B4}.Release|x86.Build.0 = Release|Any CPU
		{C01B07D8-5729-4DB9-9648-01CE56AC3BAE}.Debug|Any CPU.ActiveCfg = Debug|Any CPU
		{C01B07D8-5729-4DB9-9648-01CE56AC3BAE}.Debug|Any CPU.Build.0 = Debug|Any CPU
		{C01B07D8-5729-4DB9-9648-01CE56AC3BAE}.Debug|x64.ActiveCfg = Debug|Any CPU
		{C01B07D8-5729-4DB9-9648-01CE56AC3BAE}.Debug|x64.Build.0 = Debug|Any CPU
		{C01B07D8-5729-4DB9-9648-01CE56AC3BAE}.Debug|x86.ActiveCfg = Debug|Any CPU
		{C01B07D8-5729-4DB9-9648-01CE56AC3BAE}.Debug|x86.Build.0 = Debug|Any CPU
		{C01B07D8-5729-4DB9-9648-01CE56AC3BAE}.Release|Any CPU.ActiveCfg = Release|Any CPU
		{C01B07D8-5729-4DB9-9648-01CE56AC3BAE}.Release|Any CPU.Build.0 = Release|Any CPU
		{C01B07D8-5729-4DB9-9648-01CE56AC3BAE}.Release|x64.ActiveCfg = Release|Any CPU
		{C01B07D8-5729-4DB9-9648-01CE56AC3BAE}.Release|x64.Build.0 = Release|Any CPU
		{C01B07D8-5729-4DB9-9648-01CE56AC3BAE}.Release|x86.ActiveCfg = Release|Any CPU
		{C01B07D8-5729-4DB9-9648-01CE56AC3BAE}.Release|x86.Build.0 = Release|Any CPU
		{2BAC79B0-D8CC-45A5-B214-6BB0EB28DD0B}.Debug|Any CPU.ActiveCfg = Debug|Any CPU
		{2BAC79B0-D8CC-45A5-B214-6BB0EB28DD0B}.Debug|Any CPU.Build.0 = Debug|Any CPU
		{2BAC79B0-D8CC-45A5-B214-6BB0EB28DD0B}.Debug|x64.ActiveCfg = Debug|Any CPU
		{2BAC79B0-D8CC-45A5-B214-6BB0EB28DD0B}.Debug|x64.Build.0 = Debug|Any CPU
		{2BAC79B0-D8CC-45A5-B214-6BB0EB28DD0B}.Debug|x86.ActiveCfg = Debug|Any CPU
		{2BAC79B0-D8CC-45A5-B214-6BB0EB28DD0B}.Debug|x86.Build.0 = Debug|Any CPU
		{2BAC79B0-D8CC-45A5-B214-6BB0EB28DD0B}.Release|Any CPU.ActiveCfg = Release|Any CPU
		{2BAC79B0-D8CC-45A5-B214-6BB0EB28DD0B}.Release|Any CPU.Build.0 = Release|Any CPU
		{2BAC79B0-D8CC-45A5-B214-6BB0EB28DD0B}.Release|x64.ActiveCfg = Release|Any CPU
		{2BAC79B0-D8CC-45A5-B214-6BB0EB28DD0B}.Release|x64.Build.0 = Release|Any CPU
		{2BAC79B0-D8CC-45A5-B214-6BB0EB28DD0B}.Release|x86.ActiveCfg = Release|Any CPU
		{2BAC79B0-D8CC-45A5-B214-6BB0EB28DD0B}.Release|x86.Build.0 = Release|Any CPU
		{8F9BC3FC-A984-42D7-AA01-8CE75F0A2B10}.Debug|Any CPU.ActiveCfg = Debug|Any CPU
		{8F9BC3FC-A984-42D7-AA01-8CE75F0A2B10}.Debug|Any CPU.Build.0 = Debug|Any CPU
		{8F9BC3FC-A984-42D7-AA01-8CE75F0A2B10}.Debug|x64.ActiveCfg = Debug|Any CPU
		{8F9BC3FC-A984-42D7-AA01-8CE75F0A2B10}.Debug|x64.Build.0 = Debug|Any CPU
		{8F9BC3FC-A984-42D7-AA01-8CE75F0A2B10}.Debug|x86.ActiveCfg = Debug|Any CPU
		{8F9BC3FC-A984-42D7-AA01-8CE75F0A2B10}.Debug|x86.Build.0 = Debug|Any CPU
		{8F9BC3FC-A984-42D7-AA01-8CE75F0A2B10}.Release|Any CPU.ActiveCfg = Release|Any CPU
		{8F9BC3FC-A984-42D7-AA01-8CE75F0A2B10}.Release|Any CPU.Build.0 = Release|Any CPU
		{8F9BC3FC-A984-42D7-AA01-8CE75F0A2B10}.Release|x64.ActiveCfg = Release|Any CPU
		{8F9BC3FC-A984-42D7-AA01-8CE75F0A2B10}.Release|x64.Build.0 = Release|Any CPU
		{8F9BC3FC-A984-42D7-AA01-8CE75F0A2B10}.Release|x86.ActiveCfg = Release|Any CPU
		{8F9BC3FC-A984-42D7-AA01-8CE75F0A2B10}.Release|x86.Build.0 = Release|Any CPU
		{DF1468A5-315F-4375-BF65-4C264DF2610F}.Debug|Any CPU.ActiveCfg = Debug|Any CPU
		{DF1468A5-315F-4375-BF65-4C264DF2610F}.Debug|Any CPU.Build.0 = Debug|Any CPU
		{DF1468A5-315F-4375-BF65-4C264DF2610F}.Debug|x64.ActiveCfg = Debug|Any CPU
		{DF1468A5-315F-4375-BF65-4C264DF2610F}.Debug|x64.Build.0 = Debug|Any CPU
		{DF1468A5-315F-4375-BF65-4C264DF2610F}.Debug|x86.ActiveCfg = Debug|Any CPU
		{DF1468A5-315F-4375-BF65-4C264DF2610F}.Debug|x86.Build.0 = Debug|Any CPU
		{DF1468A5-315F-4375-BF65-4C264DF2610F}.Release|Any CPU.ActiveCfg = Release|Any CPU
		{DF1468A5-315F-4375-BF65-4C264DF2610F}.Release|Any CPU.Build.0 = Release|Any CPU
		{DF1468A5-315F-4375-BF65-4C264DF2610F}.Release|x64.ActiveCfg = Release|Any CPU
		{DF1468A5-315F-4375-BF65-4C264DF2610F}.Release|x64.Build.0 = Release|Any CPU
		{DF1468A5-315F-4375-BF65-4C264DF2610F}.Release|x86.ActiveCfg = Release|Any CPU
		{DF1468A5-315F-4375-BF65-4C264DF2610F}.Release|x86.Build.0 = Release|Any CPU
		{0F30EC89-4FE7-412D-95A7-7AB0AAFF35A9}.Debug|Any CPU.ActiveCfg = Debug|Any CPU
		{0F30EC89-4FE7-412D-95A7-7AB0AAFF35A9}.Debug|Any CPU.Build.0 = Debug|Any CPU
		{0F30EC89-4FE7-412D-95A7-7AB0AAFF35A9}.Debug|x64.ActiveCfg = Debug|Any CPU
		{0F30EC89-4FE7-412D-95A7-7AB0AAFF35A9}.Debug|x64.Build.0 = Debug|Any CPU
		{0F30EC89-4FE7-412D-95A7-7AB0AAFF35A9}.Debug|x86.ActiveCfg = Debug|Any CPU
		{0F30EC89-4FE7-412D-95A7-7AB0AAFF35A9}.Debug|x86.Build.0 = Debug|Any CPU
		{0F30EC89-4FE7-412D-95A7-7AB0AAFF35A9}.Release|Any CPU.ActiveCfg = Release|Any CPU
		{0F30EC89-4FE7-412D-95A7-7AB0AAFF35A9}.Release|Any CPU.Build.0 = Release|Any CPU
		{0F30EC89-4FE7-412D-95A7-7AB0AAFF35A9}.Release|x64.ActiveCfg = Release|Any CPU
		{0F30EC89-4FE7-412D-95A7-7AB0AAFF35A9}.Release|x64.Build.0 = Release|Any CPU
		{0F30EC89-4FE7-412D-95A7-7AB0AAFF35A9}.Release|x86.ActiveCfg = Release|Any CPU
		{0F30EC89-4FE7-412D-95A7-7AB0AAFF35A9}.Release|x86.Build.0 = Release|Any CPU
		{68F6524A-3AD7-4CD9-90F5-87CB1B57C92B}.Debug|Any CPU.ActiveCfg = Debug|Any CPU
		{68F6524A-3AD7-4CD9-90F5-87CB1B57C92B}.Debug|Any CPU.Build.0 = Debug|Any CPU
		{68F6524A-3AD7-4CD9-90F5-87CB1B57C92B}.Debug|x64.ActiveCfg = Debug|Any CPU
		{68F6524A-3AD7-4CD9-90F5-87CB1B57C92B}.Debug|x64.Build.0 = Debug|Any CPU
		{68F6524A-3AD7-4CD9-90F5-87CB1B57C92B}.Debug|x86.ActiveCfg = Debug|Any CPU
		{68F6524A-3AD7-4CD9-90F5-87CB1B57C92B}.Debug|x86.Build.0 = Debug|Any CPU
		{68F6524A-3AD7-4CD9-90F5-87CB1B57C92B}.Release|Any CPU.ActiveCfg = Release|Any CPU
		{68F6524A-3AD7-4CD9-90F5-87CB1B57C92B}.Release|Any CPU.Build.0 = Release|Any CPU
		{68F6524A-3AD7-4CD9-90F5-87CB1B57C92B}.Release|x64.ActiveCfg = Release|Any CPU
		{68F6524A-3AD7-4CD9-90F5-87CB1B57C92B}.Release|x64.Build.0 = Release|Any CPU
		{68F6524A-3AD7-4CD9-90F5-87CB1B57C92B}.Release|x86.ActiveCfg = Release|Any CPU
		{68F6524A-3AD7-4CD9-90F5-87CB1B57C92B}.Release|x86.Build.0 = Release|Any CPU
		{F738826B-F3DC-4EB6-80C9-7880AD0D8B02}.Debug|Any CPU.ActiveCfg = Debug|Any CPU
		{F738826B-F3DC-4EB6-80C9-7880AD0D8B02}.Debug|Any CPU.Build.0 = Debug|Any CPU
		{F738826B-F3DC-4EB6-80C9-7880AD0D8B02}.Debug|x64.ActiveCfg = Debug|Any CPU
		{F738826B-F3DC-4EB6-80C9-7880AD0D8B02}.Debug|x64.Build.0 = Debug|Any CPU
		{F738826B-F3DC-4EB6-80C9-7880AD0D8B02}.Debug|x86.ActiveCfg = Debug|Any CPU
		{F738826B-F3DC-4EB6-80C9-7880AD0D8B02}.Debug|x86.Build.0 = Debug|Any CPU
		{F738826B-F3DC-4EB6-80C9-7880AD0D8B02}.Release|Any CPU.ActiveCfg = Release|Any CPU
		{F738826B-F3DC-4EB6-80C9-7880AD0D8B02}.Release|Any CPU.Build.0 = Release|Any CPU
		{F738826B-F3DC-4EB6-80C9-7880AD0D8B02}.Release|x64.ActiveCfg = Release|Any CPU
		{F738826B-F3DC-4EB6-80C9-7880AD0D8B02}.Release|x64.Build.0 = Release|Any CPU
		{F738826B-F3DC-4EB6-80C9-7880AD0D8B02}.Release|x86.ActiveCfg = Release|Any CPU
		{F738826B-F3DC-4EB6-80C9-7880AD0D8B02}.Release|x86.Build.0 = Release|Any CPU
		{4813789F-6890-4EF0-B6FC-3535E0877318}.Debug|Any CPU.ActiveCfg = Debug|Any CPU
		{4813789F-6890-4EF0-B6FC-3535E0877318}.Debug|Any CPU.Build.0 = Debug|Any CPU
		{4813789F-6890-4EF0-B6FC-3535E0877318}.Debug|x64.ActiveCfg = Debug|Any CPU
		{4813789F-6890-4EF0-B6FC-3535E0877318}.Debug|x64.Build.0 = Debug|Any CPU
		{4813789F-6890-4EF0-B6FC-3535E0877318}.Debug|x86.ActiveCfg = Debug|Any CPU
		{4813789F-6890-4EF0-B6FC-3535E0877318}.Debug|x86.Build.0 = Debug|Any CPU
		{4813789F-6890-4EF0-B6FC-3535E0877318}.Release|Any CPU.ActiveCfg = Release|Any CPU
		{4813789F-6890-4EF0-B6FC-3535E0877318}.Release|Any CPU.Build.0 = Release|Any CPU
		{4813789F-6890-4EF0-B6FC-3535E0877318}.Release|x64.ActiveCfg = Release|Any CPU
		{4813789F-6890-4EF0-B6FC-3535E0877318}.Release|x64.Build.0 = Release|Any CPU
		{4813789F-6890-4EF0-B6FC-3535E0877318}.Release|x86.ActiveCfg = Release|Any CPU
		{4813789F-6890-4EF0-B6FC-3535E0877318}.Release|x86.Build.0 = Release|Any CPU
		{0E2CFD42-FAD1-4984-BCAA-7592B3F5950D}.Debug|Any CPU.ActiveCfg = Debug|Any CPU
		{0E2CFD42-FAD1-4984-BCAA-7592B3F5950D}.Debug|Any CPU.Build.0 = Debug|Any CPU
		{0E2CFD42-FAD1-4984-BCAA-7592B3F5950D}.Debug|x64.ActiveCfg = Debug|Any CPU
		{0E2CFD42-FAD1-4984-BCAA-7592B3F5950D}.Debug|x64.Build.0 = Debug|Any CPU
		{0E2CFD42-FAD1-4984-BCAA-7592B3F5950D}.Debug|x86.ActiveCfg = Debug|Any CPU
		{0E2CFD42-FAD1-4984-BCAA-7592B3F5950D}.Debug|x86.Build.0 = Debug|Any CPU
		{0E2CFD42-FAD1-4984-BCAA-7592B3F5950D}.Release|Any CPU.ActiveCfg = Release|Any CPU
		{0E2CFD42-FAD1-4984-BCAA-7592B3F5950D}.Release|Any CPU.Build.0 = Release|Any CPU
		{0E2CFD42-FAD1-4984-BCAA-7592B3F5950D}.Release|x64.ActiveCfg = Release|Any CPU
		{0E2CFD42-FAD1-4984-BCAA-7592B3F5950D}.Release|x64.Build.0 = Release|Any CPU
		{0E2CFD42-FAD1-4984-BCAA-7592B3F5950D}.Release|x86.ActiveCfg = Release|Any CPU
		{0E2CFD42-FAD1-4984-BCAA-7592B3F5950D}.Release|x86.Build.0 = Release|Any CPU
		{3D33F9A4-E278-4A5D-A73B-7D57BAAC8EDE}.Debug|Any CPU.ActiveCfg = Debug|Any CPU
		{3D33F9A4-E278-4A5D-A73B-7D57BAAC8EDE}.Debug|Any CPU.Build.0 = Debug|Any CPU
		{3D33F9A4-E278-4A5D-A73B-7D57BAAC8EDE}.Debug|x64.ActiveCfg = Debug|Any CPU
		{3D33F9A4-E278-4A5D-A73B-7D57BAAC8EDE}.Debug|x64.Build.0 = Debug|Any CPU
		{3D33F9A4-E278-4A5D-A73B-7D57BAAC8EDE}.Debug|x86.ActiveCfg = Debug|Any CPU
		{3D33F9A4-E278-4A5D-A73B-7D57BAAC8EDE}.Debug|x86.Build.0 = Debug|Any CPU
		{3D33F9A4-E278-4A5D-A73B-7D57BAAC8EDE}.Release|Any CPU.ActiveCfg = Release|Any CPU
		{3D33F9A4-E278-4A5D-A73B-7D57BAAC8EDE}.Release|Any CPU.Build.0 = Release|Any CPU
		{3D33F9A4-E278-4A5D-A73B-7D57BAAC8EDE}.Release|x64.ActiveCfg = Release|Any CPU
		{3D33F9A4-E278-4A5D-A73B-7D57BAAC8EDE}.Release|x64.Build.0 = Release|Any CPU
		{3D33F9A4-E278-4A5D-A73B-7D57BAAC8EDE}.Release|x86.ActiveCfg = Release|Any CPU
		{3D33F9A4-E278-4A5D-A73B-7D57BAAC8EDE}.Release|x86.Build.0 = Release|Any CPU
		{6F45B8FD-E6B9-4895-ABB7-D346DBF53EAD}.Debug|Any CPU.ActiveCfg = Debug|Any CPU
		{6F45B8FD-E6B9-4895-ABB7-D346DBF53EAD}.Debug|Any CPU.Build.0 = Debug|Any CPU
		{6F45B8FD-E6B9-4895-ABB7-D346DBF53EAD}.Debug|x64.ActiveCfg = Debug|Any CPU
		{6F45B8FD-E6B9-4895-ABB7-D346DBF53EAD}.Debug|x64.Build.0 = Debug|Any CPU
		{6F45B8FD-E6B9-4895-ABB7-D346DBF53EAD}.Debug|x86.ActiveCfg = Debug|Any CPU
		{6F45B8FD-E6B9-4895-ABB7-D346DBF53EAD}.Debug|x86.Build.0 = Debug|Any CPU
		{6F45B8FD-E6B9-4895-ABB7-D346DBF53EAD}.Release|Any CPU.ActiveCfg = Release|Any CPU
		{6F45B8FD-E6B9-4895-ABB7-D346DBF53EAD}.Release|Any CPU.Build.0 = Release|Any CPU
		{6F45B8FD-E6B9-4895-ABB7-D346DBF53EAD}.Release|x64.ActiveCfg = Release|Any CPU
		{6F45B8FD-E6B9-4895-ABB7-D346DBF53EAD}.Release|x64.Build.0 = Release|Any CPU
		{6F45B8FD-E6B9-4895-ABB7-D346DBF53EAD}.Release|x86.ActiveCfg = Release|Any CPU
		{6F45B8FD-E6B9-4895-ABB7-D346DBF53EAD}.Release|x86.Build.0 = Release|Any CPU
		{630E7A5C-C3FD-4B84-B106-76351979DC3A}.Debug|Any CPU.ActiveCfg = Debug|Any CPU
		{630E7A5C-C3FD-4B84-B106-76351979DC3A}.Debug|Any CPU.Build.0 = Debug|Any CPU
		{630E7A5C-C3FD-4B84-B106-76351979DC3A}.Debug|x64.ActiveCfg = Debug|Any CPU
		{630E7A5C-C3FD-4B84-B106-76351979DC3A}.Debug|x64.Build.0 = Debug|Any CPU
		{630E7A5C-C3FD-4B84-B106-76351979DC3A}.Debug|x86.ActiveCfg = Debug|Any CPU
		{630E7A5C-C3FD-4B84-B106-76351979DC3A}.Debug|x86.Build.0 = Debug|Any CPU
		{630E7A5C-C3FD-4B84-B106-76351979DC3A}.Release|Any CPU.ActiveCfg = Release|Any CPU
		{630E7A5C-C3FD-4B84-B106-76351979DC3A}.Release|Any CPU.Build.0 = Release|Any CPU
		{630E7A5C-C3FD-4B84-B106-76351979DC3A}.Release|x64.ActiveCfg = Release|Any CPU
		{630E7A5C-C3FD-4B84-B106-76351979DC3A}.Release|x64.Build.0 = Release|Any CPU
		{630E7A5C-C3FD-4B84-B106-76351979DC3A}.Release|x86.ActiveCfg = Release|Any CPU
		{630E7A5C-C3FD-4B84-B106-76351979DC3A}.Release|x86.Build.0 = Release|Any CPU
		{B494C15E-864F-4B3F-AE8C-96A1246F007B}.Debug|Any CPU.ActiveCfg = Debug|Any CPU
		{B494C15E-864F-4B3F-AE8C-96A1246F007B}.Debug|Any CPU.Build.0 = Debug|Any CPU
		{B494C15E-864F-4B3F-AE8C-96A1246F007B}.Debug|x64.ActiveCfg = Debug|Any CPU
		{B494C15E-864F-4B3F-AE8C-96A1246F007B}.Debug|x64.Build.0 = Debug|Any CPU
		{B494C15E-864F-4B3F-AE8C-96A1246F007B}.Debug|x86.ActiveCfg = Debug|Any CPU
		{B494C15E-864F-4B3F-AE8C-96A1246F007B}.Debug|x86.Build.0 = Debug|Any CPU
		{B494C15E-864F-4B3F-AE8C-96A1246F007B}.Release|Any CPU.ActiveCfg = Release|Any CPU
		{B494C15E-864F-4B3F-AE8C-96A1246F007B}.Release|Any CPU.Build.0 = Release|Any CPU
		{B494C15E-864F-4B3F-AE8C-96A1246F007B}.Release|x64.ActiveCfg = Release|Any CPU
		{B494C15E-864F-4B3F-AE8C-96A1246F007B}.Release|x64.Build.0 = Release|Any CPU
		{B494C15E-864F-4B3F-AE8C-96A1246F007B}.Release|x86.ActiveCfg = Release|Any CPU
		{B494C15E-864F-4B3F-AE8C-96A1246F007B}.Release|x86.Build.0 = Release|Any CPU
		{2F0FF28C-2048-444D-8FD3-D6E9CBA488E8}.Debug|Any CPU.ActiveCfg = Debug|Any CPU
		{2F0FF28C-2048-444D-8FD3-D6E9CBA488E8}.Debug|Any CPU.Build.0 = Debug|Any CPU
		{2F0FF28C-2048-444D-8FD3-D6E9CBA488E8}.Debug|x64.ActiveCfg = Debug|Any CPU
		{2F0FF28C-2048-444D-8FD3-D6E9CBA488E8}.Debug|x64.Build.0 = Debug|Any CPU
		{2F0FF28C-2048-444D-8FD3-D6E9CBA488E8}.Debug|x86.ActiveCfg = Debug|Any CPU
		{2F0FF28C-2048-444D-8FD3-D6E9CBA488E8}.Debug|x86.Build.0 = Debug|Any CPU
		{2F0FF28C-2048-444D-8FD3-D6E9CBA488E8}.Release|Any CPU.ActiveCfg = Release|Any CPU
		{2F0FF28C-2048-444D-8FD3-D6E9CBA488E8}.Release|Any CPU.Build.0 = Release|Any CPU
		{2F0FF28C-2048-444D-8FD3-D6E9CBA488E8}.Release|x64.ActiveCfg = Release|Any CPU
		{2F0FF28C-2048-444D-8FD3-D6E9CBA488E8}.Release|x64.Build.0 = Release|Any CPU
		{2F0FF28C-2048-444D-8FD3-D6E9CBA488E8}.Release|x86.ActiveCfg = Release|Any CPU
		{2F0FF28C-2048-444D-8FD3-D6E9CBA488E8}.Release|x86.Build.0 = Release|Any CPU
		{80333869-C94E-43A2-9A38-75C0588171A6}.Debug|Any CPU.ActiveCfg = Debug|Any CPU
		{80333869-C94E-43A2-9A38-75C0588171A6}.Debug|Any CPU.Build.0 = Debug|Any CPU
		{80333869-C94E-43A2-9A38-75C0588171A6}.Debug|x64.ActiveCfg = Debug|Any CPU
		{80333869-C94E-43A2-9A38-75C0588171A6}.Debug|x64.Build.0 = Debug|Any CPU
		{80333869-C94E-43A2-9A38-75C0588171A6}.Debug|x86.ActiveCfg = Debug|Any CPU
		{80333869-C94E-43A2-9A38-75C0588171A6}.Debug|x86.Build.0 = Debug|Any CPU
		{80333869-C94E-43A2-9A38-75C0588171A6}.Release|Any CPU.ActiveCfg = Release|Any CPU
		{80333869-C94E-43A2-9A38-75C0588171A6}.Release|Any CPU.Build.0 = Release|Any CPU
		{80333869-C94E-43A2-9A38-75C0588171A6}.Release|x64.ActiveCfg = Release|Any CPU
		{80333869-C94E-43A2-9A38-75C0588171A6}.Release|x64.Build.0 = Release|Any CPU
		{80333869-C94E-43A2-9A38-75C0588171A6}.Release|x86.ActiveCfg = Release|Any CPU
		{80333869-C94E-43A2-9A38-75C0588171A6}.Release|x86.Build.0 = Release|Any CPU
		{0AB647E9-F974-48CC-B09B-C8BAC3D6A62E}.Debug|Any CPU.ActiveCfg = Debug|Any CPU
		{0AB647E9-F974-48CC-B09B-C8BAC3D6A62E}.Debug|Any CPU.Build.0 = Debug|Any CPU
		{0AB647E9-F974-48CC-B09B-C8BAC3D6A62E}.Debug|x64.ActiveCfg = Debug|Any CPU
		{0AB647E9-F974-48CC-B09B-C8BAC3D6A62E}.Debug|x64.Build.0 = Debug|Any CPU
		{0AB647E9-F974-48CC-B09B-C8BAC3D6A62E}.Debug|x86.ActiveCfg = Debug|Any CPU
		{0AB647E9-F974-48CC-B09B-C8BAC3D6A62E}.Debug|x86.Build.0 = Debug|Any CPU
		{0AB647E9-F974-48CC-B09B-C8BAC3D6A62E}.Release|Any CPU.ActiveCfg = Release|Any CPU
		{0AB647E9-F974-48CC-B09B-C8BAC3D6A62E}.Release|Any CPU.Build.0 = Release|Any CPU
		{0AB647E9-F974-48CC-B09B-C8BAC3D6A62E}.Release|x64.ActiveCfg = Release|Any CPU
		{0AB647E9-F974-48CC-B09B-C8BAC3D6A62E}.Release|x64.Build.0 = Release|Any CPU
		{0AB647E9-F974-48CC-B09B-C8BAC3D6A62E}.Release|x86.ActiveCfg = Release|Any CPU
		{0AB647E9-F974-48CC-B09B-C8BAC3D6A62E}.Release|x86.Build.0 = Release|Any CPU
		{D3D5F273-7BA2-4980-8845-027DC5753393}.Debug|Any CPU.ActiveCfg = Debug|Any CPU
		{D3D5F273-7BA2-4980-8845-027DC5753393}.Debug|Any CPU.Build.0 = Debug|Any CPU
		{D3D5F273-7BA2-4980-8845-027DC5753393}.Debug|x64.ActiveCfg = Debug|Any CPU
		{D3D5F273-7BA2-4980-8845-027DC5753393}.Debug|x64.Build.0 = Debug|Any CPU
		{D3D5F273-7BA2-4980-8845-027DC5753393}.Debug|x86.ActiveCfg = Debug|Any CPU
		{D3D5F273-7BA2-4980-8845-027DC5753393}.Debug|x86.Build.0 = Debug|Any CPU
		{D3D5F273-7BA2-4980-8845-027DC5753393}.Release|Any CPU.ActiveCfg = Release|Any CPU
		{D3D5F273-7BA2-4980-8845-027DC5753393}.Release|Any CPU.Build.0 = Release|Any CPU
		{D3D5F273-7BA2-4980-8845-027DC5753393}.Release|x64.ActiveCfg = Release|Any CPU
		{D3D5F273-7BA2-4980-8845-027DC5753393}.Release|x64.Build.0 = Release|Any CPU
		{D3D5F273-7BA2-4980-8845-027DC5753393}.Release|x86.ActiveCfg = Release|Any CPU
		{D3D5F273-7BA2-4980-8845-027DC5753393}.Release|x86.Build.0 = Release|Any CPU
		{6F1D5C05-7633-4218-B800-4EB9857ECC12}.Debug|Any CPU.ActiveCfg = Debug|Any CPU
		{6F1D5C05-7633-4218-B800-4EB9857ECC12}.Debug|Any CPU.Build.0 = Debug|Any CPU
		{6F1D5C05-7633-4218-B800-4EB9857ECC12}.Debug|x64.ActiveCfg = Debug|Any CPU
		{6F1D5C05-7633-4218-B800-4EB9857ECC12}.Debug|x64.Build.0 = Debug|Any CPU
		{6F1D5C05-7633-4218-B800-4EB9857ECC12}.Debug|x86.ActiveCfg = Debug|Any CPU
		{6F1D5C05-7633-4218-B800-4EB9857ECC12}.Debug|x86.Build.0 = Debug|Any CPU
		{6F1D5C05-7633-4218-B800-4EB9857ECC12}.Release|Any CPU.ActiveCfg = Release|Any CPU
		{6F1D5C05-7633-4218-B800-4EB9857ECC12}.Release|Any CPU.Build.0 = Release|Any CPU
		{6F1D5C05-7633-4218-B800-4EB9857ECC12}.Release|x64.ActiveCfg = Release|Any CPU
		{6F1D5C05-7633-4218-B800-4EB9857ECC12}.Release|x64.Build.0 = Release|Any CPU
		{6F1D5C05-7633-4218-B800-4EB9857ECC12}.Release|x86.ActiveCfg = Release|Any CPU
		{6F1D5C05-7633-4218-B800-4EB9857ECC12}.Release|x86.Build.0 = Release|Any CPU
		{57D22CDA-3992-4774-B1FB-BD053BEEABFA}.Debug|Any CPU.ActiveCfg = Debug|Any CPU
		{57D22CDA-3992-4774-B1FB-BD053BEEABFA}.Debug|Any CPU.Build.0 = Debug|Any CPU
		{57D22CDA-3992-4774-B1FB-BD053BEEABFA}.Debug|x64.ActiveCfg = Debug|Any CPU
		{57D22CDA-3992-4774-B1FB-BD053BEEABFA}.Debug|x64.Build.0 = Debug|Any CPU
		{57D22CDA-3992-4774-B1FB-BD053BEEABFA}.Debug|x86.ActiveCfg = Debug|Any CPU
		{57D22CDA-3992-4774-B1FB-BD053BEEABFA}.Debug|x86.Build.0 = Debug|Any CPU
		{57D22CDA-3992-4774-B1FB-BD053BEEABFA}.Release|Any CPU.ActiveCfg = Release|Any CPU
		{57D22CDA-3992-4774-B1FB-BD053BEEABFA}.Release|Any CPU.Build.0 = Release|Any CPU
		{57D22CDA-3992-4774-B1FB-BD053BEEABFA}.Release|x64.ActiveCfg = Release|Any CPU
		{57D22CDA-3992-4774-B1FB-BD053BEEABFA}.Release|x64.Build.0 = Release|Any CPU
		{57D22CDA-3992-4774-B1FB-BD053BEEABFA}.Release|x86.ActiveCfg = Release|Any CPU
		{57D22CDA-3992-4774-B1FB-BD053BEEABFA}.Release|x86.Build.0 = Release|Any CPU
		{86E7734C-007E-41F0-88D6-8758D13175EF}.Debug|Any CPU.ActiveCfg = Debug|Any CPU
		{86E7734C-007E-41F0-88D6-8758D13175EF}.Debug|Any CPU.Build.0 = Debug|Any CPU
		{86E7734C-007E-41F0-88D6-8758D13175EF}.Debug|x64.ActiveCfg = Debug|Any CPU
		{86E7734C-007E-41F0-88D6-8758D13175EF}.Debug|x64.Build.0 = Debug|Any CPU
		{86E7734C-007E-41F0-88D6-8758D13175EF}.Debug|x86.ActiveCfg = Debug|Any CPU
		{86E7734C-007E-41F0-88D6-8758D13175EF}.Debug|x86.Build.0 = Debug|Any CPU
		{86E7734C-007E-41F0-88D6-8758D13175EF}.Release|Any CPU.ActiveCfg = Release|Any CPU
		{86E7734C-007E-41F0-88D6-8758D13175EF}.Release|Any CPU.Build.0 = Release|Any CPU
		{86E7734C-007E-41F0-88D6-8758D13175EF}.Release|x64.ActiveCfg = Release|Any CPU
		{86E7734C-007E-41F0-88D6-8758D13175EF}.Release|x64.Build.0 = Release|Any CPU
		{86E7734C-007E-41F0-88D6-8758D13175EF}.Release|x86.ActiveCfg = Release|Any CPU
		{86E7734C-007E-41F0-88D6-8758D13175EF}.Release|x86.Build.0 = Release|Any CPU
		{2218422B-A768-4C2E-9FB8-9B0D4D70D510}.Debug|Any CPU.ActiveCfg = Debug|Any CPU
		{2218422B-A768-4C2E-9FB8-9B0D4D70D510}.Debug|Any CPU.Build.0 = Debug|Any CPU
		{2218422B-A768-4C2E-9FB8-9B0D4D70D510}.Debug|x64.ActiveCfg = Debug|Any CPU
		{2218422B-A768-4C2E-9FB8-9B0D4D70D510}.Debug|x64.Build.0 = Debug|Any CPU
		{2218422B-A768-4C2E-9FB8-9B0D4D70D510}.Debug|x86.ActiveCfg = Debug|Any CPU
		{2218422B-A768-4C2E-9FB8-9B0D4D70D510}.Debug|x86.Build.0 = Debug|Any CPU
		{2218422B-A768-4C2E-9FB8-9B0D4D70D510}.Release|Any CPU.ActiveCfg = Release|Any CPU
		{2218422B-A768-4C2E-9FB8-9B0D4D70D510}.Release|Any CPU.Build.0 = Release|Any CPU
		{2218422B-A768-4C2E-9FB8-9B0D4D70D510}.Release|x64.ActiveCfg = Release|Any CPU
		{2218422B-A768-4C2E-9FB8-9B0D4D70D510}.Release|x64.Build.0 = Release|Any CPU
		{2218422B-A768-4C2E-9FB8-9B0D4D70D510}.Release|x86.ActiveCfg = Release|Any CPU
		{2218422B-A768-4C2E-9FB8-9B0D4D70D510}.Release|x86.Build.0 = Release|Any CPU
		{16742E2D-1643-45E0-8623-02EF44469A65}.Debug|Any CPU.ActiveCfg = Debug|Any CPU
		{16742E2D-1643-45E0-8623-02EF44469A65}.Debug|Any CPU.Build.0 = Debug|Any CPU
		{16742E2D-1643-45E0-8623-02EF44469A65}.Debug|x64.ActiveCfg = Debug|Any CPU
		{16742E2D-1643-45E0-8623-02EF44469A65}.Debug|x64.Build.0 = Debug|Any CPU
		{16742E2D-1643-45E0-8623-02EF44469A65}.Debug|x86.ActiveCfg = Debug|Any CPU
		{16742E2D-1643-45E0-8623-02EF44469A65}.Debug|x86.Build.0 = Debug|Any CPU
		{16742E2D-1643-45E0-8623-02EF44469A65}.Release|Any CPU.ActiveCfg = Release|Any CPU
		{16742E2D-1643-45E0-8623-02EF44469A65}.Release|Any CPU.Build.0 = Release|Any CPU
		{16742E2D-1643-45E0-8623-02EF44469A65}.Release|x64.ActiveCfg = Release|Any CPU
		{16742E2D-1643-45E0-8623-02EF44469A65}.Release|x64.Build.0 = Release|Any CPU
		{16742E2D-1643-45E0-8623-02EF44469A65}.Release|x86.ActiveCfg = Release|Any CPU
		{16742E2D-1643-45E0-8623-02EF44469A65}.Release|x86.Build.0 = Release|Any CPU
		{1605939E-C3DA-4821-9644-A8C347B38873}.Debug|Any CPU.ActiveCfg = Debug|Any CPU
		{1605939E-C3DA-4821-9644-A8C347B38873}.Debug|Any CPU.Build.0 = Debug|Any CPU
		{1605939E-C3DA-4821-9644-A8C347B38873}.Debug|x64.ActiveCfg = Debug|Any CPU
		{1605939E-C3DA-4821-9644-A8C347B38873}.Debug|x64.Build.0 = Debug|Any CPU
		{1605939E-C3DA-4821-9644-A8C347B38873}.Debug|x86.ActiveCfg = Debug|Any CPU
		{1605939E-C3DA-4821-9644-A8C347B38873}.Debug|x86.Build.0 = Debug|Any CPU
		{1605939E-C3DA-4821-9644-A8C347B38873}.Release|Any CPU.ActiveCfg = Release|Any CPU
		{1605939E-C3DA-4821-9644-A8C347B38873}.Release|Any CPU.Build.0 = Release|Any CPU
		{1605939E-C3DA-4821-9644-A8C347B38873}.Release|x64.ActiveCfg = Release|Any CPU
		{1605939E-C3DA-4821-9644-A8C347B38873}.Release|x64.Build.0 = Release|Any CPU
		{1605939E-C3DA-4821-9644-A8C347B38873}.Release|x86.ActiveCfg = Release|Any CPU
		{1605939E-C3DA-4821-9644-A8C347B38873}.Release|x86.Build.0 = Release|Any CPU
		{015EFCC3-45F5-43F5-908F-0034C97B57C4}.Debug|Any CPU.ActiveCfg = Debug|Any CPU
		{015EFCC3-45F5-43F5-908F-0034C97B57C4}.Debug|Any CPU.Build.0 = Debug|Any CPU
		{015EFCC3-45F5-43F5-908F-0034C97B57C4}.Debug|x64.ActiveCfg = Debug|Any CPU
		{015EFCC3-45F5-43F5-908F-0034C97B57C4}.Debug|x64.Build.0 = Debug|Any CPU
		{015EFCC3-45F5-43F5-908F-0034C97B57C4}.Debug|x86.ActiveCfg = Debug|Any CPU
		{015EFCC3-45F5-43F5-908F-0034C97B57C4}.Debug|x86.Build.0 = Debug|Any CPU
		{015EFCC3-45F5-43F5-908F-0034C97B57C4}.Release|Any CPU.ActiveCfg = Release|Any CPU
		{015EFCC3-45F5-43F5-908F-0034C97B57C4}.Release|Any CPU.Build.0 = Release|Any CPU
		{015EFCC3-45F5-43F5-908F-0034C97B57C4}.Release|x64.ActiveCfg = Release|Any CPU
		{015EFCC3-45F5-43F5-908F-0034C97B57C4}.Release|x64.Build.0 = Release|Any CPU
		{015EFCC3-45F5-43F5-908F-0034C97B57C4}.Release|x86.ActiveCfg = Release|Any CPU
		{015EFCC3-45F5-43F5-908F-0034C97B57C4}.Release|x86.Build.0 = Release|Any CPU
		{FA34449E-5B3D-47BD-AB49-7C745398A468}.Debug|Any CPU.ActiveCfg = Debug|Any CPU
		{FA34449E-5B3D-47BD-AB49-7C745398A468}.Debug|Any CPU.Build.0 = Debug|Any CPU
		{FA34449E-5B3D-47BD-AB49-7C745398A468}.Debug|x64.ActiveCfg = Debug|Any CPU
		{FA34449E-5B3D-47BD-AB49-7C745398A468}.Debug|x64.Build.0 = Debug|Any CPU
		{FA34449E-5B3D-47BD-AB49-7C745398A468}.Debug|x86.ActiveCfg = Debug|Any CPU
		{FA34449E-5B3D-47BD-AB49-7C745398A468}.Debug|x86.Build.0 = Debug|Any CPU
		{FA34449E-5B3D-47BD-AB49-7C745398A468}.Release|Any CPU.ActiveCfg = Release|Any CPU
		{FA34449E-5B3D-47BD-AB49-7C745398A468}.Release|Any CPU.Build.0 = Release|Any CPU
		{FA34449E-5B3D-47BD-AB49-7C745398A468}.Release|x64.ActiveCfg = Release|Any CPU
		{FA34449E-5B3D-47BD-AB49-7C745398A468}.Release|x64.Build.0 = Release|Any CPU
		{FA34449E-5B3D-47BD-AB49-7C745398A468}.Release|x86.ActiveCfg = Release|Any CPU
		{FA34449E-5B3D-47BD-AB49-7C745398A468}.Release|x86.Build.0 = Release|Any CPU
		{31E0296E-8DCB-479A-B578-0CECB7B159ED}.Debug|Any CPU.ActiveCfg = Debug|Any CPU
		{31E0296E-8DCB-479A-B578-0CECB7B159ED}.Debug|Any CPU.Build.0 = Debug|Any CPU
		{31E0296E-8DCB-479A-B578-0CECB7B159ED}.Debug|x64.ActiveCfg = Debug|Any CPU
		{31E0296E-8DCB-479A-B578-0CECB7B159ED}.Debug|x64.Build.0 = Debug|Any CPU
		{31E0296E-8DCB-479A-B578-0CECB7B159ED}.Debug|x86.ActiveCfg = Debug|Any CPU
		{31E0296E-8DCB-479A-B578-0CECB7B159ED}.Debug|x86.Build.0 = Debug|Any CPU
		{31E0296E-8DCB-479A-B578-0CECB7B159ED}.Release|Any CPU.ActiveCfg = Release|Any CPU
		{31E0296E-8DCB-479A-B578-0CECB7B159ED}.Release|Any CPU.Build.0 = Release|Any CPU
		{31E0296E-8DCB-479A-B578-0CECB7B159ED}.Release|x64.ActiveCfg = Release|Any CPU
		{31E0296E-8DCB-479A-B578-0CECB7B159ED}.Release|x64.Build.0 = Release|Any CPU
		{31E0296E-8DCB-479A-B578-0CECB7B159ED}.Release|x86.ActiveCfg = Release|Any CPU
		{31E0296E-8DCB-479A-B578-0CECB7B159ED}.Release|x86.Build.0 = Release|Any CPU
		{0AABFAB0-1A00-4CED-BA91-D0E7479B3E82}.Debug|Any CPU.ActiveCfg = Debug|Any CPU
		{0AABFAB0-1A00-4CED-BA91-D0E7479B3E82}.Debug|Any CPU.Build.0 = Debug|Any CPU
		{0AABFAB0-1A00-4CED-BA91-D0E7479B3E82}.Debug|x64.ActiveCfg = Debug|Any CPU
		{0AABFAB0-1A00-4CED-BA91-D0E7479B3E82}.Debug|x64.Build.0 = Debug|Any CPU
		{0AABFAB0-1A00-4CED-BA91-D0E7479B3E82}.Debug|x86.ActiveCfg = Debug|Any CPU
		{0AABFAB0-1A00-4CED-BA91-D0E7479B3E82}.Debug|x86.Build.0 = Debug|Any CPU
		{0AABFAB0-1A00-4CED-BA91-D0E7479B3E82}.Release|Any CPU.ActiveCfg = Release|Any CPU
		{0AABFAB0-1A00-4CED-BA91-D0E7479B3E82}.Release|Any CPU.Build.0 = Release|Any CPU
		{0AABFAB0-1A00-4CED-BA91-D0E7479B3E82}.Release|x64.ActiveCfg = Release|Any CPU
		{0AABFAB0-1A00-4CED-BA91-D0E7479B3E82}.Release|x64.Build.0 = Release|Any CPU
		{0AABFAB0-1A00-4CED-BA91-D0E7479B3E82}.Release|x86.ActiveCfg = Release|Any CPU
		{0AABFAB0-1A00-4CED-BA91-D0E7479B3E82}.Release|x86.Build.0 = Release|Any CPU
		{3CED2BEB-20A8-4365-8A78-7ABFD502F967}.Debug|Any CPU.ActiveCfg = Debug|Any CPU
		{3CED2BEB-20A8-4365-8A78-7ABFD502F967}.Debug|Any CPU.Build.0 = Debug|Any CPU
		{3CED2BEB-20A8-4365-8A78-7ABFD502F967}.Debug|x64.ActiveCfg = Debug|Any CPU
		{3CED2BEB-20A8-4365-8A78-7ABFD502F967}.Debug|x64.Build.0 = Debug|Any CPU
		{3CED2BEB-20A8-4365-8A78-7ABFD502F967}.Debug|x86.ActiveCfg = Debug|Any CPU
		{3CED2BEB-20A8-4365-8A78-7ABFD502F967}.Debug|x86.Build.0 = Debug|Any CPU
		{3CED2BEB-20A8-4365-8A78-7ABFD502F967}.Release|Any CPU.ActiveCfg = Release|Any CPU
		{3CED2BEB-20A8-4365-8A78-7ABFD502F967}.Release|Any CPU.Build.0 = Release|Any CPU
		{3CED2BEB-20A8-4365-8A78-7ABFD502F967}.Release|x64.ActiveCfg = Release|Any CPU
		{3CED2BEB-20A8-4365-8A78-7ABFD502F967}.Release|x64.Build.0 = Release|Any CPU
		{3CED2BEB-20A8-4365-8A78-7ABFD502F967}.Release|x86.ActiveCfg = Release|Any CPU
		{3CED2BEB-20A8-4365-8A78-7ABFD502F967}.Release|x86.Build.0 = Release|Any CPU
		{1ADAD8F6-1405-4478-8BF4-39F76F422AC3}.Debug|Any CPU.ActiveCfg = Debug|Any CPU
		{1ADAD8F6-1405-4478-8BF4-39F76F422AC3}.Debug|Any CPU.Build.0 = Debug|Any CPU
		{1ADAD8F6-1405-4478-8BF4-39F76F422AC3}.Debug|x64.ActiveCfg = Debug|Any CPU
		{1ADAD8F6-1405-4478-8BF4-39F76F422AC3}.Debug|x64.Build.0 = Debug|Any CPU
		{1ADAD8F6-1405-4478-8BF4-39F76F422AC3}.Debug|x86.ActiveCfg = Debug|Any CPU
		{1ADAD8F6-1405-4478-8BF4-39F76F422AC3}.Debug|x86.Build.0 = Debug|Any CPU
		{1ADAD8F6-1405-4478-8BF4-39F76F422AC3}.Release|Any CPU.ActiveCfg = Release|Any CPU
		{1ADAD8F6-1405-4478-8BF4-39F76F422AC3}.Release|Any CPU.Build.0 = Release|Any CPU
		{1ADAD8F6-1405-4478-8BF4-39F76F422AC3}.Release|x64.ActiveCfg = Release|Any CPU
		{1ADAD8F6-1405-4478-8BF4-39F76F422AC3}.Release|x64.Build.0 = Release|Any CPU
		{1ADAD8F6-1405-4478-8BF4-39F76F422AC3}.Release|x86.ActiveCfg = Release|Any CPU
		{1ADAD8F6-1405-4478-8BF4-39F76F422AC3}.Release|x86.Build.0 = Release|Any CPU
		{4D0C4D10-35CE-4C86-8C26-1364BB992989}.Debug|Any CPU.ActiveCfg = Debug|Any CPU
		{4D0C4D10-35CE-4C86-8C26-1364BB992989}.Debug|Any CPU.Build.0 = Debug|Any CPU
		{4D0C4D10-35CE-4C86-8C26-1364BB992989}.Debug|x64.ActiveCfg = Debug|Any CPU
		{4D0C4D10-35CE-4C86-8C26-1364BB992989}.Debug|x64.Build.0 = Debug|Any CPU
		{4D0C4D10-35CE-4C86-8C26-1364BB992989}.Debug|x86.ActiveCfg = Debug|Any CPU
		{4D0C4D10-35CE-4C86-8C26-1364BB992989}.Debug|x86.Build.0 = Debug|Any CPU
		{4D0C4D10-35CE-4C86-8C26-1364BB992989}.Release|Any CPU.ActiveCfg = Release|Any CPU
		{4D0C4D10-35CE-4C86-8C26-1364BB992989}.Release|Any CPU.Build.0 = Release|Any CPU
		{4D0C4D10-35CE-4C86-8C26-1364BB992989}.Release|x64.ActiveCfg = Release|Any CPU
		{4D0C4D10-35CE-4C86-8C26-1364BB992989}.Release|x64.Build.0 = Release|Any CPU
		{4D0C4D10-35CE-4C86-8C26-1364BB992989}.Release|x86.ActiveCfg = Release|Any CPU
		{4D0C4D10-35CE-4C86-8C26-1364BB992989}.Release|x86.Build.0 = Release|Any CPU
		{0661DDFD-26D0-41E6-A650-4273E508242D}.Debug|Any CPU.ActiveCfg = Debug|Any CPU
		{0661DDFD-26D0-41E6-A650-4273E508242D}.Debug|Any CPU.Build.0 = Debug|Any CPU
		{0661DDFD-26D0-41E6-A650-4273E508242D}.Debug|x64.ActiveCfg = Debug|Any CPU
		{0661DDFD-26D0-41E6-A650-4273E508242D}.Debug|x64.Build.0 = Debug|Any CPU
		{0661DDFD-26D0-41E6-A650-4273E508242D}.Debug|x86.ActiveCfg = Debug|Any CPU
		{0661DDFD-26D0-41E6-A650-4273E508242D}.Debug|x86.Build.0 = Debug|Any CPU
		{0661DDFD-26D0-41E6-A650-4273E508242D}.Release|Any CPU.ActiveCfg = Release|Any CPU
		{0661DDFD-26D0-41E6-A650-4273E508242D}.Release|Any CPU.Build.0 = Release|Any CPU
		{0661DDFD-26D0-41E6-A650-4273E508242D}.Release|x64.ActiveCfg = Release|Any CPU
		{0661DDFD-26D0-41E6-A650-4273E508242D}.Release|x64.Build.0 = Release|Any CPU
		{0661DDFD-26D0-41E6-A650-4273E508242D}.Release|x86.ActiveCfg = Release|Any CPU
		{0661DDFD-26D0-41E6-A650-4273E508242D}.Release|x86.Build.0 = Release|Any CPU
		{B0AE14E6-B905-45ED-9DAC-0604072F0C96}.Debug|Any CPU.ActiveCfg = Debug|Any CPU
		{B0AE14E6-B905-45ED-9DAC-0604072F0C96}.Debug|Any CPU.Build.0 = Debug|Any CPU
		{B0AE14E6-B905-45ED-9DAC-0604072F0C96}.Debug|x64.ActiveCfg = Debug|Any CPU
		{B0AE14E6-B905-45ED-9DAC-0604072F0C96}.Debug|x64.Build.0 = Debug|Any CPU
		{B0AE14E6-B905-45ED-9DAC-0604072F0C96}.Debug|x86.ActiveCfg = Debug|Any CPU
		{B0AE14E6-B905-45ED-9DAC-0604072F0C96}.Debug|x86.Build.0 = Debug|Any CPU
		{B0AE14E6-B905-45ED-9DAC-0604072F0C96}.Release|Any CPU.ActiveCfg = Release|Any CPU
		{B0AE14E6-B905-45ED-9DAC-0604072F0C96}.Release|Any CPU.Build.0 = Release|Any CPU
		{B0AE14E6-B905-45ED-9DAC-0604072F0C96}.Release|x64.ActiveCfg = Release|Any CPU
		{B0AE14E6-B905-45ED-9DAC-0604072F0C96}.Release|x64.Build.0 = Release|Any CPU
		{B0AE14E6-B905-45ED-9DAC-0604072F0C96}.Release|x86.ActiveCfg = Release|Any CPU
		{B0AE14E6-B905-45ED-9DAC-0604072F0C96}.Release|x86.Build.0 = Release|Any CPU
		{9FAB91FF-FC49-4C75-A3E4-7D9D3D138283}.Debug|Any CPU.ActiveCfg = Debug|Any CPU
		{9FAB91FF-FC49-4C75-A3E4-7D9D3D138283}.Debug|Any CPU.Build.0 = Debug|Any CPU
		{9FAB91FF-FC49-4C75-A3E4-7D9D3D138283}.Debug|x64.ActiveCfg = Debug|Any CPU
		{9FAB91FF-FC49-4C75-A3E4-7D9D3D138283}.Debug|x64.Build.0 = Debug|Any CPU
		{9FAB91FF-FC49-4C75-A3E4-7D9D3D138283}.Debug|x86.ActiveCfg = Debug|Any CPU
		{9FAB91FF-FC49-4C75-A3E4-7D9D3D138283}.Debug|x86.Build.0 = Debug|Any CPU
		{9FAB91FF-FC49-4C75-A3E4-7D9D3D138283}.Release|Any CPU.ActiveCfg = Release|Any CPU
		{9FAB91FF-FC49-4C75-A3E4-7D9D3D138283}.Release|Any CPU.Build.0 = Release|Any CPU
		{9FAB91FF-FC49-4C75-A3E4-7D9D3D138283}.Release|x64.ActiveCfg = Release|Any CPU
		{9FAB91FF-FC49-4C75-A3E4-7D9D3D138283}.Release|x64.Build.0 = Release|Any CPU
		{9FAB91FF-FC49-4C75-A3E4-7D9D3D138283}.Release|x86.ActiveCfg = Release|Any CPU
		{9FAB91FF-FC49-4C75-A3E4-7D9D3D138283}.Release|x86.Build.0 = Release|Any CPU
		{0209B3C8-B54A-46C0-9054-EDC580765048}.Debug|Any CPU.ActiveCfg = Debug|Any CPU
		{0209B3C8-B54A-46C0-9054-EDC580765048}.Debug|Any CPU.Build.0 = Debug|Any CPU
		{0209B3C8-B54A-46C0-9054-EDC580765048}.Debug|x64.ActiveCfg = Debug|Any CPU
		{0209B3C8-B54A-46C0-9054-EDC580765048}.Debug|x64.Build.0 = Debug|Any CPU
		{0209B3C8-B54A-46C0-9054-EDC580765048}.Debug|x86.ActiveCfg = Debug|Any CPU
		{0209B3C8-B54A-46C0-9054-EDC580765048}.Debug|x86.Build.0 = Debug|Any CPU
		{0209B3C8-B54A-46C0-9054-EDC580765048}.Release|Any CPU.ActiveCfg = Release|Any CPU
		{0209B3C8-B54A-46C0-9054-EDC580765048}.Release|Any CPU.Build.0 = Release|Any CPU
		{0209B3C8-B54A-46C0-9054-EDC580765048}.Release|x64.ActiveCfg = Release|Any CPU
		{0209B3C8-B54A-46C0-9054-EDC580765048}.Release|x64.Build.0 = Release|Any CPU
		{0209B3C8-B54A-46C0-9054-EDC580765048}.Release|x86.ActiveCfg = Release|Any CPU
		{0209B3C8-B54A-46C0-9054-EDC580765048}.Release|x86.Build.0 = Release|Any CPU
		{CE758F69-4E39-4287-9987-AE5B858DC16A}.Debug|Any CPU.ActiveCfg = Debug|Any CPU
		{CE758F69-4E39-4287-9987-AE5B858DC16A}.Debug|Any CPU.Build.0 = Debug|Any CPU
		{CE758F69-4E39-4287-9987-AE5B858DC16A}.Debug|x64.ActiveCfg = Debug|Any CPU
		{CE758F69-4E39-4287-9987-AE5B858DC16A}.Debug|x64.Build.0 = Debug|Any CPU
		{CE758F69-4E39-4287-9987-AE5B858DC16A}.Debug|x86.ActiveCfg = Debug|Any CPU
		{CE758F69-4E39-4287-9987-AE5B858DC16A}.Debug|x86.Build.0 = Debug|Any CPU
		{CE758F69-4E39-4287-9987-AE5B858DC16A}.Release|Any CPU.ActiveCfg = Release|Any CPU
		{CE758F69-4E39-4287-9987-AE5B858DC16A}.Release|Any CPU.Build.0 = Release|Any CPU
		{CE758F69-4E39-4287-9987-AE5B858DC16A}.Release|x64.ActiveCfg = Release|Any CPU
		{CE758F69-4E39-4287-9987-AE5B858DC16A}.Release|x64.Build.0 = Release|Any CPU
		{CE758F69-4E39-4287-9987-AE5B858DC16A}.Release|x86.ActiveCfg = Release|Any CPU
		{CE758F69-4E39-4287-9987-AE5B858DC16A}.Release|x86.Build.0 = Release|Any CPU
		{B6B05F5D-660F-4ADB-B89C-C984BB1E92E7}.Debug|Any CPU.ActiveCfg = Debug|Any CPU
		{B6B05F5D-660F-4ADB-B89C-C984BB1E92E7}.Debug|Any CPU.Build.0 = Debug|Any CPU
		{B6B05F5D-660F-4ADB-B89C-C984BB1E92E7}.Debug|x64.ActiveCfg = Debug|Any CPU
		{B6B05F5D-660F-4ADB-B89C-C984BB1E92E7}.Debug|x64.Build.0 = Debug|Any CPU
		{B6B05F5D-660F-4ADB-B89C-C984BB1E92E7}.Debug|x86.ActiveCfg = Debug|Any CPU
		{B6B05F5D-660F-4ADB-B89C-C984BB1E92E7}.Debug|x86.Build.0 = Debug|Any CPU
		{B6B05F5D-660F-4ADB-B89C-C984BB1E92E7}.Release|Any CPU.ActiveCfg = Release|Any CPU
		{B6B05F5D-660F-4ADB-B89C-C984BB1E92E7}.Release|Any CPU.Build.0 = Release|Any CPU
		{B6B05F5D-660F-4ADB-B89C-C984BB1E92E7}.Release|x64.ActiveCfg = Release|Any CPU
		{B6B05F5D-660F-4ADB-B89C-C984BB1E92E7}.Release|x64.Build.0 = Release|Any CPU
		{B6B05F5D-660F-4ADB-B89C-C984BB1E92E7}.Release|x86.ActiveCfg = Release|Any CPU
		{B6B05F5D-660F-4ADB-B89C-C984BB1E92E7}.Release|x86.Build.0 = Release|Any CPU
		{8C859C21-3890-4F77-B399-465067CBA3C3}.Debug|Any CPU.ActiveCfg = Debug|Any CPU
		{8C859C21-3890-4F77-B399-465067CBA3C3}.Debug|Any CPU.Build.0 = Debug|Any CPU
		{8C859C21-3890-4F77-B399-465067CBA3C3}.Debug|x64.ActiveCfg = Debug|Any CPU
		{8C859C21-3890-4F77-B399-465067CBA3C3}.Debug|x64.Build.0 = Debug|Any CPU
		{8C859C21-3890-4F77-B399-465067CBA3C3}.Debug|x86.ActiveCfg = Debug|Any CPU
		{8C859C21-3890-4F77-B399-465067CBA3C3}.Debug|x86.Build.0 = Debug|Any CPU
		{8C859C21-3890-4F77-B399-465067CBA3C3}.Release|Any CPU.ActiveCfg = Release|Any CPU
		{8C859C21-3890-4F77-B399-465067CBA3C3}.Release|Any CPU.Build.0 = Release|Any CPU
		{8C859C21-3890-4F77-B399-465067CBA3C3}.Release|x64.ActiveCfg = Release|Any CPU
		{8C859C21-3890-4F77-B399-465067CBA3C3}.Release|x64.Build.0 = Release|Any CPU
		{8C859C21-3890-4F77-B399-465067CBA3C3}.Release|x86.ActiveCfg = Release|Any CPU
		{8C859C21-3890-4F77-B399-465067CBA3C3}.Release|x86.Build.0 = Release|Any CPU
		{82A6D066-15A2-4E18-877A-1A388525B465}.Debug|Any CPU.ActiveCfg = Debug|Any CPU
		{82A6D066-15A2-4E18-877A-1A388525B465}.Debug|Any CPU.Build.0 = Debug|Any CPU
		{82A6D066-15A2-4E18-877A-1A388525B465}.Debug|x64.ActiveCfg = Debug|Any CPU
		{82A6D066-15A2-4E18-877A-1A388525B465}.Debug|x64.Build.0 = Debug|Any CPU
		{82A6D066-15A2-4E18-877A-1A388525B465}.Debug|x86.ActiveCfg = Debug|Any CPU
		{82A6D066-15A2-4E18-877A-1A388525B465}.Debug|x86.Build.0 = Debug|Any CPU
		{82A6D066-15A2-4E18-877A-1A388525B465}.Release|Any CPU.ActiveCfg = Release|Any CPU
		{82A6D066-15A2-4E18-877A-1A388525B465}.Release|Any CPU.Build.0 = Release|Any CPU
		{82A6D066-15A2-4E18-877A-1A388525B465}.Release|x64.ActiveCfg = Release|Any CPU
		{82A6D066-15A2-4E18-877A-1A388525B465}.Release|x64.Build.0 = Release|Any CPU
		{82A6D066-15A2-4E18-877A-1A388525B465}.Release|x86.ActiveCfg = Release|Any CPU
		{82A6D066-15A2-4E18-877A-1A388525B465}.Release|x86.Build.0 = Release|Any CPU
		{42B6FBF2-0471-4C93-A148-854FB71996F7}.Debug|Any CPU.ActiveCfg = Debug|Any CPU
		{42B6FBF2-0471-4C93-A148-854FB71996F7}.Debug|Any CPU.Build.0 = Debug|Any CPU
		{42B6FBF2-0471-4C93-A148-854FB71996F7}.Debug|x64.ActiveCfg = Debug|Any CPU
		{42B6FBF2-0471-4C93-A148-854FB71996F7}.Debug|x64.Build.0 = Debug|Any CPU
		{42B6FBF2-0471-4C93-A148-854FB71996F7}.Debug|x86.ActiveCfg = Debug|Any CPU
		{42B6FBF2-0471-4C93-A148-854FB71996F7}.Debug|x86.Build.0 = Debug|Any CPU
		{42B6FBF2-0471-4C93-A148-854FB71996F7}.Release|Any CPU.ActiveCfg = Release|Any CPU
		{42B6FBF2-0471-4C93-A148-854FB71996F7}.Release|Any CPU.Build.0 = Release|Any CPU
		{42B6FBF2-0471-4C93-A148-854FB71996F7}.Release|x64.ActiveCfg = Release|Any CPU
		{42B6FBF2-0471-4C93-A148-854FB71996F7}.Release|x64.Build.0 = Release|Any CPU
		{42B6FBF2-0471-4C93-A148-854FB71996F7}.Release|x86.ActiveCfg = Release|Any CPU
		{42B6FBF2-0471-4C93-A148-854FB71996F7}.Release|x86.Build.0 = Release|Any CPU
	EndGlobalSection
	GlobalSection(SolutionProperties) = preSolution
		HideSolutionNode = FALSE
	EndGlobalSection
	GlobalSection(NestedProjects) = preSolution
		{B51C3E3F-2F6C-4C49-A975-1F1B25B7127B} = {DD5C345E-E1AC-4880-1FC0-21B4B9070DA7}
		{D6C574CD-3B6B-46CB-9860-2CBD35512627} = {8A6B2106-0286-13FB-2F28-CAB4F2D812B0}
		{EF60CD60-9694-4614-87CF-27C96A9A537D} = {8A6B2106-0286-13FB-2F28-CAB4F2D812B0}
		{6B77B48A-99F0-4D24-99CD-3E53F913D274} = {8A6B2106-0286-13FB-2F28-CAB4F2D812B0}
		{EB764BAA-4356-4233-9D59-6267AD4B5178} = {F62A1F54-8B3F-A229-359C-38C30772E0B0}
		{3775CE01-8D30-4CE5-990A-69985BBFFF2D} = {DD5C345E-E1AC-4880-1FC0-21B4B9070DA7}
		{15753A48-DC22-46D3-80C2-27D0A2A3917E} = {DD5C345E-E1AC-4880-1FC0-21B4B9070DA7}
		{54C0BF6A-4BE2-46BC-9A38-CBF1B85D72D6} = {DD5C345E-E1AC-4880-1FC0-21B4B9070DA7}
		{6BC91D60-EA41-4EFF-8E6D-97A3A6FF4304} = {DD5C345E-E1AC-4880-1FC0-21B4B9070DA7}
		{B649E98D-95CF-44E8-BC42-81D107D3C109} = {DD5C345E-E1AC-4880-1FC0-21B4B9070DA7}
		{947DD53D-BB53-4BEB-9086-E015D9A37A48} = {8F04C620-621D-7E6D-01D3-6F89750AB3C4}
		{D335B045-B4B3-4469-8ED4-D8F3F67E3ADE} = {A1A1F691-DE04-F183-2FC8-DA93159F9C95}
		{C645A41E-C0EF-4584-9096-01450AB831A8} = {A1A1F691-DE04-F183-2FC8-DA93159F9C95}
		{47F5A93E-B5DC-4285-B38C-B22BD3D036F4} = {C526808F-8375-EB7D-C556-F45CEE76BE98}
		{98DFA047-481F-4013-B799-57E50BB3817D} = {C526808F-8375-EB7D-C556-F45CEE76BE98}
		{74E8CB55-4C0C-4753-B584-5C4B7E560B3B} = {C526808F-8375-EB7D-C556-F45CEE76BE98}
		{85C69850-4DB5-47A7-A345-21280E1F0D82} = {C526808F-8375-EB7D-C556-F45CEE76BE98}
		{4A24477B-E37F-498D-B5D5-3DB00ACDA067} = {C526808F-8375-EB7D-C556-F45CEE76BE98}
		{CDB7FC81-74CE-4455-9C60-E8F862CAF637} = {FD43958B-33A2-9DE4-ED17-ACCE6F521CFA}
		{F778CFE7-99DC-4B3B-8ABA-1C1F1CDD07C3} = {FD43958B-33A2-9DE4-ED17-ACCE6F521CFA}
		{88364A75-1F39-4BBA-BFF2-A7064385108C} = {FD43958B-33A2-9DE4-ED17-ACCE6F521CFA}
		{5909F5A3-8610-4A4E-8D3D-4E20066FB7AD} = {FD43958B-33A2-9DE4-ED17-ACCE6F521CFA}
		{1FC20CB2-1134-4E0C-A372-3C2141FF16B4} = {FD43958B-33A2-9DE4-ED17-ACCE6F521CFA}
		{C01B07D8-5729-4DB9-9648-01CE56AC3BAE} = {FD43958B-33A2-9DE4-ED17-ACCE6F521CFA}
		{2BAC79B0-D8CC-45A5-B214-6BB0EB28DD0B} = {FD43958B-33A2-9DE4-ED17-ACCE6F521CFA}
		{8F9BC3FC-A984-42D7-AA01-8CE75F0A2B10} = {FD43958B-33A2-9DE4-ED17-ACCE6F521CFA}
		{DF1468A5-315F-4375-BF65-4C264DF2610F} = {2D8F0EDC-8E2A-21C5-BFE9-4E83725CAA6A}
		{0F30EC89-4FE7-412D-95A7-7AB0AAFF35A9} = {2D8F0EDC-8E2A-21C5-BFE9-4E83725CAA6A}
		{68F6524A-3AD7-4CD9-90F5-87CB1B57C92B} = {2D8F0EDC-8E2A-21C5-BFE9-4E83725CAA6A}
		{F738826B-F3DC-4EB6-80C9-7880AD0D8B02} = {04B1D5A3-56F7-3201-2970-924F663BF752}
		{4813789F-6890-4EF0-B6FC-3535E0877318} = {04B1D5A3-56F7-3201-2970-924F663BF752}
		{0E2CFD42-FAD1-4984-BCAA-7592B3F5950D} = {04B1D5A3-56F7-3201-2970-924F663BF752}
		{3D33F9A4-E278-4A5D-A73B-7D57BAAC8EDE} = {04B1D5A3-56F7-3201-2970-924F663BF752}
		{6F45B8FD-E6B9-4895-ABB7-D346DBF53EAD} = {DF92A200-A95A-D27B-CACA-04EDC85B0BE9}
		{630E7A5C-C3FD-4B84-B106-76351979DC3A} = {DF92A200-A95A-D27B-CACA-04EDC85B0BE9}
		{B494C15E-864F-4B3F-AE8C-96A1246F007B} = {DF92A200-A95A-D27B-CACA-04EDC85B0BE9}
		{2F0FF28C-2048-444D-8FD3-D6E9CBA488E8} = {DF92A200-A95A-D27B-CACA-04EDC85B0BE9}
		{80333869-C94E-43A2-9A38-75C0588171A6} = {DF92A200-A95A-D27B-CACA-04EDC85B0BE9}
		{0AB647E9-F974-48CC-B09B-C8BAC3D6A62E} = {DF92A200-A95A-D27B-CACA-04EDC85B0BE9}
		{D3D5F273-7BA2-4980-8845-027DC5753393} = {0C913063-CC63-1669-3181-F569C6BD92A6}
		{6F1D5C05-7633-4218-B800-4EB9857ECC12} = {0C913063-CC63-1669-3181-F569C6BD92A6}
		{57D22CDA-3992-4774-B1FB-BD053BEEABFA} = {0C913063-CC63-1669-3181-F569C6BD92A6}
		{86E7734C-007E-41F0-88D6-8758D13175EF} = {0C913063-CC63-1669-3181-F569C6BD92A6}
		{2218422B-A768-4C2E-9FB8-9B0D4D70D510} = {A78626D7-54DC-D315-FB3B-416A95239592}
		{16742E2D-1643-45E0-8623-02EF44469A65} = {C133A937-5EAF-E5F6-C2CE-76B4565E720A}
		{1605939E-C3DA-4821-9644-A8C347B38873} = {C133A937-5EAF-E5F6-C2CE-76B4565E720A}
		{015EFCC3-45F5-43F5-908F-0034C97B57C4} = {CDC1CAA1-FA1F-792F-AFDB-F1D76070BB4E}
		{FA34449E-5B3D-47BD-AB49-7C745398A468} = {CDC1CAA1-FA1F-792F-AFDB-F1D76070BB4E}
		{C8955B06-741D-4D78-EFC5-8F05A52B0470} = {F62A1F54-8B3F-A229-359C-38C30772E0B0}
		{31E0296E-8DCB-479A-B578-0CECB7B159ED} = {C8955B06-741D-4D78-EFC5-8F05A52B0470}
		{0AABFAB0-1A00-4CED-BA91-D0E7479B3E82} = {C8955B06-741D-4D78-EFC5-8F05A52B0470}
		{3CED2BEB-20A8-4365-8A78-7ABFD502F967} = {0AE2D2C3-32B7-6A5B-5943-B59BACB56F92}
		{1ADAD8F6-1405-4478-8BF4-39F76F422AC3} = {0AE2D2C3-32B7-6A5B-5943-B59BACB56F92}
		{3A8AD474-BC98-546F-593A-EDC4F9C22629} = {4E202B8C-FECD-B7E4-A602-C73F43C1A283}
		{4D0C4D10-35CE-4C86-8C26-1364BB992989} = {3A8AD474-BC98-546F-593A-EDC4F9C22629}
		{0661DDFD-26D0-41E6-A650-4273E508242D} = {3A8AD474-BC98-546F-593A-EDC4F9C22629}
		{ED0F8BAA-2A5F-FC50-AB03-7242A26F5774} = {4E202B8C-FECD-B7E4-A602-C73F43C1A283}
		{B0AE14E6-B905-45ED-9DAC-0604072F0C96} = {ED0F8BAA-2A5F-FC50-AB03-7242A26F5774}
		{9FAB91FF-FC49-4C75-A3E4-7D9D3D138283} = {ED0F8BAA-2A5F-FC50-AB03-7242A26F5774}
		{EB628647-01E6-F68B-C3C4-0B53941777F5} = {4E202B8C-FECD-B7E4-A602-C73F43C1A283}
		{0209B3C8-B54A-46C0-9054-EDC580765048} = {EB628647-01E6-F68B-C3C4-0B53941777F5}
		{CE758F69-4E39-4287-9987-AE5B858DC16A} = {EB628647-01E6-F68B-C3C4-0B53941777F5}
		{B8C0C71B-4788-6286-F7B1-D3F5C675CA20} = {4E202B8C-FECD-B7E4-A602-C73F43C1A283}
		{B6B05F5D-660F-4ADB-B89C-C984BB1E92E7} = {B8C0C71B-4788-6286-F7B1-D3F5C675CA20}
		{8C859C21-3890-4F77-B399-465067CBA3C3} = {B8C0C71B-4788-6286-F7B1-D3F5C675CA20}
		{C73B9F55-43DA-93F6-FC06-DE41EACF1B85} = {966F151A-7C88-508D-2ECC-8E0C43D5512D}
		{82A6D066-15A2-4E18-877A-1A388525B465} = {C73B9F55-43DA-93F6-FC06-DE41EACF1B85}
		{43577777-CE5E-9552-642A-6AA2DF138C13} = {966F151A-7C88-508D-2ECC-8E0C43D5512D}
		{42B6FBF2-0471-4C93-A148-854FB71996F7} = {43577777-CE5E-9552-642A-6AA2DF138C13}
	EndGlobalSection
EndGlobal
