
Microsoft Visual Studio Solution File, Format Version 12.00
# Visual Studio Version 17
VisualStudioVersion = 17.0.31903.59
MinimumVisualStudioVersion = 10.0.40219.1
Project("{2150E333-8FDC-42A3-9474-1A3956D46DE8}") = "1.2 Inheritance - Exercise", "1.2 Inheritance - Exercise", "{DD5C345E-E1AC-4880-1FC0-21B4B9070DA7}"
EndProject
Project("{FAE04EC0-301F-11D3-BF4B-00C04F79EFBC}") = "Person", "1.2 Inheritance - Exercise\01. Person\Person.csproj", "{B51C3E3F-2F6C-4C49-A975-1F1B25B7127B}"
EndProject
Project("{2150E333-8FDC-42A3-9474-1A3956D46DE8}") = "1.1 Inheritance - Lab", "1.1 Inheritance - Lab", "{8A6B2106-0286-13FB-2F28-CAB4F2D812B0}"
EndProject
Project("{FAE04EC0-301F-11D3-BF4B-00C04F79EFBC}") = "Farm", "1.1 Inheritance - Lab\Farm\Farm.csproj", "{D6C574CD-3B6B-46CB-9860-2CBD35512627}"
EndProject
Project("{FAE04EC0-301F-11D3-BF4B-00C04F79EFBC}") = "CustomRandomList", "1.1 Inheritance - Lab\CustomRandomList\CustomRandomList.csproj", "{EF60CD60-9694-4614-87CF-27C96A9A537D}"
EndProject
Project("{FAE04EC0-301F-11D3-BF4B-00C04F79EFBC}") = "CustomStack", "1.1 Inheritance - Lab\CustomStack\CustomStack.csproj", "{6B77B48A-99F0-4D24-99CD-3E53F913D274}"
EndProject
Project("{2150E333-8FDC-42A3-9474-1A3956D46DE8}") = "General", "General", "{F62A1F54-8B3F-A229-359C-38C30772E0B0}"
EndProject
Project("{FAE04EC0-301F-11D3-BF4B-00C04F79EFBC}") = "Plan", "General\Plan\Plan.csproj", "{EB764BAA-4356-4233-9D59-6267AD4B5178}"
EndProject
Global
	GlobalSection(SolutionConfigurationPlatforms) = preSolution
		Debug|Any CPU = Debug|Any CPU
		Debug|x64 = Debug|x64
		Debug|x86 = Debug|x86
		Release|Any CPU = Release|Any CPU
		Release|x64 = Release|x64
		Release|x86 = Release|x86
	EndGlobalSection
	GlobalSection(ProjectConfigurationPlatforms) = postSolution
		{B51C3E3F-2F6C-4C49-A975-1F1B25B7127B}.Debug|Any CPU.ActiveCfg = Debug|Any CPU
		{B51C3E3F-2F6C-4C49-A975-1F1B25B7127B}.Debug|Any CPU.Build.0 = Debug|Any CPU
		{B51C3E3F-2F6C-4C49-A975-1F1B25B7127B}.Debug|x64.ActiveCfg = Debug|Any CPU
		{B51C3E3F-2F6C-4C49-A975-1F1B25B7127B}.Debug|x64.Build.0 = Debug|Any CPU
		{B51C3E3F-2F6C-4C49-A975-1F1B25B7127B}.Debug|x86.ActiveCfg = Debug|Any CPU
		{B51C3E3F-2F6C-4C49-A975-1F1B25B7127B}.Debug|x86.Build.0 = Debug|Any CPU
		{B51C3E3F-2F6C-4C49-A975-1F1B25B7127B}.Release|Any CPU.ActiveCfg = Release|Any CPU
		{B51C3E3F-2F6C-4C49-A975-1F1B25B7127B}.Release|Any CPU.Build.0 = Release|Any CPU
		{B51C3E3F-2F6C-4C49-A975-1F1B25B7127B}.Release|x64.ActiveCfg = Release|Any CPU
		{B51C3E3F-2F6C-4C49-A975-1F1B25B7127B}.Release|x64.Build.0 = Release|Any CPU
		{B51C3E3F-2F6C-4C49-A975-1F1B25B7127B}.Release|x86.ActiveCfg = Release|Any CPU
		{B51C3E3F-2F6C-4C49-A975-1F1B25B7127B}.Release|x86.Build.0 = Release|Any CPU
		{D6C574CD-3B6B-46CB-9860-2CBD35512627}.Debug|Any CPU.ActiveCfg = Debug|Any CPU
		{D6C574CD-3B6B-46CB-9860-2CBD35512627}.Debug|Any CPU.Build.0 = Debug|Any CPU
		{D6C574CD-3B6B-46CB-9860-2CBD35512627}.Debug|x64.ActiveCfg = Debug|Any CPU
		{D6C574CD-3B6B-46CB-9860-2CBD35512627}.Debug|x64.Build.0 = Debug|Any CPU
		{D6C574CD-3B6B-46CB-9860-2CBD35512627}.Debug|x86.ActiveCfg = Debug|Any CPU
		{D6C574CD-3B6B-46CB-9860-2CBD35512627}.Debug|x86.Build.0 = Debug|Any CPU
		{D6C574CD-3B6B-46CB-9860-2CBD35512627}.Release|Any CPU.ActiveCfg = Release|Any CPU
		{D6C574CD-3B6B-46CB-9860-2CBD35512627}.Release|Any CPU.Build.0 = Release|Any CPU
		{D6C574CD-3B6B-46CB-9860-2CBD35512627}.Release|x64.ActiveCfg = Release|Any CPU
		{D6C574CD-3B6B-46CB-9860-2CBD35512627}.Release|x64.Build.0 = Release|Any CPU
		{D6C574CD-3B6B-46CB-9860-2CBD35512627}.Release|x86.ActiveCfg = Release|Any CPU
		{D6C574CD-3B6B-46CB-9860-2CBD35512627}.Release|x86.Build.0 = Release|Any CPU
		{EF60CD60-9694-4614-87CF-27C96A9A537D}.Debug|Any CPU.ActiveCfg = Debug|Any CPU
		{EF60CD60-9694-4614-87CF-27C96A9A537D}.Debug|Any CPU.Build.0 = Debug|Any CPU
		{EF60CD60-9694-4614-87CF-27C96A9A537D}.Debug|x64.ActiveCfg = Debug|Any CPU
		{EF60CD60-9694-4614-87CF-27C96A9A537D}.Debug|x64.Build.0 = Debug|Any CPU
		{EF60CD60-9694-4614-87CF-27C96A9A537D}.Debug|x86.ActiveCfg = Debug|Any CPU
		{EF60CD60-9694-4614-87CF-27C96A9A537D}.Debug|x86.Build.0 = Debug|Any CPU
		{EF60CD60-9694-4614-87CF-27C96A9A537D}.Release|Any CPU.ActiveCfg = Release|Any CPU
		{EF60CD60-9694-4614-87CF-27C96A9A537D}.Release|Any CPU.Build.0 = Release|Any CPU
		{EF60CD60-9694-4614-87CF-27C96A9A537D}.Release|x64.ActiveCfg = Release|Any CPU
		{EF60CD60-9694-4614-87CF-27C96A9A537D}.Release|x64.Build.0 = Release|Any CPU
		{EF60CD60-9694-4614-87CF-27C96A9A537D}.Release|x86.ActiveCfg = Release|Any CPU
		{EF60CD60-9694-4614-87CF-27C96A9A537D}.Release|x86.Build.0 = Release|Any CPU
		{6B77B48A-99F0-4D24-99CD-3E53F913D274}.Debug|Any CPU.ActiveCfg = Debug|Any CPU
		{6B77B48A-99F0-4D24-99CD-3E53F913D274}.Debug|Any CPU.Build.0 = Debug|Any CPU
		{6B77B48A-99F0-4D24-99CD-3E53F913D274}.Debug|x64.ActiveCfg = Debug|Any CPU
		{6B77B48A-99F0-4D24-99CD-3E53F913D274}.Debug|x64.Build.0 = Debug|Any CPU
		{6B77B48A-99F0-4D24-99CD-3E53F913D274}.Debug|x86.ActiveCfg = Debug|Any CPU
		{6B77B48A-99F0-4D24-99CD-3E53F913D274}.Debug|x86.Build.0 = Debug|Any CPU
		{6B77B48A-99F0-4D24-99CD-3E53F913D274}.Release|Any CPU.ActiveCfg = Release|Any CPU
		{6B77B48A-99F0-4D24-99CD-3E53F913D274}.Release|Any CPU.Build.0 = Release|Any CPU
		{6B77B48A-99F0-4D24-99CD-3E53F913D274}.Release|x64.ActiveCfg = Release|Any CPU
		{6B77B48A-99F0-4D24-99CD-3E53F913D274}.Release|x64.Build.0 = Release|Any CPU
		{6B77B48A-99F0-4D24-99CD-3E53F913D274}.Release|x86.ActiveCfg = Release|Any CPU
		{6B77B48A-99F0-4D24-99CD-3E53F913D274}.Release|x86.Build.0 = Release|Any CPU
		{EB764BAA-4356-4233-9D59-6267AD4B5178}.Debug|Any CPU.ActiveCfg = Debug|Any CPU
		{EB764BAA-4356-4233-9D59-6267AD4B5178}.Debug|Any CPU.Build.0 = Debug|Any CPU
		{EB764BAA-4356-4233-9D59-6267AD4B5178}.Debug|x64.ActiveCfg = Debug|Any CPU
		{EB764BAA-4356-4233-9D59-6267AD4B5178}.Debug|x64.Build.0 = Debug|Any CPU
		{EB764BAA-4356-4233-9D59-6267AD4B5178}.Debug|x86.ActiveCfg = Debug|Any CPU
		{EB764BAA-4356-4233-9D59-6267AD4B5178}.Debug|x86.Build.0 = Debug|Any CPU
		{EB764BAA-4356-4233-9D59-6267AD4B5178}.Release|Any CPU.ActiveCfg = Release|Any CPU
		{EB764BAA-4356-4233-9D59-6267AD4B5178}.Release|Any CPU.Build.0 = Release|Any CPU
		{EB764BAA-4356-4233-9D59-6267AD4B5178}.Release|x64.ActiveCfg = Release|Any CPU
		{EB764BAA-4356-4233-9D59-6267AD4B5178}.Release|x64.Build.0 = Release|Any CPU
		{EB764BAA-4356-4233-9D59-6267AD4B5178}.Release|x86.ActiveCfg = Release|Any CPU
		{EB764BAA-4356-4233-9D59-6267AD4B5178}.Release|x86.Build.0 = Release|Any CPU
	EndGlobalSection
	GlobalSection(SolutionProperties) = preSolution
		HideSolutionNode = FALSE
	EndGlobalSection
	GlobalSection(NestedProjects) = preSolution
		{B51C3E3F-2F6C-4C49-A975-1F1B25B7127B} = {DD5C345E-E1AC-4880-1FC0-21B4B9070DA7}
		{D6C574CD-3B6B-46CB-9860-2CBD35512627} = {8A6B2106-0286-13FB-2F28-CAB4F2D812B0}
		{EF60CD60-9694-4614-87CF-27C96A9A537D} = {8A6B2106-0286-13FB-2F28-CAB4F2D812B0}
		{6B77B48A-99F0-4D24-99CD-3E53F913D274} = {8A6B2106-0286-13FB-2F28-CAB4F2D812B0}
		{EB764BAA-4356-4233-9D59-6267AD4B5178} = {F62A1F54-8B3F-A229-359C-38C30772E0B0}
	EndGlobalSection
EndGlobal
