<Solution>
  <Folder Name="/1. ASP.NET Core Basics - Exercise/">
    <Project Path="1. ASP.NET Core Basics - Exercise/MVC-Tutorial/MVC-Tutorial.csproj" />
  </Folder>
  <Folder Name="/2. Controllers and Routing - Exercise/">
    <Project Path="2. Controllers and Routing - Exercise/GarageApp/GarageApp.csproj" />
  </Folder>
  <Folder Name="/3. Razor Views and Layouts - Exercise/">
    <Project Path="3. Razor Views and Layouts - Exercise/BookShelf/BookShelf.csproj" />
  </Folder>
  <Folder Name="/4. Model Binding and Validation - Exercise/">
    <Project Path="4. Model Binding and Validation - Exercise/EventManager/EventManager.csproj" />
  </Folder>
  <Folder Name="/5. URLs and Views - Exercise/">
    <Project Path="5. URLs and Views - Exercise/GameZone/GameZone.csproj" />
  </Folder>
  <Folder Name="/Workshop/">
    <Project Path="Workshop/Homies/Homies.csproj" />
  </Folder>
  <Project Path="MVC-Demo/MVC-Demo.csproj" />
</Solution>
